// !$*UTF8*$!
{
	archiveVersion = 1;
	classes = {
	};
	objectVersion = 63;
	objects = {

/* Begin PBXBuildFile section */
		035AE05ACD80429F80EE9FCF /* ImageAnalysisError.swift in Sources */ = {isa = PBXBuildFile; fileRef = 63D8B193A40F2C6B86544A40 /* ImageAnalysisError.swift */; };
		07F1D902037AAFE4BB7CF03F /* ImageAnalysisConfiguration.swift in Sources */ = {isa = PBXBuildFile; fileRef = 5304B73481AD7AAA4CBEFB5E /* ImageAnalysisConfiguration.swift */; };
		0E2C0590E01037DE122C6D46 /* ModelsStore.swift in Sources */ = {isa = PBXBuildFile; fileRef = AA2B236333A555B822D41D3D /* ModelsStore.swift */; };
		0E38E6FD1933BBDA3CFA4B7D /* HotSlotModelPicker.swift in Sources */ = {isa = PBXBuildFile; fileRef = CCA1081C0811F4592D1C0CA6 /* HotSlotModelPicker.swift */; };
		109D246960B1A759BFD6F7E7 /* NetworkFirewallModifier.swift in Sources */ = {isa = PBXBuildFile; fileRef = A602C84A80EBCA075A2804CE /* NetworkFirewallModifier.swift */; };
		12335C3DECED144718B5B8E9 /* SmartModelPicker.swift in Sources */ = {isa = PBXBuildFile; fileRef = EEEBC936A480A54E9AF67EC0 /* SmartModelPicker.swift */; };
		12FE633F4194A00E065F075B /* MLXVLM in Frameworks */ = {isa = PBXBuildFile; productRef = 72D2761A7056D9B5D2DD38AF /* MLXVLM */; };
		16710185EB2D4F5BCBE3361B /* NetworkFirewallProtocol.swift in Sources */ = {isa = PBXBuildFile; fileRef = BA521D593363B31DCEA57E75 /* NetworkFirewallProtocol.swift */; };
		17A84A121F8E37B90EAE73BC /* MedicalAIService.swift in Sources */ = {isa = PBXBuildFile; fileRef = 382CE83ECEB0736D4ECEDB6E /* MedicalAIService.swift */; };
		1807773E9FF774789EBDB576 /* ChatMessage.swift in Sources */ = {isa = PBXBuildFile; fileRef = F2C77CB5AF6C4202FD8D7161 /* ChatMessage.swift */; };
		19B1A0FE8810C9B522FD6802 /* PersistenceHelpers.swift in Sources */ = {isa = PBXBuildFile; fileRef = 3F6E15837690B043BAC29AEA /* PersistenceHelpers.swift */; };
		1AE6BB45FF00838D1BA23853 /* ModelMemoryTracker.swift in Sources */ = {isa = PBXBuildFile; fileRef = 9EADD445CBEADCED36E0BFC8 /* ModelMemoryTracker.swift */; };
		1B546327F293BE4111D91AAE /* NetworkSelector.swift in Sources */ = {isa = PBXBuildFile; fileRef = 899B24D66F709DDDC3DCB565 /* NetworkSelector.swift */; };
		1F6EAB9F28E04038A882AD5B /* MedicalPanel.swift in Sources */ = {isa = PBXBuildFile; fileRef = 2A1A5AD70262BAF9324059A6 /* MedicalPanel.swift */; };
		20B234B0C03BAF042BFB0F99 /* MLXLLM in Frameworks */ = {isa = PBXBuildFile; productRef = 9F38465A3A49EE4946E70EC3 /* MLXLLM */; };
		267C9D291CE032639DC7D8B9 /* MedicalWorkflowEngine.swift in Sources */ = {isa = PBXBuildFile; fileRef = CB7EE6AB926CC9931B4A3194 /* MedicalWorkflowEngine.swift */; };
		284B09009A694A4E0263B311 /* ContentView.swift in Sources */ = {isa = PBXBuildFile; fileRef = DE1C4B939DAC9084AC244415 /* ContentView.swift */; };
		2CAAB0235B280B8F934AB6DC /* WorkspaceAIContext.swift in Sources */ = {isa = PBXBuildFile; fileRef = E00F333EA299B4551AB9BC16 /* WorkspaceAIContext.swift */; };
		2D249A38C6217439AC65F7FD /* ModelManagementSettingsView.swift in Sources */ = {isa = PBXBuildFile; fileRef = 97F5B6BD28E3E63F27E5814B /* ModelManagementSettingsView.swift */; };
		31348DC1F126C1731C7ABB0D /* MedicalBenchmarkHarness.swift in Sources */ = {isa = PBXBuildFile; fileRef = D54F86CA1675C85DFD119DAC /* MedicalBenchmarkHarness.swift */; };
		33A28A605AE75CD2FDB67907 /* SettingsView.swift in Sources */ = {isa = PBXBuildFile; fileRef = 0555CDE5ACABDDEA3DA1834D /* SettingsView.swift */; };
		34D17A8C6A575E21E799C789 /* FeatureFlags.swift in Sources */ = {isa = PBXBuildFile; fileRef = 13E0C99BC6B5DA99C7E736F9 /* FeatureFlags.swift */; };
		37B821D5B8B4119547475D39 /* MedStationMenuCommands.swift in Sources */ = {isa = PBXBuildFile; fileRef = 11970ED33E68EE3B1CB4A95B /* MedStationMenuCommands.swift */; };
		37FAF85FC3C03F64FE7B4A12 /* ModelManagerWindow.swift in Sources */ = {isa = PBXBuildFile; fileRef = CD53880E5B027D1C96DC1015 /* ModelManagerWindow.swift */; };
		386686E1D022D59A6D890064 /* WorkspaceHubStore.swift in Sources */ = {isa = PBXBuildFile; fileRef = 7DEA8111BC92B124D5EAEB74 /* WorkspaceHubStore.swift */; };
		39C6CDAE9284E690C30A492F /* SettingsModels.swift in Sources */ = {isa = PBXBuildFile; fileRef = 0DE77C93F16A443863D97E0F /* SettingsModels.swift */; };
		3DD43A6B8B867C99F2748680 /* AnyCodable.swift in Sources */ = {isa = PBXBuildFile; fileRef = 3C43BE9932839FA382D0D3E3 /* AnyCodable.swift */; };
		3E41FF83BF9967D551633828 /* MLXLMCommon in Frameworks */ = {isa = PBXBuildFile; productRef = 298E3BE8C122A23BEA7AC599 /* MLXLMCommon */; };
		3E80991188D85C090BAD3490 /* HeaderComponents.swift in Sources */ = {isa = PBXBuildFile; fileRef = 429D932B87D6E409CE393426 /* HeaderComponents.swift */; };
		4737B4B41C386A6ED774A00E /* DetectedObject.swift in Sources */ = {isa = PBXBuildFile; fileRef = 7FA60C88459D995051F0EBCF /* DetectedObject.swift */; };
		49B611C45BCEBAD7F7753811 /* MedicalModels.swift in Sources */ = {isa = PBXBuildFile; fileRef = 05C323504A6C8B3A9281E33B /* MedicalModels.swift */; };
		49D40145EA2453D34EE1C92F /* HotSlotSettingsView.swift in Sources */ = {isa = PBXBuildFile; fileRef = 52CE1F2E60F79F1F09E83158 /* HotSlotSettingsView.swift */; };
		4A4FE9AC52DA823CDA003F6D /* DepthMapResult.swift in Sources */ = {isa = PBXBuildFile; fileRef = 7F607698CB740BA6C1D2CC50 /* DepthMapResult.swift */; };
		4AFD790D2177B69A61C14156 /* ModelEvictionDialog.swift in Sources */ = {isa = PBXBuildFile; fileRef = A297483D4FC976FCBF15DA6D /* ModelEvictionDialog.swift */; };
		4B7B03C911A1FE88F436FE26 /* Header.swift in Sources */ = {isa = PBXBuildFile; fileRef = DE345BE95ADE21BA7A328F2B /* Header.swift */; };
		4BC3E1959C0CC170CB5D2AED /* HubConstants.swift in Sources */ = {isa = PBXBuildFile; fileRef = 6675168F14B4574BC50E9638 /* HubConstants.swift */; };
		50809FB4E77FE462E56CB89E /* WelcomeView.swift in Sources */ = {isa = PBXBuildFile; fileRef = 830544C49F1EB998F74E3B04 /* WelcomeView.swift */; };
		5117EAC0730703035BC87B9F /* FeaturesSettingsView.swift in Sources */ = {isa = PBXBuildFile; fileRef = 14B1FC01816EAF1179D497CF /* FeaturesSettingsView.swift */; };
		594D0496E39261E56B55AF8B /* NotificationExtensions.swift in Sources */ = {isa = PBXBuildFile; fileRef = 4D708E64D8DABC00596F492C /* NotificationExtensions.swift */; };
		5C49A9FB2127D28AE26951D5 /* SetupWizardView.swift in Sources */ = {isa = PBXBuildFile; fileRef = 92828E9690B006E31E096F7F /* SetupWizardView.swift */; };
		641777D576CBAC6F784CCAC6 /* ModelSelectorMenu.swift in Sources */ = {isa = PBXBuildFile; fileRef = B0A7B8AFD112D2ABECDB68A5 /* ModelSelectorMenu.swift */; };
		679141AAF862D78CA2C45648 /* NetworkApprovalModal.swift in Sources */ = {isa = PBXBuildFile; fileRef = EB7B8FBC4BA4BC00438CB3B4 /* NetworkApprovalModal.swift */; };
		68069CC543A7B0F5DBC1E6D6 /* HotSlotCard.swift in Sources */ = {isa = PBXBuildFile; fileRef = D7D7794B64D12FFC4D22C633 /* HotSlotCard.swift */; };
		68C239F56C4B79090098CD51 /* LoadingView.swift in Sources */ = {isa = PBXBuildFile; fileRef = 8F4DD7ADB85895ACA830AEFD /* LoadingView.swift */; };
		70250E6DFA91423A9D8A0E80 /* MedicalSafetyGuard.swift in Sources */ = {isa = PBXBuildFile; fileRef = C4C948AB23F32185398E0FB5 /* MedicalSafetyGuard.swift */; };
		723EA8847690343D436A11CF /* AppLifecycleManager.swift in Sources */ = {isa = PBXBuildFile; fileRef = CAF3C0125AA1DE37D2709113 /* AppLifecycleManager.swift */; };
		72AA3D2A40E9B40B097A5B0E /* DetachedAIWindow.swift in Sources */ = {isa = PBXBuildFile; fileRef = 6D16B61C27F2D999C363C5D5 /* DetachedAIWindow.swift */; };
		736F23AC960EC4F1DAE9F6A0 /* APISettingsView.swift in Sources */ = {isa = PBXBuildFile; fileRef = C904B3FD97D2623F7707932E /* APISettingsView.swift */; };
		73DB400E284A6F59981BCD35 /* OllamaAPIModels.swift in Sources */ = {isa = PBXBuildFile; fileRef = 6F44E90AD921208206A4691B /* OllamaAPIModels.swift */; };
		74E44D415A7F9DC921CACDE0 /* BackendManager.swift in Sources */ = {isa = PBXBuildFile; fileRef = DD46DA331B96F9D7931A9944 /* BackendManager.swift */; };
		756029EEE067B820D2B5FD8F /* WorkspaceContextModels.swift in Sources */ = {isa = PBXBuildFile; fileRef = DF87911A41D577321D9C87D0 /* WorkspaceContextModels.swift */; };
		79F6FA529E6CFE5497C5B2CC /* ThreePaneLayout.swift in Sources */ = {isa = PBXBuildFile; fileRef = 0E214C822D7BAF8E67336727 /* ThreePaneLayout.swift */; };
		7A19DEAC69C27F62C75EF737 /* OllamaService.swift in Sources */ = {isa = PBXBuildFile; fileRef = 60D3DB9388AB87BAE6808C7D /* OllamaService.swift */; };
		7DD806863CE1FDE54E7AEB5F /* VisionAnalysisLayer.swift in Sources */ = {isa = PBXBuildFile; fileRef = 0912AABA2B90345CC4DAA279 /* VisionAnalysisLayer.swift */; };
		8576EF5AC70D7FD9EC85C023 /* ImageAnalysisCache.swift in Sources */ = {isa = PBXBuildFile; fileRef = AB990A211FDCAE2F529C5649 /* ImageAnalysisCache.swift */; };
		87AC91711BE8494C52DC1524 /* Colors.swift in Sources */ = {isa = PBXBuildFile; fileRef = 35C17D9C1722F2E28A8F923C /* Colors.swift */; };
		889AF6CF570779499548FA41 /* TwoPaneLayout.swift in Sources */ = {isa = PBXBuildFile; fileRef = AF6EB3CAE69350FED0F1F848 /* TwoPaneLayout.swift */; };
		88FBEB09C32F9DEA78FD567B /* StructuredImageDescription.swift in Sources */ = {isa = PBXBuildFile; fileRef = 9FBB5C57F4A8389C763949FB /* StructuredImageDescription.swift */; };
		8B7C91A0D27DC06DC6372132 /* ImageAnalysisResult.swift in Sources */ = {isa = PBXBuildFile; fileRef = D137A75E7A736996FB569D62 /* ImageAnalysisResult.swift */; };
		908A8C515E63D46AD40267B8 /* GeneralSettingsView.swift in Sources */ = {isa = PBXBuildFile; fileRef = CFDBF4C52275B1E8A7B63E43 /* GeneralSettingsView.swift */; };
		93F2DAE4506EF351B551615F /* BiometricAuthService.swift in Sources */ = {isa = PBXBuildFile; fileRef = 7BE14825C47C81C5E47140D5 /* BiometricAuthService.swift */; };
		9478D1D249E85E0ACA692F4D /* EmptyState.swift in Sources */ = {isa = PBXBuildFile; fileRef = 69505A6D37140AE40A44FD1E /* EmptyState.swift */; };
		9567EB5AF9A8C73D29DD0EA6 /* APIClient.swift in Sources */ = {isa = PBXBuildFile; fileRef = 7F77D79421B014D8C65EC2CF /* APIClient.swift */; };
		988714691A13F8E5B18FC426 /* SettingsService.swift in Sources */ = {isa = PBXBuildFile; fileRef = 425ABB43E57B31BA42813082 /* SettingsService.swift */; };
		9ED9CA1D402AC1E882E393F8 /* HotSlotManager.swift in Sources */ = {isa = PBXBuildFile; fileRef = 34949B288094544DEF2D8C0A /* HotSlotManager.swift */; };
		9FD6F2F6BF58B093259B2C69 /* ChatService.swift in Sources */ = {isa = PBXBuildFile; fileRef = 54CB7B722F609A8CEE1EF5E6 /* ChatService.swift */; };
		A53904C7A390B41791D8C313 /* StructuredOutputLayer.swift in Sources */ = {isa = PBXBuildFile; fileRef = EF34AFDEC7C79858D3E74F26 /* StructuredOutputLayer.swift */; };
		A83D67AEEC4CA83283363D6F /* DepthEstimationLayer.swift in Sources */ = {isa = PBXBuildFile; fileRef = 88255951B00E152AC8CBD3DD /* DepthEstimationLayer.swift */; };
		A9A02F396EEFB844EAD5C5C1 /* AuthStore.swift in Sources */ = {isa = PBXBuildFile; fileRef = 1525AC9725A0B12CCC082B55 /* AuthStore.swift */; };
		AE0BFFDF02B0EC08F0098E79 /* WorkspaceType.swift in Sources */ = {isa = PBXBuildFile; fileRef = 75A6BA3E55E7E881C72558EE /* WorkspaceType.swift */; };
		B3300413D66F5B7AC05D86E6 /* AuthService.swift in Sources */ = {isa = PBXBuildFile; fileRef = E7706D1DFC5EFCB8AE355AEA /* AuthService.swift */; };
		B3D7475A672A06BE5F995218 /* APIConfiguration.swift in Sources */ = {isa = PBXBuildFile; fileRef = BBFA6866C6061CC11493D8B3 /* APIConfiguration.swift */; };
		B743154E3A55B63A0611D389 /* WindowOpener.swift in Sources */ = {isa = PBXBuildFile; fileRef = 0534CF9C6D5527CC769697C8 /* WindowOpener.swift */; };
		B81C9D91CAEF69518ED0291E /* Assets.xcassets in Resources */ = {isa = PBXBuildFile; fileRef = 8B619E4AE4B641261F346C7F /* Assets.xcassets */; };
		BC77E9D8E404C9AE2151500E /* DocumentContent.swift in Sources */ = {isa = PBXBuildFile; fileRef = 3A31256991C2A8B7FE0D30A1 /* DocumentContent.swift */; };
		BD565FE213C88BBED533FA8C /* WorkspacePanelType.swift in Sources */ = {isa = PBXBuildFile; fileRef = 4F2FBF751BE0A67800B42A08 /* WorkspacePanelType.swift */; };
		BD7253C573C97E44DCD6BE0A /* GlassButton.swift in Sources */ = {isa = PBXBuildFile; fileRef = 5C5B7D185B4D1BE3FF14F5F6 /* GlassButton.swift */; };
		C39387A4041537956C59BAFC /* LiquidGlassPanel.swift in Sources */ = {isa = PBXBuildFile; fileRef = 842DAEC1F81C99999F03FF53 /* LiquidGlassPanel.swift */; };
		C452A97AB912684D90FC49A1 /* SystemCapabilityService.swift in Sources */ = {isa = PBXBuildFile; fileRef = BE4B483D4F2FD8302464C091 /* SystemCapabilityService.swift */; };
		C6020378836FDF9D943074EB /* PatientCheckInFlow.swift in Sources */ = {isa = PBXBuildFile; fileRef = 106E5D636FD571E9887F4C1B /* PatientCheckInFlow.swift */; };
		C6B5A4F3E2D1C0B9A8F7E6D5 /* ModelDownloadView.swift in Sources */ = {isa = PBXBuildFile; fileRef = D5E6F7A8B9C0D1E2F3A4B5C6 /* ModelDownloadView.swift */; };
		CC78264695601C8523F8C86A /* MedicalAuditLogger.swift in Sources */ = {isa = PBXBuildFile; fileRef = C20783086988DF8E1B36FBBA /* MedicalAuditLogger.swift */; };
		CEC782ABFCA4466D33FEB7FD /* PlatformImage.swift in Sources */ = {isa = PBXBuildFile; fileRef = F00DCE31D7D96B62EB1DEC20 /* PlatformImage.swift */; };
		CF6350935B00933231F0928A /* ModelTag.swift in Sources */ = {isa = PBXBuildFile; fileRef = 7E2302451F52FDB76E564AFE /* ModelTag.swift */; };
		D0B89B8ADF063C803C24BE7F /* WorkspaceDocument.swift in Sources */ = {isa = PBXBuildFile; fileRef = 9B62DDC746D79302C3359D56 /* WorkspaceDocument.swift */; };
		D10E22AE371E4C5F2EF076B9 /* CoreMLModelManager.swift in Sources */ = {isa = PBXBuildFile; fileRef = EE6F0F7525B459A60D81E462 /* CoreMLModelManager.swift */; };
		D3A6AD3D1233089A4ED1580B /* ObjectDetectionLayer.swift in Sources */ = {isa = PBXBuildFile; fileRef = EA88D14C2F6E59E331F8FDD1 /* ObjectDetectionLayer.swift */; };
		D78CBF31D81B3A75DF6E2ABD /* ContextBundle.swift in Sources */ = {isa = PBXBuildFile; fileRef = E92ADDC7ED56CA937C1974B8 /* ContextBundle.swift */; };
		D872CB38E1288F7812CE7B1D /* ImageAnalysisService.swift in Sources */ = {isa = PBXBuildFile; fileRef = 1454F3DB96A890F12B622AF7 /* ImageAnalysisService.swift */; };
		DC767AE31481FE604BEB72E8 /* SettingsStore.swift in Sources */ = {isa = PBXBuildFile; fileRef = AF89BCC489D299A243B63D72 /* SettingsStore.swift */; };
		DD9D69C4A0120B5DA3A08488 /* AppearanceSettingsView.swift in Sources */ = {isa = PBXBuildFile; fileRef = 45D761DB19ECDB8C76F1D854 /* AppearanceSettingsView.swift */; };
		E159D942DF6B137441FBEBE1 /* SecuritySettingsView.swift in Sources */ = {isa = PBXBuildFile; fileRef = C60376A5D97663F9350DE53C /* SecuritySettingsView.swift */; };
		E2C6B1B1789DBC7BF7BF3823 /* Logger.swift in Sources */ = {isa = PBXBuildFile; fileRef = DD7CAA6EA73E35A7F0B3F9E7 /* Logger.swift */; };
		E65EDDCF022977AA1854B1AA /* MedStationApp.swift in Sources */ = {isa = PBXBuildFile; fileRef = 0369ADDFF9623D901CC8207E /* MedStationApp.swift */; };
		E725D00242F1653B7715C11A /* WorkspaceSidebarView.swift in Sources */ = {isa = PBXBuildFile; fileRef = A95C705B78E8B4CC6C5AD068 /* WorkspaceSidebarView.swift */; };
		E8E0336CBB99E532C5484361 /* NavigationStore.swift in Sources */ = {isa = PBXBuildFile; fileRef = E0B5547ECD973EFF39678E79 /* NavigationStore.swift */; };
		EBFCB595C54024DFB31B5D56 /* ChatStore.swift in Sources */ = {isa = PBXBuildFile; fileRef = E62FD8B9DE028C44A2F0816E /* ChatStore.swift */; };
		EFBA62F8E6B41580CE0730B2 /* User.swift in Sources */ = {isa = PBXBuildFile; fileRef = 5A9CA03F945469535A06F816 /* User.swift */; };
		F01317486482F3B412F60382 /* SegmentationMask.swift in Sources */ = {isa = PBXBuildFile; fileRef = 77EDA03046F4758C75D8EFE9 /* SegmentationMask.swift */; };
		F022EFDF45C31A5A57071299 /* KeychainManager.swift in Sources */ = {isa = PBXBuildFile; fileRef = B462A62F24C04C9E66B2D0CD /* KeychainManager.swift */; };
		F126A782250464F48C683AE2 /* SecurityManager.swift in Sources */ = {isa = PBXBuildFile; fileRef = CE2897C73BD964D538CE5064 /* SecurityManager.swift */; };
		F2E1D0C9B8A7F6E5D4C3B2A1 /* MLXInferenceEngine.swift in Sources */ = {isa = PBXBuildFile; fileRef = A1B2C3D4E5F6A7B8C9D0E1F2 /* MLXInferenceEngine.swift */; };
		F56E74F68E00EE523A42D91D /* SegmentationLayer.swift in Sources */ = {isa = PBXBuildFile; fileRef = AA1DDA992AB0F3882DB8A414 /* SegmentationLayer.swift */; };
		F5E382067756376B526DDCE2 /* WorkspaceHub.swift in Sources */ = {isa = PBXBuildFile; fileRef = F3036B202E403CF506FF41EA /* WorkspaceHub.swift */; };
		F651D6999C31E2820131493B /* ModelRoutingDecision.swift in Sources */ = {isa = PBXBuildFile; fileRef = BBEDFB7B2D985874FF75A025 /* ModelRoutingDecision.swift */; };
		F6C62E183D3A7BFAC167FBB7 /* KeychainService.swift in Sources */ = {isa = PBXBuildFile; fileRef = 52C76141562CFC92FAE8DCBC /* KeychainService.swift */; };
		F7311D2EB2ED282D984682B3 /* TranscriptionService.swift in Sources */ = {isa = PBXBuildFile; fileRef = 77673FEFF9923930B4DDB261 /* TranscriptionService.swift */; };
		F86ECC6181104A3E4A8F8A37 /* ChatModels.swift in Sources */ = {isa = PBXBuildFile; fileRef = AC1691A4FABDB5FFA5DE389E /* ChatModels.swift */; };
		FC858F44944F9D72732CE78E /* SidebarTabs.swift in Sources */ = {isa = PBXBuildFile; fileRef = 74E71FF93100B92638C55297 /* SidebarTabs.swift */; };
		FEF16B607684CD1A46FDCEF5 /* SettingsHelpers.swift in Sources */ = {isa = PBXBuildFile; fileRef = 283A8238A24AA77FAD197EF3 /* SettingsHelpers.swift */; };
/* End PBXBuildFile section */

/* Begin PBXFileReference section */
		0369ADDFF9623D901CC8207E /* MedStationApp.swift */ = {isa = PBXFileReference; lastKnownFileType = sourcecode.swift; path = MedStationApp.swift; sourceTree = "<group>"; };
		0534CF9C6D5527CC769697C8 /* WindowOpener.swift */ = {isa = PBXFileReference; lastKnownFileType = sourcecode.swift; path = WindowOpener.swift; sourceTree = "<group>"; };
		0555CDE5ACABDDEA3DA1834D /* SettingsView.swift */ = {isa = PBXFileReference; lastKnownFileType = sourcecode.swift; path = SettingsView.swift; sourceTree = "<group>"; };
		05C323504A6C8B3A9281E33B /* MedicalModels.swift */ = {isa = PBXFileReference; includeInIndex = 1; lastKnownFileType = sourcecode.swift; path = MedicalModels.swift; sourceTree = "<group>"; };
		0912AABA2B90345CC4DAA279 /* VisionAnalysisLayer.swift */ = {isa = PBXFileReference; lastKnownFileType = sourcecode.swift; path = VisionAnalysisLayer.swift; sourceTree = "<group>"; };
		0DE77C93F16A443863D97E0F /* SettingsModels.swift */ = {isa = PBXFileReference; lastKnownFileType = sourcecode.swift; path = SettingsModels.swift; sourceTree = "<group>"; };
		0E214C822D7BAF8E67336727 /* ThreePaneLayout.swift */ = {isa = PBXFileReference; lastKnownFileType = sourcecode.swift; path = ThreePaneLayout.swift; sourceTree = "<group>"; };
		106E5D636FD571E9887F4C1B /* PatientCheckInFlow.swift */ = {isa = PBXFileReference; includeInIndex = 1; lastKnownFileType = sourcecode.swift; path = PatientCheckInFlow.swift; sourceTree = "<group>"; };
		11970ED33E68EE3B1CB4A95B /* MedStationMenuCommands.swift */ = {isa = PBXFileReference; lastKnownFileType = sourcecode.swift; path = MedStationMenuCommands.swift; sourceTree = "<group>"; };
		13E0C99BC6B5DA99C7E736F9 /* FeatureFlags.swift */ = {isa = PBXFileReference; lastKnownFileType = sourcecode.swift; path = FeatureFlags.swift; sourceTree = "<group>"; };
		1454F3DB96A890F12B622AF7 /* ImageAnalysisService.swift */ = {isa = PBXFileReference; lastKnownFileType = sourcecode.swift; path = ImageAnalysisService.swift; sourceTree = "<group>"; };
		14B1FC01816EAF1179D497CF /* FeaturesSettingsView.swift */ = {isa = PBXFileReference; lastKnownFileType = sourcecode.swift; path = FeaturesSettingsView.swift; sourceTree = "<group>"; };
		1525AC9725A0B12CCC082B55 /* AuthStore.swift */ = {isa = PBXFileReference; lastKnownFileType = sourcecode.swift; path = AuthStore.swift; sourceTree = "<group>"; };
		283A8238A24AA77FAD197EF3 /* SettingsHelpers.swift */ = {isa = PBXFileReference; lastKnownFileType = sourcecode.swift; path = SettingsHelpers.swift; sourceTree = "<group>"; };
		2A1A5AD70262BAF9324059A6 /* MedicalPanel.swift */ = {isa = PBXFileReference; includeInIndex = 1; lastKnownFileType = sourcecode.swift; path = MedicalPanel.swift; sourceTree = "<group>"; };
		2C969A3D6C92097E6DF1F837 /* MedStation.app */ = {isa = PBXFileReference; explicitFileType = wrapper.application; includeInIndex = 0; path = MedStation.app; sourceTree = BUILT_PRODUCTS_DIR; };
		34949B288094544DEF2D8C0A /* HotSlotManager.swift */ = {isa = PBXFileReference; lastKnownFileType = sourcecode.swift; path = HotSlotManager.swift; sourceTree = "<group>"; };
		35C17D9C1722F2E28A8F923C /* Colors.swift */ = {isa = PBXFileReference; lastKnownFileType = sourcecode.swift; path = Colors.swift; sourceTree = "<group>"; };
		382CE83ECEB0736D4ECEDB6E /* MedicalAIService.swift */ = {isa = PBXFileReference; includeInIndex = 1; lastKnownFileType = sourcecode.swift; path = MedicalAIService.swift; sourceTree = "<group>"; };
		3A31256991C2A8B7FE0D30A1 /* DocumentContent.swift */ = {isa = PBXFileReference; lastKnownFileType = sourcecode.swift; path = DocumentContent.swift; sourceTree = "<group>"; };
		3C43BE9932839FA382D0D3E3 /* AnyCodable.swift */ = {isa = PBXFileReference; lastKnownFileType = sourcecode.swift; path = AnyCodable.swift; sourceTree = "<group>"; };
		3F6E15837690B043BAC29AEA /* PersistenceHelpers.swift */ = {isa = PBXFileReference; includeInIndex = 1; lastKnownFileType = sourcecode.swift; path = PersistenceHelpers.swift; sourceTree = "<group>"; };
		425ABB43E57B31BA42813082 /* SettingsService.swift */ = {isa = PBXFileReference; lastKnownFileType = sourcecode.swift; path = SettingsService.swift; sourceTree = "<group>"; };
		429D932B87D6E409CE393426 /* HeaderComponents.swift */ = {isa = PBXFileReference; lastKnownFileType = sourcecode.swift; path = HeaderComponents.swift; sourceTree = "<group>"; };
		45D761DB19ECDB8C76F1D854 /* AppearanceSettingsView.swift */ = {isa = PBXFileReference; lastKnownFileType = sourcecode.swift; path = AppearanceSettingsView.swift; sourceTree = "<group>"; };
		4D708E64D8DABC00596F492C /* NotificationExtensions.swift */ = {isa = PBXFileReference; lastKnownFileType = sourcecode.swift; path = NotificationExtensions.swift; sourceTree = "<group>"; };
		4F2FBF751BE0A67800B42A08 /* WorkspacePanelType.swift */ = {isa = PBXFileReference; includeInIndex = 1; lastKnownFileType = sourcecode.swift; path = WorkspacePanelType.swift; sourceTree = "<group>"; };
		52C76141562CFC92FAE8DCBC /* KeychainService.swift */ = {isa = PBXFileReference; lastKnownFileType = sourcecode.swift; path = KeychainService.swift; sourceTree = "<group>"; };
		52CE1F2E60F79F1F09E83158 /* HotSlotSettingsView.swift */ = {isa = PBXFileReference; lastKnownFileType = sourcecode.swift; path = HotSlotSettingsView.swift; sourceTree = "<group>"; };
		5304B73481AD7AAA4CBEFB5E /* ImageAnalysisConfiguration.swift */ = {isa = PBXFileReference; lastKnownFileType = sourcecode.swift; path = ImageAnalysisConfiguration.swift; sourceTree = "<group>"; };
		54CB7B722F609A8CEE1EF5E6 /* ChatService.swift */ = {isa = PBXFileReference; lastKnownFileType = sourcecode.swift; path = ChatService.swift; sourceTree = "<group>"; };
		5A9CA03F945469535A06F816 /* User.swift */ = {isa = PBXFileReference; lastKnownFileType = sourcecode.swift; path = User.swift; sourceTree = "<group>"; };
		5C5B7D185B4D1BE3FF14F5F6 /* GlassButton.swift */ = {isa = PBXFileReference; lastKnownFileType = sourcecode.swift; path = GlassButton.swift; sourceTree = "<group>"; };
		60D3DB9388AB87BAE6808C7D /* OllamaService.swift */ = {isa = PBXFileReference; lastKnownFileType = sourcecode.swift; path = OllamaService.swift; sourceTree = "<group>"; };
		63D8B193A40F2C6B86544A40 /* ImageAnalysisError.swift */ = {isa = PBXFileReference; lastKnownFileType = sourcecode.swift; path = ImageAnalysisError.swift; sourceTree = "<group>"; };
		6675168F14B4574BC50E9638 /* HubConstants.swift */ = {isa = PBXFileReference; includeInIndex = 1; lastKnownFileType = sourcecode.swift; path = HubConstants.swift; sourceTree = "<group>"; };
		69505A6D37140AE40A44FD1E /* EmptyState.swift */ = {isa = PBXFileReference; lastKnownFileType = sourcecode.swift; path = EmptyState.swift; sourceTree = "<group>"; };
		6D16B61C27F2D999C363C5D5 /* DetachedAIWindow.swift */ = {isa = PBXFileReference; includeInIndex = 1; lastKnownFileType = sourcecode.swift; path = DetachedAIWindow.swift; sourceTree = "<group>"; };
		6F44E90AD921208206A4691B /* OllamaAPIModels.swift */ = {isa = PBXFileReference; lastKnownFileType = sourcecode.swift; path = OllamaAPIModels.swift; sourceTree = "<group>"; };
		74E71FF93100B92638C55297 /* SidebarTabs.swift */ = {isa = PBXFileReference; lastKnownFileType = sourcecode.swift; path = SidebarTabs.swift; sourceTree = "<group>"; };
		758F62B637F9DF75E26BAB65 /* Info.plist */ = {isa = PBXFileReference; lastKnownFileType = text.plist; path = Info.plist; sourceTree = "<group>"; };
		75A6BA3E55E7E881C72558EE /* WorkspaceType.swift */ = {isa = PBXFileReference; lastKnownFileType = sourcecode.swift; path = WorkspaceType.swift; sourceTree = "<group>"; };
		77673FEFF9923930B4DDB261 /* TranscriptionService.swift */ = {isa = PBXFileReference; includeInIndex = 1; lastKnownFileType = sourcecode.swift; path = TranscriptionService.swift; sourceTree = "<group>"; };
		77EDA03046F4758C75D8EFE9 /* SegmentationMask.swift */ = {isa = PBXFileReference; lastKnownFileType = sourcecode.swift; path = SegmentationMask.swift; sourceTree = "<group>"; };
		7BE14825C47C81C5E47140D5 /* BiometricAuthService.swift */ = {isa = PBXFileReference; lastKnownFileType = sourcecode.swift; path = BiometricAuthService.swift; sourceTree = "<group>"; };
		7DEA8111BC92B124D5EAEB74 /* WorkspaceHubStore.swift */ = {isa = PBXFileReference; includeInIndex = 1; lastKnownFileType = sourcecode.swift; path = WorkspaceHubStore.swift; sourceTree = "<group>"; };
		7E2302451F52FDB76E564AFE /* ModelTag.swift */ = {isa = PBXFileReference; lastKnownFileType = sourcecode.swift; path = ModelTag.swift; sourceTree = "<group>"; };
		7F607698CB740BA6C1D2CC50 /* DepthMapResult.swift */ = {isa = PBXFileReference; lastKnownFileType = sourcecode.swift; path = DepthMapResult.swift; sourceTree = "<group>"; };
		7F77D79421B014D8C65EC2CF /* APIClient.swift */ = {isa = PBXFileReference; lastKnownFileType = sourcecode.swift; path = APIClient.swift; sourceTree = "<group>"; };
		7FA60C88459D995051F0EBCF /* DetectedObject.swift */ = {isa = PBXFileReference; lastKnownFileType = sourcecode.swift; path = DetectedObject.swift; sourceTree = "<group>"; };
		830544C49F1EB998F74E3B04 /* WelcomeView.swift */ = {isa = PBXFileReference; lastKnownFileType = sourcecode.swift; path = WelcomeView.swift; sourceTree = "<group>"; };
		842DAEC1F81C99999F03FF53 /* LiquidGlassPanel.swift */ = {isa = PBXFileReference; lastKnownFileType = sourcecode.swift; path = LiquidGlassPanel.swift; sourceTree = "<group>"; };
		88255951B00E152AC8CBD3DD /* DepthEstimationLayer.swift */ = {isa = PBXFileReference; lastKnownFileType = sourcecode.swift; path = DepthEstimationLayer.swift; sourceTree = "<group>"; };
		899B24D66F709DDDC3DCB565 /* NetworkSelector.swift */ = {isa = PBXFileReference; lastKnownFileType = sourcecode.swift; path = NetworkSelector.swift; sourceTree = "<group>"; };
		8B619E4AE4B641261F346C7F /* Assets.xcassets */ = {isa = PBXFileReference; includeInIndex = 1; lastKnownFileType = folder.assetcatalog; path = Assets.xcassets; sourceTree = "<group>"; };
		8F4DD7ADB85895ACA830AEFD /* LoadingView.swift */ = {isa = PBXFileReference; lastKnownFileType = sourcecode.swift; path = LoadingView.swift; sourceTree = "<group>"; };
		92828E9690B006E31E096F7F /* SetupWizardView.swift */ = {isa = PBXFileReference; lastKnownFileType = sourcecode.swift; path = SetupWizardView.swift; sourceTree = "<group>"; };
		97F5B6BD28E3E63F27E5814B /* ModelManagementSettingsView.swift */ = {isa = PBXFileReference; lastKnownFileType = sourcecode.swift; path = ModelManagementSettingsView.swift; sourceTree = "<group>"; };
		9B62DDC746D79302C3359D56 /* WorkspaceDocument.swift */ = {isa = PBXFileReference; includeInIndex = 1; lastKnownFileType = sourcecode.swift; path = WorkspaceDocument.swift; sourceTree = "<group>"; };
		9EADD445CBEADCED36E0BFC8 /* ModelMemoryTracker.swift */ = {isa = PBXFileReference; lastKnownFileType = sourcecode.swift; path = ModelMemoryTracker.swift; sourceTree = "<group>"; };
		9FBB5C57F4A8389C763949FB /* StructuredImageDescription.swift */ = {isa = PBXFileReference; lastKnownFileType = sourcecode.swift; path = StructuredImageDescription.swift; sourceTree = "<group>"; };
		A1B2C3D4E5F6A7B8C9D0E1F2 /* MLXInferenceEngine.swift */ = {isa = PBXFileReference; lastKnownFileType = sourcecode.swift; path = MLXInferenceEngine.swift; sourceTree = "<group>"; };
		A297483D4FC976FCBF15DA6D /* ModelEvictionDialog.swift */ = {isa = PBXFileReference; lastKnownFileType = sourcecode.swift; path = ModelEvictionDialog.swift; sourceTree = "<group>"; };
		A602C84A80EBCA075A2804CE /* NetworkFirewallModifier.swift */ = {isa = PBXFileReference; lastKnownFileType = sourcecode.swift; path = NetworkFirewallModifier.swift; sourceTree = "<group>"; };
		A95C705B78E8B4CC6C5AD068 /* WorkspaceSidebarView.swift */ = {isa = PBXFileReference; includeInIndex = 1; lastKnownFileType = sourcecode.swift; path = WorkspaceSidebarView.swift; sourceTree = "<group>"; };
		AA1DDA992AB0F3882DB8A414 /* SegmentationLayer.swift */ = {isa = PBXFileReference; lastKnownFileType = sourcecode.swift; path = SegmentationLayer.swift; sourceTree = "<group>"; };
		AA2B236333A555B822D41D3D /* ModelsStore.swift */ = {isa = PBXFileReference; lastKnownFileType = sourcecode.swift; path = ModelsStore.swift; sourceTree = "<group>"; };
		AB990A211FDCAE2F529C5649 /* ImageAnalysisCache.swift */ = {isa = PBXFileReference; lastKnownFileType = sourcecode.swift; path = ImageAnalysisCache.swift; sourceTree = "<group>"; };
		AC1691A4FABDB5FFA5DE389E /* ChatModels.swift */ = {isa = PBXFileReference; lastKnownFileType = sourcecode.swift; path = ChatModels.swift; sourceTree = "<group>"; };
		AF6EB3CAE69350FED0F1F848 /* TwoPaneLayout.swift */ = {isa = PBXFileReference; lastKnownFileType = sourcecode.swift; path = TwoPaneLayout.swift; sourceTree = "<group>"; };
		AF89BCC489D299A243B63D72 /* SettingsStore.swift */ = {isa = PBXFileReference; lastKnownFileType = sourcecode.swift; path = SettingsStore.swift; sourceTree = "<group>"; };
		B0A7B8AFD112D2ABECDB68A5 /* ModelSelectorMenu.swift */ = {isa = PBXFileReference; lastKnownFileType = sourcecode.swift; path = ModelSelectorMenu.swift; sourceTree = "<group>"; };
		B462A62F24C04C9E66B2D0CD /* KeychainManager.swift */ = {isa = PBXFileReference; lastKnownFileType = sourcecode.swift; path = KeychainManager.swift; sourceTree = "<group>"; };
		BA521D593363B31DCEA57E75 /* NetworkFirewallProtocol.swift */ = {isa = PBXFileReference; lastKnownFileType = sourcecode.swift; path = NetworkFirewallProtocol.swift; sourceTree = "<group>"; };
		BBEDFB7B2D985874FF75A025 /* ModelRoutingDecision.swift */ = {isa = PBXFileReference; lastKnownFileType = sourcecode.swift; path = ModelRoutingDecision.swift; sourceTree = "<group>"; };
		BBFA6866C6061CC11493D8B3 /* APIConfiguration.swift */ = {isa = PBXFileReference; lastKnownFileType = sourcecode.swift; path = APIConfiguration.swift; sourceTree = "<group>"; };
		BE4B483D4F2FD8302464C091 /* SystemCapabilityService.swift */ = {isa = PBXFileReference; lastKnownFileType = sourcecode.swift; path = SystemCapabilityService.swift; sourceTree = "<group>"; };
		C20783086988DF8E1B36FBBA /* MedicalAuditLogger.swift */ = {isa = PBXFileReference; includeInIndex = 1; lastKnownFileType = sourcecode.swift; path = MedicalAuditLogger.swift; sourceTree = "<group>"; };
		C4C948AB23F32185398E0FB5 /* MedicalSafetyGuard.swift */ = {isa = PBXFileReference; includeInIndex = 1; lastKnownFileType = sourcecode.swift; path = MedicalSafetyGuard.swift; sourceTree = "<group>"; };
		C60376A5D97663F9350DE53C /* SecuritySettingsView.swift */ = {isa = PBXFileReference; lastKnownFileType = sourcecode.swift; path = SecuritySettingsView.swift; sourceTree = "<group>"; };
		C904B3FD97D2623F7707932E /* APISettingsView.swift */ = {isa = PBXFileReference; lastKnownFileType = sourcecode.swift; path = APISettingsView.swift; sourceTree = "<group>"; };
		CAF3C0125AA1DE37D2709113 /* AppLifecycleManager.swift */ = {isa = PBXFileReference; lastKnownFileType = sourcecode.swift; path = AppLifecycleManager.swift; sourceTree = "<group>"; };
		CB7EE6AB926CC9931B4A3194 /* MedicalWorkflowEngine.swift */ = {isa = PBXFileReference; includeInIndex = 1; lastKnownFileType = sourcecode.swift; path = MedicalWorkflowEngine.swift; sourceTree = "<group>"; };
		CCA1081C0811F4592D1C0CA6 /* HotSlotModelPicker.swift */ = {isa = PBXFileReference; lastKnownFileType = sourcecode.swift; path = HotSlotModelPicker.swift; sourceTree = "<group>"; };
		CD53880E5B027D1C96DC1015 /* ModelManagerWindow.swift */ = {isa = PBXFileReference; lastKnownFileType = sourcecode.swift; path = ModelManagerWindow.swift; sourceTree = "<group>"; };
		CE2897C73BD964D538CE5064 /* SecurityManager.swift */ = {isa = PBXFileReference; lastKnownFileType = sourcecode.swift; path = SecurityManager.swift; sourceTree = "<group>"; };
		CFDBF4C52275B1E8A7B63E43 /* GeneralSettingsView.swift */ = {isa = PBXFileReference; lastKnownFileType = sourcecode.swift; path = GeneralSettingsView.swift; sourceTree = "<group>"; };
		D137A75E7A736996FB569D62 /* ImageAnalysisResult.swift */ = {isa = PBXFileReference; lastKnownFileType = sourcecode.swift; path = ImageAnalysisResult.swift; sourceTree = "<group>"; };
		D54F86CA1675C85DFD119DAC /* MedicalBenchmarkHarness.swift */ = {isa = PBXFileReference; includeInIndex = 1; lastKnownFileType = sourcecode.swift; path = MedicalBenchmarkHarness.swift; sourceTree = "<group>"; };
		D5E6F7A8B9C0D1E2F3A4B5C6 /* ModelDownloadView.swift */ = {isa = PBXFileReference; lastKnownFileType = sourcecode.swift; path = ModelDownloadView.swift; sourceTree = "<group>"; };
		D7D7794B64D12FFC4D22C633 /* HotSlotCard.swift */ = {isa = PBXFileReference; lastKnownFileType = sourcecode.swift; path = HotSlotCard.swift; sourceTree = "<group>"; };
		DD46DA331B96F9D7931A9944 /* BackendManager.swift */ = {isa = PBXFileReference; lastKnownFileType = sourcecode.swift; path = BackendManager.swift; sourceTree = "<group>"; };
		DD7CAA6EA73E35A7F0B3F9E7 /* Logger.swift */ = {isa = PBXFileReference; lastKnownFileType = sourcecode.swift; path = Logger.swift; sourceTree = "<group>"; };
		DE1C4B939DAC9084AC244415 /* ContentView.swift */ = {isa = PBXFileReference; lastKnownFileType = sourcecode.swift; path = ContentView.swift; sourceTree = "<group>"; };
		DE345BE95ADE21BA7A328F2B /* Header.swift */ = {isa = PBXFileReference; lastKnownFileType = sourcecode.swift; path = Header.swift; sourceTree = "<group>"; };
		DF87911A41D577321D9C87D0 /* WorkspaceContextModels.swift */ = {isa = PBXFileReference; lastKnownFileType = sourcecode.swift; path = WorkspaceContextModels.swift; sourceTree = "<group>"; };
		E00F333EA299B4551AB9BC16 /* WorkspaceAIContext.swift */ = {isa = PBXFileReference; includeInIndex = 1; lastKnownFileType = sourcecode.swift; path = WorkspaceAIContext.swift; sourceTree = "<group>"; };
		E0B5547ECD973EFF39678E79 /* NavigationStore.swift */ = {isa = PBXFileReference; lastKnownFileType = sourcecode.swift; path = NavigationStore.swift; sourceTree = "<group>"; };
		E62FD8B9DE028C44A2F0816E /* ChatStore.swift */ = {isa = PBXFileReference; lastKnownFileType = sourcecode.swift; path = ChatStore.swift; sourceTree = "<group>"; };
		E7706D1DFC5EFCB8AE355AEA /* AuthService.swift */ = {isa = PBXFileReference; lastKnownFileType = sourcecode.swift; path = AuthService.swift; sourceTree = "<group>"; };
		E85C710169C3B1161BAEDE86 /* CodingWorkspaceTests.swift */ = {isa = PBXFileReference; includeInIndex = 1; lastKnownFileType = sourcecode.swift; path = CodingWorkspaceTests.swift; sourceTree = "<group>"; };
		E92ADDC7ED56CA937C1974B8 /* ContextBundle.swift */ = {isa = PBXFileReference; lastKnownFileType = sourcecode.swift; path = ContextBundle.swift; sourceTree = "<group>"; };
		EA88D14C2F6E59E331F8FDD1 /* ObjectDetectionLayer.swift */ = {isa = PBXFileReference; lastKnownFileType = sourcecode.swift; path = ObjectDetectionLayer.swift; sourceTree = "<group>"; };
		EB7B8FBC4BA4BC00438CB3B4 /* NetworkApprovalModal.swift */ = {isa = PBXFileReference; lastKnownFileType = sourcecode.swift; path = NetworkApprovalModal.swift; sourceTree = "<group>"; };
		EE6F0F7525B459A60D81E462 /* CoreMLModelManager.swift */ = {isa = PBXFileReference; lastKnownFileType = sourcecode.swift; path = CoreMLModelManager.swift; sourceTree = "<group>"; };
		EEEBC936A480A54E9AF67EC0 /* SmartModelPicker.swift */ = {isa = PBXFileReference; lastKnownFileType = sourcecode.swift; path = SmartModelPicker.swift; sourceTree = "<group>"; };
		EF34AFDEC7C79858D3E74F26 /* StructuredOutputLayer.swift */ = {isa = PBXFileReference; lastKnownFileType = sourcecode.swift; path = StructuredOutputLayer.swift; sourceTree = "<group>"; };
		F00DCE31D7D96B62EB1DEC20 /* PlatformImage.swift */ = {isa = PBXFileReference; lastKnownFileType = sourcecode.swift; path = PlatformImage.swift; sourceTree = "<group>"; };
		F2C77CB5AF6C4202FD8D7161 /* ChatMessage.swift */ = {isa = PBXFileReference; lastKnownFileType = sourcecode.swift; path = ChatMessage.swift; sourceTree = "<group>"; };
		F3036B202E403CF506FF41EA /* WorkspaceHub.swift */ = {isa = PBXFileReference; includeInIndex = 1; lastKnownFileType = sourcecode.swift; path = WorkspaceHub.swift; sourceTree = "<group>"; };
/* End PBXFileReference section */

/* Begin PBXFrameworksBuildPhase section */
		49CE133E4CD7F08C463E112A /* Frameworks */ = {
			isa = PBXFrameworksBuildPhase;
			buildActionMask = 2147483647;
			files = (
				20B234B0C03BAF042BFB0F99 /* MLXLLM in Frameworks */,
				3E41FF83BF9967D551633828 /* MLXLMCommon in Frameworks */,
				12FE633F4194A00E065F075B /* MLXVLM in Frameworks */,
			);
			runOnlyForDeploymentPostprocessing = 0;
		};
/* End PBXFrameworksBuildPhase section */

/* Begin PBXGroup section */
		0044C8191B192B95A58A7ED8 /* Team */ = {
			isa = PBXGroup;
			children = (
			);
			path = Team;
			sourceTree = "<group>";
		};
		00C80C694431557AAC1D0B1A /* Kanban */ = {
			isa = PBXGroup;
			children = (
				A00C370AD157BDF82BA4C399 /* Components */,
			);
			path = Kanban;
			sourceTree = "<group>";
		};
		05E0510F1772E020FA2158F3 /* macOS */ = {
			isa = PBXGroup;
			children = (
				DE1C4B939DAC9084AC244415 /* ContentView.swift */,
				758F62B637F9DF75E26BAB65 /* Info.plist */,
				0369ADDFF9623D901CC8207E /* MedStationApp.swift */,
				0555CDE5ACABDDEA3DA1834D /* SettingsView.swift */,
				DE864A74EECDECCCA82BDBF0 /* CommandPalette */,
				4CE16795DA2E305E75B5ABF8 /* Commands */,
				FC3E8360DA93614A6D4A9EE2 /* Components */,
				4E7F46FFFF635A3E6FEF761E /* Dialogs */,
				335460DDCDF1CC1C27204DE6 /* Managers */,
				D55288C753296BE0079647BC /* Panels */,
				AF3FD21B5F1D2E6BB84C69F3 /* Settings */,
				D0C28565ED2134CF4B56B3E2 /* Windows */,
				6878B112D67AE729936DE9D4 /* Workspaces */,
				8B619E4AE4B641261F346C7F /* Assets.xcassets */,
			);
			path = macOS;
			sourceTree = "<group>";
		};
		074C896ECE11C240C628F751 /* Components */ = {
			isa = PBXGroup;
			children = (
			);
			path = Components;
			sourceTree = "<group>";
		};
		0AE9F461152E58D5D4237DD2 /* Models */ = {
			isa = PBXGroup;
			children = (
				7F607698CB740BA6C1D2CC50 /* DepthMapResult.swift */,
				7FA60C88459D995051F0EBCF /* DetectedObject.swift */,
				3A31256991C2A8B7FE0D30A1 /* DocumentContent.swift */,
				77EDA03046F4758C75D8EFE9 /* SegmentationMask.swift */,
				9FBB5C57F4A8389C763949FB /* StructuredImageDescription.swift */,
			);
			path = Models;
			sourceTree = "<group>";
		};
		0B207136BF7BCFADBC0E97CF /* Integration */ = {
			isa = PBXGroup;
			children = (
			);
			path = Integration;
			sourceTree = "<group>";
		};
		0CBF91A9C082C90D7E79AF46 = {
			isa = PBXGroup;
			children = (
				05E0510F1772E020FA2158F3 /* macOS */,
				E18C80C7AB68D88D33E928A3 /* Shared */,
				734503D79C8E69B6DEAEC3C5 /* Products */,
				68FD2190DA1234333DABB53B /* Tests */,
				5ED08269B23D52171D57901F /* Resources */,
			);
			sourceTree = "<group>";
		};
		0FC2C1963B9C03BB500F086E /* InsightsWorkspace */ = {
			isa = PBXGroup;
			children = (
			);
			path = InsightsWorkspace;
			sourceTree = "<group>";
		};
		1384D42584B90EB75EB150D3 /* Vault */ = {
			isa = PBXGroup;
			children = (
			);
			path = Vault;
			sourceTree = "<group>";
		};
		143C98105625FA0C0241AE47 /* VaultAdmin */ = {
			isa = PBXGroup;
			children = (
			);
			path = VaultAdmin;
			sourceTree = "<group>";
		};
		18CB7F0C680E53C1AA79BBE2 /* Code */ = {
			isa = PBXGroup;
			children = (
			);
			path = Code;
			sourceTree = "<group>";
		};
		1916D34D25037E4285C2EC1D /* Utilities */ = {
			isa = PBXGroup;
			children = (
				DD7CAA6EA73E35A7F0B3F9E7 /* Logger.swift */,
				4D708E64D8DABC00596F492C /* NotificationExtensions.swift */,
				3F6E15837690B043BAC29AEA /* PersistenceHelpers.swift */,
			);
			path = Utilities;
			sourceTree = "<group>";
		};
		193526CC27FADF97428DEBE4 /* Builder */ = {
			isa = PBXGroup;
			children = (
				9933FD6851E1A99C270378A3 /* Components */,
			);
			path = Builder;
			sourceTree = "<group>";
		};
		1DD5921037F4A2E6720DF6B3 /* Code */ = {
			isa = PBXGroup;
			children = (
			);
			path = Code;
			sourceTree = "<group>";
		};
		1F34BDED038FD60DC9489ED8 /* ANE */ = {
			isa = PBXGroup;
			children = (
			);
			path = ANE;
			sourceTree = "<group>";
		};
		1FA7DF3E9F7625121A19BAA8 /* Layers */ = {
			isa = PBXGroup;
			children = (
				88255951B00E152AC8CBD3DD /* DepthEstimationLayer.swift */,
				EA88D14C2F6E59E331F8FDD1 /* ObjectDetectionLayer.swift */,
				AA1DDA992AB0F3882DB8A414 /* SegmentationLayer.swift */,
				EF34AFDEC7C79858D3E74F26 /* StructuredOutputLayer.swift */,
				0912AABA2B90345CC4DAA279 /* VisionAnalysisLayer.swift */,
			);
			path = Layers;
			sourceTree = "<group>";
		};
		23C530D571A54A0F4DB28FB5 /* Security */ = {
			isa = PBXGroup;
			children = (
				7BE14825C47C81C5E47140D5 /* BiometricAuthService.swift */,
				B462A62F24C04C9E66B2D0CD /* KeychainManager.swift */,
				52C76141562CFC92FAE8DCBC /* KeychainService.swift */,
			);
			path = Security;
			sourceTree = "<group>";
		};
		268966D51A57093E308D95D5 /* Context */ = {
			isa = PBXGroup;
			children = (
				6F44E90AD921208206A4691B /* OllamaAPIModels.swift */,
				DF87911A41D577321D9C87D0 /* WorkspaceContextModels.swift */,
			);
			path = Context;
			sourceTree = "<group>";
		};
		29A82DB58328E8119E5F484A /* Hub */ = {
			isa = PBXGroup;
			children = (
				550E88785D97FF4FFC35C0FD /* Panels */,
				F3036B202E403CF506FF41EA /* WorkspaceHub.swift */,
				7DEA8111BC92B124D5EAEB74 /* WorkspaceHubStore.swift */,
				A95C705B78E8B4CC6C5AD068 /* WorkspaceSidebarView.swift */,
				4F2FBF751BE0A67800B42A08 /* WorkspacePanelType.swift */,
				6675168F14B4574BC50E9638 /* HubConstants.swift */,
			);
			name = Hub;
			path = Hub;
			sourceTree = "<group>";
		};
		29A9544159CB164CEB95F6FB /* Auth */ = {
			isa = PBXGroup;
			children = (
				8F4DD7ADB85895ACA830AEFD /* LoadingView.swift */,
				92828E9690B006E31E096F7F /* SetupWizardView.swift */,
				830544C49F1EB998F74E3B04 /* WelcomeView.swift */,
			);
			path = Auth;
			sourceTree = "<group>";
		};
		2B96515AD1E3583E914C0D3F /* CrossConversationFiles */ = {
			isa = PBXGroup;
			children = (
			);
			path = CrossConversationFiles;
			sourceTree = "<group>";
		};
		335460DDCDF1CC1C27204DE6 /* Managers */ = {
			isa = PBXGroup;
			children = (
				CAF3C0125AA1DE37D2709113 /* AppLifecycleManager.swift */,
				DD46DA331B96F9D7931A9944 /* BackendManager.swift */,
			);
			path = Managers;
			sourceTree = "<group>";
		};
		37899590768C7A760A18272F /* Terminal */ = {
			isa = PBXGroup;
			children = (
			);
			name = Terminal;
			sourceTree = "<group>";
		};
		3B317015FA2EE0367B8186AC /* Designer */ = {
			isa = PBXGroup;
			children = (
			);
			path = Designer;
			sourceTree = "<group>";
		};
		3E7B2BD75E750CDA43574A87 /* Team */ = {
			isa = PBXGroup;
			children = (
			);
			path = Team;
			sourceTree = "<group>";
		};
		40B6DAB08F5BE1AB777E89EB /* Queue */ = {
			isa = PBXGroup;
			children = (
				9B4F99CC282D3C36906993AE /* Components */,
			);
			path = Queue;
			sourceTree = "<group>";
		};
		41F7E80E10FD9136EBD7B942 /* LSP */ = {
			isa = PBXGroup;
			children = (
			);
			path = LSP;
			sourceTree = "<group>";
		};
		455D0C5F691682972212683A /* Chat */ = {
			isa = PBXGroup;
			children = (
			);
			path = Chat;
			sourceTree = "<group>";
		};
		4614B11049AFEF2FCCCA85D3 /* AI */ = {
			isa = PBXGroup;
			children = (
				77673FEFF9923930B4DDB261 /* TranscriptionService.swift */,
				382CE83ECEB0736D4ECEDB6E /* MedicalAIService.swift */,
				A1B2C3D4E5F6A7B8C9D0E1F2 /* MLXInferenceEngine.swift */,
				CB7EE6AB926CC9931B4A3194 /* MedicalWorkflowEngine.swift */,
				C4C948AB23F32185398E0FB5 /* MedicalSafetyGuard.swift */,
				C20783086988DF8E1B36FBBA /* MedicalAuditLogger.swift */,
				D54F86CA1675C85DFD119DAC /* MedicalBenchmarkHarness.swift */,
			);
			path = AI;
			sourceTree = "<group>";
		};
		46EB119BC774E9FEADE8A00F /* ModelDiscovery */ = {
			isa = PBXGroup;
			children = (
			);
			path = ModelDiscovery;
			sourceTree = "<group>";
		};
		47F9BFF1AA514232448293E9 /* HotSlots */ = {
			isa = PBXGroup;
			children = (
				D7D7794B64D12FFC4D22C633 /* HotSlotCard.swift */,
				CCA1081C0811F4592D1C0CA6 /* HotSlotModelPicker.swift */,
			);
			path = HotSlots;
			sourceTree = "<group>";
		};
		4987B8C5B109FAE009AF2123 /* Intelligence */ = {
			isa = PBXGroup;
			children = (
			);
			path = Intelligence;
			sourceTree = "<group>";
		};
		4CE16795DA2E305E75B5ABF8 /* Commands */ = {
			isa = PBXGroup;
			children = (
				11970ED33E68EE3B1CB4A95B /* MedStationMenuCommands.swift */,
			);
			path = Commands;
			sourceTree = "<group>";
		};
		4E7F46FFFF635A3E6FEF761E /* Dialogs */ = {
			isa = PBXGroup;
			children = (
			);
			path = Dialogs;
			sourceTree = "<group>";
		};
		4F66D59A4670D649E57573FF /* Analytics */ = {
			isa = PBXGroup;
			children = (
				9578F3187780F07C007A6BB4 /* Components */,
			);
			path = Analytics;
			sourceTree = "<group>";
		};
		51A0058C5EB7AA9EAB2F814A /* Modifiers */ = {
			isa = PBXGroup;
			children = (
				A602C84A80EBCA075A2804CE /* NetworkFirewallModifier.swift */,
			);
			path = Modifiers;
			sourceTree = "<group>";
		};
		52B99B244A9C019D32203E53 /* Charts */ = {
			isa = PBXGroup;
			children = (
			);
			name = Charts;
			path = Charts;
			sourceTree = "<group>";
		};
		550E88785D97FF4FFC35C0FD /* Panels */ = {
			isa = PBXGroup;
			children = (
				2A1A5AD70262BAF9324059A6 /* MedicalPanel.swift */,
				106E5D636FD571E9887F4C1B /* PatientCheckInFlow.swift */,
			);
			name = Panels;
			path = Panels;
			sourceTree = "<group>";
		};
		5D60A07B8F5BB06197ADFA2C /* TeamChat */ = {
			isa = PBXGroup;
			children = (
			);
			path = TeamChat;
			sourceTree = "<group>";
		};
		5ED08269B23D52171D57901F /* Resources */ = {
			isa = PBXGroup;
			children = (
				BB13A070181FD2FD2FE57C52 /* Templates */,
			);
			name = Resources;
			path = Resources;
			sourceTree = "<group>";
		};
		67584155EE0FD48B1236D16C /* Views */ = {
			isa = PBXGroup;
			children = (
				A297483D4FC976FCBF15DA6D /* ModelEvictionDialog.swift */,
				CD53880E5B027D1C96DC1015 /* ModelManagerWindow.swift */,
				EB7B8FBC4BA4BC00438CB3B4 /* NetworkApprovalModal.swift */,
				29A9544159CB164CEB95F6FB /* Auth */,
				0044C8191B192B95A58A7ED8 /* Team */,
			);
			path = Views;
			sourceTree = "<group>";
		};
		67A20FA240BE40A66D45A958 /* Docs */ = {
			isa = PBXGroup;
			children = (
			);
			path = Docs;
			sourceTree = "<group>";
		};
		6878B112D67AE729936DE9D4 /* Workspaces */ = {
			isa = PBXGroup;
			children = (
				455D0C5F691682972212683A /* Chat */,
				1DD5921037F4A2E6720DF6B3 /* Code */,
				744DAEEFB393935779D9E2EF /* Database */,
				67A20FA240BE40A66D45A958 /* Docs */,
				0FC2C1963B9C03BB500F086E /* InsightsWorkspace */,
				00C80C694431557AAC1D0B1A /* Kanban */,
				E7D23CAC9DCEAD3BDE610FC0 /* MagnetarHub */,
				46EB119BC774E9FEADE8A00F /* ModelDiscovery */,
				3E7B2BD75E750CDA43574A87 /* Team */,
				5D60A07B8F5BB06197ADFA2C /* TeamChat */,
				F5B437585A1CC18305FF848B /* Trust */,
				1384D42584B90EB75EB150D3 /* Vault */,
				18CB7F0C680E53C1AA79BBE2 /* Code */,
				29A82DB58328E8119E5F484A /* Hub */,
			);
			path = Workspaces;
			sourceTree = "<group>";
		};
		68FD2190DA1234333DABB53B /* Tests */ = {
			isa = PBXGroup;
			children = (
				E85C710169C3B1161BAEDE86 /* CodingWorkspaceTests.swift */,
			);
			name = Tests;
			sourceTree = "<group>";
		};
		6D152F39C1612770F9005257 /* Components */ = {
			isa = PBXGroup;
			children = (
				69505A6D37140AE40A44FD1E /* EmptyState.swift */,
				DE345BE95ADE21BA7A328F2B /* Header.swift */,
				899B24D66F709DDDC3DCB565 /* NetworkSelector.swift */,
				74E71FF93100B92638C55297 /* SidebarTabs.swift */,
				EEEBC936A480A54E9AF67EC0 /* SmartModelPicker.swift */,
				E2ED434B9DCAD630D9219A99 /* AutomationWorkspace */,
				D8870EF010B17768C0B5C376 /* Header */,
			);
			path = Components;
			sourceTree = "<group>";
		};
		72CEC14D072C318D10DB3BD2 /* Dashboard */ = {
			isa = PBXGroup;
			children = (
				074C896ECE11C240C628F751 /* Components */,
			);
			path = Dashboard;
			sourceTree = "<group>";
		};
		734503D79C8E69B6DEAEC3C5 /* Products */ = {
			isa = PBXGroup;
			children = (
				2C969A3D6C92097E6DF1F837 /* MedStation.app */,
			);
			name = Products;
			sourceTree = "<group>";
		};
		744DAEEFB393935779D9E2EF /* Database */ = {
			isa = PBXGroup;
			children = (
			);
			path = Database;
			sourceTree = "<group>";
		};
		81800D0BD05398CD87512F0D /* Persistence */ = {
			isa = PBXGroup;
			children = (
			);
			path = Persistence;
			sourceTree = "<group>";
		};
		8506EC80CCFFA93FBD45D007 /* ImageAnalysis */ = {
			isa = PBXGroup;
			children = (
				EE6F0F7525B459A60D81E462 /* CoreMLModelManager.swift */,
				AB990A211FDCAE2F529C5649 /* ImageAnalysisCache.swift */,
				5304B73481AD7AAA4CBEFB5E /* ImageAnalysisConfiguration.swift */,
				63D8B193A40F2C6B86544A40 /* ImageAnalysisError.swift */,
				D137A75E7A736996FB569D62 /* ImageAnalysisResult.swift */,
				1454F3DB96A890F12B622AF7 /* ImageAnalysisService.swift */,
				F00DCE31D7D96B62EB1DEC20 /* PlatformImage.swift */,
				1FA7DF3E9F7625121A19BAA8 /* Layers */,
				0AE9F461152E58D5D4237DD2 /* Models */,
			);
			path = ImageAnalysis;
			sourceTree = "<group>";
		};
		85EB4435D72055EFF970CCD8 /* Core */ = {
			isa = PBXGroup;
			children = (
			);
			path = Core;
			sourceTree = "<group>";
		};
		91EAD9BF8EC7E79814E2DAE7 /* Networking */ = {
			isa = PBXGroup;
			children = (
				CE2897C73BD964D538CE5064 /* SecurityManager.swift */,
				7F77D79421B014D8C65EC2CF /* APIClient.swift */,
				BBFA6866C6061CC11493D8B3 /* APIConfiguration.swift */,
				BA521D593363B31DCEA57E75 /* NetworkFirewallProtocol.swift */,
			);
			path = Networking;
			sourceTree = "<group>";
		};
		9578F3187780F07C007A6BB4 /* Components */ = {
			isa = PBXGroup;
			children = (
			);
			path = Components;
			sourceTree = "<group>";
		};
		986D37D03C8D91C9D85D18A7 /* Context */ = {
			isa = PBXGroup;
			children = (
			);
			path = Context;
			sourceTree = "<group>";
		};
		9933FD6851E1A99C270378A3 /* Components */ = {
			isa = PBXGroup;
			children = (
			);
			path = Components;
			sourceTree = "<group>";
		};
		9B4F99CC282D3C36906993AE /* Components */ = {
			isa = PBXGroup;
			children = (
			);
			path = Components;
			sourceTree = "<group>";
		};
		A00C370AD157BDF82BA4C399 /* Components */ = {
			isa = PBXGroup;
			children = (
			);
			path = Components;
			sourceTree = "<group>";
		};
		A29C597DFE5C166E4E2F53E9 /* Models */ = {
			isa = PBXGroup;
			children = (
				3C43BE9932839FA382D0D3E3 /* AnyCodable.swift */,
				F2C77CB5AF6C4202FD8D7161 /* ChatMessage.swift */,
				AC1691A4FABDB5FFA5DE389E /* ChatModels.swift */,
				E92ADDC7ED56CA937C1974B8 /* ContextBundle.swift */,
				BBEDFB7B2D985874FF75A025 /* ModelRoutingDecision.swift */,
				7E2302451F52FDB76E564AFE /* ModelTag.swift */,
				0DE77C93F16A443863D97E0F /* SettingsModels.swift */,
				5A9CA03F945469535A06F816 /* User.swift */,
				75A6BA3E55E7E881C72558EE /* WorkspaceType.swift */,
				268966D51A57093E308D95D5 /* Context */,
				9B62DDC746D79302C3359D56 /* WorkspaceDocument.swift */,
				E00F333EA299B4551AB9BC16 /* WorkspaceAIContext.swift */,
				05C323504A6C8B3A9281E33B /* MedicalModels.swift */,
			);
			path = Models;
			sourceTree = "<group>";
		};
		A3E99CC2D82CF1C1FC09A273 /* ConversationStorage */ = {
			isa = PBXGroup;
			children = (
			);
			path = ConversationStorage;
			sourceTree = "<group>";
		};
		AF3FD21B5F1D2E6BB84C69F3 /* Settings */ = {
			isa = PBXGroup;
			children = (
				C904B3FD97D2623F7707932E /* APISettingsView.swift */,
				45D761DB19ECDB8C76F1D854 /* AppearanceSettingsView.swift */,
				14B1FC01816EAF1179D497CF /* FeaturesSettingsView.swift */,
				CFDBF4C52275B1E8A7B63E43 /* GeneralSettingsView.swift */,
				52CE1F2E60F79F1F09E83158 /* HotSlotSettingsView.swift */,
				97F5B6BD28E3E63F27E5814B /* ModelManagementSettingsView.swift */,
				C60376A5D97663F9350DE53C /* SecuritySettingsView.swift */,
				283A8238A24AA77FAD197EF3 /* SettingsHelpers.swift */,
				47F9BFF1AA514232448293E9 /* HotSlots */,
			);
			path = Settings;
			sourceTree = "<group>";
		};
		AF65F5CACDE4DC3468474473 /* RAG */ = {
			isa = PBXGroup;
			children = (
			);
			path = RAG;
			sourceTree = "<group>";
		};
		B8C234D85AAB74A8DE6CC886 /* Stores */ = {
			isa = PBXGroup;
			children = (
				34949B288094544DEF2D8C0A /* HotSlotManager.swift */,
				1525AC9725A0B12CCC082B55 /* AuthStore.swift */,
				E62FD8B9DE028C44A2F0816E /* ChatStore.swift */,
				13E0C99BC6B5DA99C7E736F9 /* FeatureFlags.swift */,
				AA2B236333A555B822D41D3D /* ModelsStore.swift */,
				E0B5547ECD973EFF39678E79 /* NavigationStore.swift */,
				AF89BCC489D299A243B63D72 /* SettingsStore.swift */,
			);
			path = Stores;
			sourceTree = "<group>";
		};
		BB13A070181FD2FD2FE57C52 /* Templates */ = {
			isa = PBXGroup;
			children = (
			);
			name = Templates;
			path = Templates;
			sourceTree = "<group>";
		};
		BEFBAEED4D15BB16D7CB66FE /* Services */ = {
			isa = PBXGroup;
			children = (
				E7706D1DFC5EFCB8AE355AEA /* AuthService.swift */,
				54CB7B722F609A8CEE1EF5E6 /* ChatService.swift */,
				9EADD445CBEADCED36E0BFC8 /* ModelMemoryTracker.swift */,
				60D3DB9388AB87BAE6808C7D /* OllamaService.swift */,
				425ABB43E57B31BA42813082 /* SettingsService.swift */,
				BE4B483D4F2FD8302464C091 /* SystemCapabilityService.swift */,
				1F34BDED038FD60DC9489ED8 /* ANE */,
				986D37D03C8D91C9D85D18A7 /* Context */,
				DD0E02645B8BD7968A9C1A48 /* ContextOptimizer */,
				A3E99CC2D82CF1C1FC09A273 /* ConversationStorage */,
				2B96515AD1E3583E914C0D3F /* CrossConversationFiles */,
				8506EC80CCFFA93FBD45D007 /* ImageAnalysis */,
				0B207136BF7BCFADBC0E97CF /* Integration */,
				AF65F5CACDE4DC3468474473 /* RAG */,
				C2E4A921691BE02B13D6007B /* Trust */,
				37899590768C7A760A18272F /* Terminal */,
				41F7E80E10FD9136EBD7B942 /* LSP */,
				81800D0BD05398CD87512F0D /* Persistence */,
				4614B11049AFEF2FCCCA85D3 /* AI */,
				4987B8C5B109FAE009AF2123 /* Intelligence */,
				D99439F7A48F2C5BA715DF13 /* Export */,
				52B99B244A9C019D32203E53 /* Charts */,
				DCF6753A6E713E1EA821B20F /* Automation */,
				FF8FF8C1A480513ED66E2295 /* Plugins */,
			);
			path = Services;
			sourceTree = "<group>";
		};
		C2E4A921691BE02B13D6007B /* Trust */ = {
			isa = PBXGroup;
			children = (
			);
			path = Trust;
			sourceTree = "<group>";
		};
		C819DDE2D3F5F98EE85FC3CB /* DesignSystem */ = {
			isa = PBXGroup;
			children = (
				35C17D9C1722F2E28A8F923C /* Colors.swift */,
				5C5B7D185B4D1BE3FF14F5F6 /* GlassButton.swift */,
				842DAEC1F81C99999F03FF53 /* LiquidGlassPanel.swift */,
				0E214C822D7BAF8E67336727 /* ThreePaneLayout.swift */,
				AF6EB3CAE69350FED0F1F848 /* TwoPaneLayout.swift */,
			);
			path = DesignSystem;
			sourceTree = "<group>";
		};
		D0C28565ED2134CF4B56B3E2 /* Windows */ = {
			isa = PBXGroup;
			children = (
				0534CF9C6D5527CC769697C8 /* WindowOpener.swift */,
				6D16B61C27F2D999C363C5D5 /* DetachedAIWindow.swift */,
			);
			path = Windows;
			sourceTree = "<group>";
		};
		D55288C753296BE0079647BC /* Panels */ = {
			isa = PBXGroup;
			children = (
				143C98105625FA0C0241AE47 /* VaultAdmin */,
			);
			path = Panels;
			sourceTree = "<group>";
		};
		D8870EF010B17768C0B5C376 /* Header */ = {
			isa = PBXGroup;
			children = (
				429D932B87D6E409CE393426 /* HeaderComponents.swift */,
			);
			path = Header;
			sourceTree = "<group>";
		};
		D99439F7A48F2C5BA715DF13 /* Export */ = {
			isa = PBXGroup;
			children = (
			);
			name = Export;
			path = Export;
			sourceTree = "<group>";
		};
		DCF6753A6E713E1EA821B20F /* Automation */ = {
			isa = PBXGroup;
			children = (
			);
			name = Automation;
			path = Automation;
			sourceTree = "<group>";
		};
		DD0E02645B8BD7968A9C1A48 /* ContextOptimizer */ = {
			isa = PBXGroup;
			children = (
			);
			path = ContextOptimizer;
			sourceTree = "<group>";
		};
		DE864A74EECDECCCA82BDBF0 /* CommandPalette */ = {
			isa = PBXGroup;
			children = (
			);
			path = CommandPalette;
			sourceTree = "<group>";
		};
		E18C80C7AB68D88D33E928A3 /* Shared */ = {
			isa = PBXGroup;
			children = (
				6D152F39C1612770F9005257 /* Components */,
				C819DDE2D3F5F98EE85FC3CB /* DesignSystem */,
				A29C597DFE5C166E4E2F53E9 /* Models */,
				51A0058C5EB7AA9EAB2F814A /* Modifiers */,
				91EAD9BF8EC7E79814E2DAE7 /* Networking */,
				23C530D571A54A0F4DB28FB5 /* Security */,
				BEFBAEED4D15BB16D7CB66FE /* Services */,
				B8C234D85AAB74A8DE6CC886 /* Stores */,
				1916D34D25037E4285C2EC1D /* Utilities */,
				67584155EE0FD48B1236D16C /* Views */,
			);
			path = Shared;
			sourceTree = "<group>";
		};
		E2ED434B9DCAD630D9219A99 /* AutomationWorkspace */ = {
			isa = PBXGroup;
			children = (
				4F66D59A4670D649E57573FF /* Analytics */,
				193526CC27FADF97428DEBE4 /* Builder */,
				85EB4435D72055EFF970CCD8 /* Core */,
				72CEC14D072C318D10DB3BD2 /* Dashboard */,
				3B317015FA2EE0367B8186AC /* Designer */,
				40B6DAB08F5BE1AB777E89EB /* Queue */,
			);
			path = AutomationWorkspace;
			sourceTree = "<group>";
		};
		E7D23CAC9DCEAD3BDE610FC0 /* MagnetarHub */ = {
			isa = PBXGroup;
			children = (
			);
			path = MagnetarHub;
			sourceTree = "<group>";
		};
		F5B437585A1CC18305FF848B /* Trust */ = {
			isa = PBXGroup;
			children = (
			);
			path = Trust;
			sourceTree = "<group>";
		};
		FC3E8360DA93614A6D4A9EE2 /* Components */ = {
			isa = PBXGroup;
			children = (
				B0A7B8AFD112D2ABECDB68A5 /* ModelSelectorMenu.swift */,
				D5E6F7A8B9C0D1E2F3A4B5C6 /* ModelDownloadView.swift */,
			);
			path = Components;
			sourceTree = "<group>";
		};
		FF8FF8C1A480513ED66E2295 /* Plugins */ = {
			isa = PBXGroup;
			children = (
			);
			name = Plugins;
			path = Plugins;
			sourceTree = "<group>";
		};
/* End PBXGroup section */

/* Begin PBXNativeTarget section */
		CF12937F0A3EEB2B08F068A2 /* MedStation */ = {
			isa = PBXNativeTarget;
			buildConfigurationList = D564153A8CF1A35B974FE202 /* Build configuration list for PBXNativeTarget "MedStation" */;
			buildPhases = (
				9EE81F7E3929ADC26D6BBE3D /* Sources */,
				13A447B3ABD2FD72CC912EC9 /* Resources */,
				49CE133E4CD7F08C463E112A /* Frameworks */,
			);
			buildRules = (
			);
			dependencies = (
			);
			name = MedStation;
			packageProductDependencies = (
				9F38465A3A49EE4946E70EC3 /* MLXLLM */,
				298E3BE8C122A23BEA7AC599 /* MLXLMCommon */,
				72D2761A7056D9B5D2DD38AF /* MLXVLM */,
			);
			productName = MedStation;
			productReference = 2C969A3D6C92097E6DF1F837 /* MedStation.app */;
			productType = "com.apple.product-type.application";
		};
/* End PBXNativeTarget section */

/* Begin PBXProject section */
		8B7C960B301252970918450F /* Project object */ = {
			isa = PBXProject;
			attributes = {
				BuildIndependentTargetsInParallel = YES;
				LastUpgradeCheck = 2620;
				TargetAttributes = {
					CF12937F0A3EEB2B08F068A2 = {
						ProvisioningStyle = Automatic;
					};
				};
			};
			buildConfigurationList = 2CC4CFCE9A09A3A6A4B17D9B /* Build configuration list for PBXProject "MedStation" */;
			compatibilityVersion = "Xcode 14.0";
			developmentRegion = en;
			hasScannedForEncodings = 0;
			knownRegions = (
				Base,
				en,
			);
			mainGroup = 0CBF91A9C082C90D7E79AF46;
			minimizedProjectReferenceProxies = 1;
			packageReferences = (
				B8262EE78A643253B9DE658C /* XCRemoteSwiftPackageReference "mlx-swift-lm" */,
			);
			productRefGroup = 734503D79C8E69B6DEAEC3C5 /* Products */;
			projectDirPath = "";
			projectRoot = "";
			targets = (
				CF12937F0A3EEB2B08F068A2 /* MedStation */,
			);
		};
/* End PBXProject section */

/* Begin PBXResourcesBuildPhase section */
		13A447B3ABD2FD72CC912EC9 /* Resources */ = {
			isa = PBXResourcesBuildPhase;
			buildActionMask = 2147483647;
			files = (
				B81C9D91CAEF69518ED0291E /* Assets.xcassets in Resources */,
			);
			runOnlyForDeploymentPostprocessing = 0;
		};
/* End PBXResourcesBuildPhase section */

/* Begin PBXSourcesBuildPhase section */
		9EE81F7E3929ADC26D6BBE3D /* Sources */ = {
			isa = PBXSourcesBuildPhase;
			buildActionMask = 2147483647;
			files = (
				37B821D5B8B4119547475D39 /* MedStationMenuCommands.swift in Sources */,
				B743154E3A55B63A0611D389 /* WindowOpener.swift in Sources */,
				F126A782250464F48C683AE2 /* SecurityManager.swift in Sources */,
				4AFD790D2177B69A61C14156 /* ModelEvictionDialog.swift in Sources */,
				9ED9CA1D402AC1E882E393F8 /* HotSlotManager.swift in Sources */,
				9567EB5AF9A8C73D29DD0EA6 /* APIClient.swift in Sources */,
				AE0BFFDF02B0EC08F0098E79 /* WorkspaceType.swift in Sources */,
				B3D7475A672A06BE5F995218 /* APIConfiguration.swift in Sources */,
				736F23AC960EC4F1DAE9F6A0 /* APISettingsView.swift in Sources */,
				3DD43A6B8B867C99F2748680 /* AnyCodable.swift in Sources */,
				723EA8847690343D436A11CF /* AppLifecycleManager.swift in Sources */,
				DD9D69C4A0120B5DA3A08488 /* AppearanceSettingsView.swift in Sources */,
				B3300413D66F5B7AC05D86E6 /* AuthService.swift in Sources */,
				A9A02F396EEFB844EAD5C5C1 /* AuthStore.swift in Sources */,
				74E44D415A7F9DC921CACDE0 /* BackendManager.swift in Sources */,
				93F2DAE4506EF351B551615F /* BiometricAuthService.swift in Sources */,
				1807773E9FF774789EBDB576 /* ChatMessage.swift in Sources */,
				F86ECC6181104A3E4A8F8A37 /* ChatModels.swift in Sources */,
				9FD6F2F6BF58B093259B2C69 /* ChatService.swift in Sources */,
				EBFCB595C54024DFB31B5D56 /* ChatStore.swift in Sources */,
				87AC91711BE8494C52DC1524 /* Colors.swift in Sources */,
				284B09009A694A4E0263B311 /* ContentView.swift in Sources */,
				D78CBF31D81B3A75DF6E2ABD /* ContextBundle.swift in Sources */,
				D10E22AE371E4C5F2EF076B9 /* CoreMLModelManager.swift in Sources */,
				A83D67AEEC4CA83283363D6F /* DepthEstimationLayer.swift in Sources */,
				4A4FE9AC52DA823CDA003F6D /* DepthMapResult.swift in Sources */,
				4737B4B41C386A6ED774A00E /* DetectedObject.swift in Sources */,
				BC77E9D8E404C9AE2151500E /* DocumentContent.swift in Sources */,
				9478D1D249E85E0ACA692F4D /* EmptyState.swift in Sources */,
				34D17A8C6A575E21E799C789 /* FeatureFlags.swift in Sources */,
				5117EAC0730703035BC87B9F /* FeaturesSettingsView.swift in Sources */,
				908A8C515E63D46AD40267B8 /* GeneralSettingsView.swift in Sources */,
				BD7253C573C97E44DCD6BE0A /* GlassButton.swift in Sources */,
				4B7B03C911A1FE88F436FE26 /* Header.swift in Sources */,
				3E80991188D85C090BAD3490 /* HeaderComponents.swift in Sources */,
				68069CC543A7B0F5DBC1E6D6 /* HotSlotCard.swift in Sources */,
				0E38E6FD1933BBDA3CFA4B7D /* HotSlotModelPicker.swift in Sources */,
				49D40145EA2453D34EE1C92F /* HotSlotSettingsView.swift in Sources */,
				8576EF5AC70D7FD9EC85C023 /* ImageAnalysisCache.swift in Sources */,
				07F1D902037AAFE4BB7CF03F /* ImageAnalysisConfiguration.swift in Sources */,
				035AE05ACD80429F80EE9FCF /* ImageAnalysisError.swift in Sources */,
				8B7C91A0D27DC06DC6372132 /* ImageAnalysisResult.swift in Sources */,
				D872CB38E1288F7812CE7B1D /* ImageAnalysisService.swift in Sources */,
				F022EFDF45C31A5A57071299 /* KeychainManager.swift in Sources */,
				F6C62E183D3A7BFAC167FBB7 /* KeychainService.swift in Sources */,
				C39387A4041537956C59BAFC /* LiquidGlassPanel.swift in Sources */,
				68C239F56C4B79090098CD51 /* LoadingView.swift in Sources */,
				E2C6B1B1789DBC7BF7BF3823 /* Logger.swift in Sources */,
				E65EDDCF022977AA1854B1AA /* MedStationApp.swift in Sources */,
				2D249A38C6217439AC65F7FD /* ModelManagementSettingsView.swift in Sources */,
				37FAF85FC3C03F64FE7B4A12 /* ModelManagerWindow.swift in Sources */,
				1AE6BB45FF00838D1BA23853 /* ModelMemoryTracker.swift in Sources */,
				F651D6999C31E2820131493B /* ModelRoutingDecision.swift in Sources */,
				641777D576CBAC6F784CCAC6 /* ModelSelectorMenu.swift in Sources */,
				CF6350935B00933231F0928A /* ModelTag.swift in Sources */,
				0E2C0590E01037DE122C6D46 /* ModelsStore.swift in Sources */,
				E8E0336CBB99E532C5484361 /* NavigationStore.swift in Sources */,
				679141AAF862D78CA2C45648 /* NetworkApprovalModal.swift in Sources */,
				109D246960B1A759BFD6F7E7 /* NetworkFirewallModifier.swift in Sources */,
				16710185EB2D4F5BCBE3361B /* NetworkFirewallProtocol.swift in Sources */,
				1B546327F293BE4111D91AAE /* NetworkSelector.swift in Sources */,
				594D0496E39261E56B55AF8B /* NotificationExtensions.swift in Sources */,
				D3A6AD3D1233089A4ED1580B /* ObjectDetectionLayer.swift in Sources */,
				73DB400E284A6F59981BCD35 /* OllamaAPIModels.swift in Sources */,
				7A19DEAC69C27F62C75EF737 /* OllamaService.swift in Sources */,
				CEC782ABFCA4466D33FEB7FD /* PlatformImage.swift in Sources */,
				E159D942DF6B137441FBEBE1 /* SecuritySettingsView.swift in Sources */,
				F56E74F68E00EE523A42D91D /* SegmentationLayer.swift in Sources */,
				F01317486482F3B412F60382 /* SegmentationMask.swift in Sources */,
				FEF16B607684CD1A46FDCEF5 /* SettingsHelpers.swift in Sources */,
				39C6CDAE9284E690C30A492F /* SettingsModels.swift in Sources */,
				988714691A13F8E5B18FC426 /* SettingsService.swift in Sources */,
				DC767AE31481FE604BEB72E8 /* SettingsStore.swift in Sources */,
				33A28A605AE75CD2FDB67907 /* SettingsView.swift in Sources */,
				5C49A9FB2127D28AE26951D5 /* SetupWizardView.swift in Sources */,
				FC858F44944F9D72732CE78E /* SidebarTabs.swift in Sources */,
				12335C3DECED144718B5B8E9 /* SmartModelPicker.swift in Sources */,
				88FBEB09C32F9DEA78FD567B /* StructuredImageDescription.swift in Sources */,
				A53904C7A390B41791D8C313 /* StructuredOutputLayer.swift in Sources */,
				C452A97AB912684D90FC49A1 /* SystemCapabilityService.swift in Sources */,
				79F6FA529E6CFE5497C5B2CC /* ThreePaneLayout.swift in Sources */,
				889AF6CF570779499548FA41 /* TwoPaneLayout.swift in Sources */,
				EFBA62F8E6B41580CE0730B2 /* User.swift in Sources */,
				7DD806863CE1FDE54E7AEB5F /* VisionAnalysisLayer.swift in Sources */,
				50809FB4E77FE462E56CB89E /* WelcomeView.swift in Sources */,
				756029EEE067B820D2B5FD8F /* WorkspaceContextModels.swift in Sources */,
				F5E382067756376B526DDCE2 /* WorkspaceHub.swift in Sources */,
				386686E1D022D59A6D890064 /* WorkspaceHubStore.swift in Sources */,
				E725D00242F1653B7715C11A /* WorkspaceSidebarView.swift in Sources */,
				BD565FE213C88BBED533FA8C /* WorkspacePanelType.swift in Sources */,
				D0B89B8ADF063C803C24BE7F /* WorkspaceDocument.swift in Sources */,
				F7311D2EB2ED282D984682B3 /* TranscriptionService.swift in Sources */,
				19B1A0FE8810C9B522FD6802 /* PersistenceHelpers.swift in Sources */,
				4BC3E1959C0CC170CB5D2AED /* HubConstants.swift in Sources */,
				72AA3D2A40E9B40B097A5B0E /* DetachedAIWindow.swift in Sources */,
				2CAAB0235B280B8F934AB6DC /* WorkspaceAIContext.swift in Sources */,
				49B611C45BCEBAD7F7753811 /* MedicalModels.swift in Sources */,
				17A84A121F8E37B90EAE73BC /* MedicalAIService.swift in Sources */,
				F2E1D0C9B8A7F6E5D4C3B2A1 /* MLXInferenceEngine.swift in Sources */,
				C6B5A4F3E2D1C0B9A8F7E6D5 /* ModelDownloadView.swift in Sources */,
				267C9D291CE032639DC7D8B9 /* MedicalWorkflowEngine.swift in Sources */,
				70250E6DFA91423A9D8A0E80 /* MedicalSafetyGuard.swift in Sources */,
				CC78264695601C8523F8C86A /* MedicalAuditLogger.swift in Sources */,
				1F6EAB9F28E04038A882AD5B /* MedicalPanel.swift in Sources */,
				C6020378836FDF9D943074EB /* PatientCheckInFlow.swift in Sources */,
				31348DC1F126C1731C7ABB0D /* MedicalBenchmarkHarness.swift in Sources */,
			);
			runOnlyForDeploymentPostprocessing = 0;
		};
/* End PBXSourcesBuildPhase section */

/* Begin XCBuildConfiguration section */
		0EA324DA9F8C44AA3295789F /* Debug */ = {
			isa = XCBuildConfiguration;
			buildSettings = {
				ALWAYS_SEARCH_USER_PATHS = NO;
				ASSETCATALOG_COMPILER_APPICON_NAME = AppIcon;
				ASSETCATALOG_COMPILER_GENERATE_SWIFT_ASSET_SYMBOL_EXTENSIONS = YES;
				ASSETCATALOG_COMPILER_GLOBAL_ACCENT_COLOR_NAME = AccentColor;
				CLANG_ANALYZER_NONNULL = YES;
				CLANG_ANALYZER_NUMBER_OBJECT_CONVERSION = YES_AGGRESSIVE;
				CLANG_CXX_LANGUAGE_STANDARD = "gnu++14";
				CLANG_CXX_LIBRARY = "libc++";
				CLANG_ENABLE_MODULES = YES;
				CLANG_ENABLE_OBJC_ARC = YES;
				CLANG_ENABLE_OBJC_WEAK = YES;
				CLANG_WARN_BLOCK_CAPTURE_AUTORELEASING = YES;
				CLANG_WARN_BOOL_CONVERSION = YES;
				CLANG_WARN_COMMA = YES;
				CLANG_WARN_CONSTANT_CONVERSION = YES;
				CLANG_WARN_DEPRECATED_OBJC_IMPLEMENTATIONS = YES;
				CLANG_WARN_DIRECT_OBJC_ISA_USAGE = YES_ERROR;
				CLANG_WARN_DOCUMENTATION_COMMENTS = YES;
				CLANG_WARN_EMPTY_BODY = YES;
				CLANG_WARN_ENUM_CONVERSION = YES;
				CLANG_WARN_INFINITE_RECURSION = YES;
				CLANG_WARN_INT_CONVERSION = YES;
				CLANG_WARN_NON_LITERAL_NULL_CONVERSION = YES;
				CLANG_WARN_OBJC_IMPLICIT_RETAIN_SELF = YES;
				CLANG_WARN_OBJC_LITERAL_CONVERSION = YES;
				CLANG_WARN_OBJC_ROOT_CLASS = YES_ERROR;
				CLANG_WARN_QUOTED_INCLUDE_IN_FRAMEWORK_HEADER = YES;
				CLANG_WARN_RANGE_LOOP_ANALYSIS = YES;
				CLANG_WARN_STRICT_PROTOTYPES = YES;
				CLANG_WARN_SUSPICIOUS_MOVE = YES;
				CLANG_WARN_UNGUARDED_AVAILABILITY = YES_AGGRESSIVE;
				CLANG_WARN_UNREACHABLE_CODE = YES;
				CLANG_WARN__DUPLICATE_METHOD_MATCH = YES;
				COPY_PHASE_STRIP = NO;
				CURRENT_PROJECT_VERSION = 1;
				DEAD_CODE_STRIPPING = YES;
				DEBUG_INFORMATION_FORMAT = dwarf;
				ENABLE_PREVIEWS = YES;
				ENABLE_STRICT_OBJC_MSGSEND = YES;
				ENABLE_TESTABILITY = YES;
				ENABLE_USER_SCRIPT_SANDBOXING = YES;
				GCC_C_LANGUAGE_STANDARD = gnu11;
				GCC_DYNAMIC_NO_PIC = NO;
				GCC_NO_COMMON_BLOCKS = YES;
				GCC_OPTIMIZATION_LEVEL = 0;
				GCC_PREPROCESSOR_DEFINITIONS = (
					"$(inherited)",
					"DEBUG=1",
				);
				GCC_WARN_64_TO_32_BIT_CONVERSION = YES;
				GCC_WARN_ABOUT_RETURN_TYPE = YES_ERROR;
				GCC_WARN_UNDECLARED_SELECTOR = YES;
				GCC_WARN_UNINITIALIZED_AUTOS = YES_AGGRESSIVE;
				GCC_WARN_UNUSED_FUNCTION = YES;
				GCC_WARN_UNUSED_VARIABLE = YES;
				INFOPLIST_KEY_LSApplicationCategoryType = "public.app-category.productivity";
				INFOPLIST_KEY_NSFaceIDUsageDescription = "MedStation uses Face ID to securely authenticate you and protect your data.";
				INFOPLIST_KEY_NSHumanReadableCopyright = "Copyright © 2025 Magnetar. All rights reserved.";
				MACOSX_DEPLOYMENT_TARGET = 14.0;
				MARKETING_VERSION = 1.0.0;
				MTL_ENABLE_DEBUG_INFO = INCLUDE_SOURCE;
				MTL_FAST_MATH = YES;
				ONLY_ACTIVE_ARCH = YES;
				PRODUCT_BUNDLE_IDENTIFIER = com.medstation.app;
				PRODUCT_NAME = MedStation;
				SDKROOT = macosx;
				STRING_CATALOG_GENERATE_SYMBOLS = YES;
				SWIFT_ACTIVE_COMPILATION_CONDITIONS = DEBUG;
				SWIFT_OPTIMIZATION_LEVEL = "-Onone";
				SWIFT_VERSION = 5.9;
			};
			name = Debug;
		};
		38296DEB77EF93C33C8F791D /* Debug */ = {
			isa = XCBuildConfiguration;
			buildSettings = {
				ASSETCATALOG_COMPILER_APPICON_NAME = AppIcon;
				ASSETCATALOG_COMPILER_GLOBAL_ACCENT_COLOR_NAME = AccentColor;
				CODE_SIGN_ENTITLEMENTS = MedStation.entitlements;
				CODE_SIGN_IDENTITY = "-";
				CODE_SIGN_STYLE = Automatic;
				COMBINE_HIDPI_IMAGES = YES;
				DEAD_CODE_STRIPPING = YES;
				ENABLE_HARDENED_RUNTIME = NO;
				INFOPLIST_FILE = macOS/Info.plist;
				INFOPLIST_KEY_NSMainStoryboardFile = "";
				INFOPLIST_KEY_NSPrincipalClass = NSApplication;
				LD_RUNPATH_SEARCH_PATHS = (
					"$(inherited)",
					"@executable_path/../Frameworks",
				);
				SDKROOT = macosx;
			};
			name = Debug;
		};
		EC68E68D05420BB22D1A16A6 /* Release */ = {
			isa = XCBuildConfiguration;
			buildSettings = {
				ASSETCATALOG_COMPILER_APPICON_NAME = AppIcon;
				ASSETCATALOG_COMPILER_GLOBAL_ACCENT_COLOR_NAME = AccentColor;
				CODE_SIGN_ENTITLEMENTS = MedStation.entitlements;
				CODE_SIGN_IDENTITY = "-";
				CODE_SIGN_STYLE = Automatic;
				COMBINE_HIDPI_IMAGES = YES;
				DEAD_CODE_STRIPPING = YES;
				ENABLE_HARDENED_RUNTIME = NO;
				INFOPLIST_FILE = macOS/Info.plist;
				INFOPLIST_KEY_NSMainStoryboardFile = "";
				INFOPLIST_KEY_NSPrincipalClass = NSApplication;
				LD_RUNPATH_SEARCH_PATHS = (
					"$(inherited)",
					"@executable_path/../Frameworks",
				);
				SDKROOT = macosx;
			};
			name = Release;
		};
		F8FEA0BF0EE0E84A29BC2208 /* Release */ = {
			isa = XCBuildConfiguration;
			buildSettings = {
				ALWAYS_SEARCH_USER_PATHS = NO;
				ASSETCATALOG_COMPILER_APPICON_NAME = AppIcon;
				ASSETCATALOG_COMPILER_GENERATE_SWIFT_ASSET_SYMBOL_EXTENSIONS = YES;
				ASSETCATALOG_COMPILER_GLOBAL_ACCENT_COLOR_NAME = AccentColor;
				CLANG_ANALYZER_NONNULL = YES;
				CLANG_ANALYZER_NUMBER_OBJECT_CONVERSION = YES_AGGRESSIVE;
				CLANG_CXX_LANGUAGE_STANDARD = "gnu++14";
				CLANG_CXX_LIBRARY = "libc++";
				CLANG_ENABLE_MODULES = YES;
				CLANG_ENABLE_OBJC_ARC = YES;
				CLANG_ENABLE_OBJC_WEAK = YES;
				CLANG_WARN_BLOCK_CAPTURE_AUTORELEASING = YES;
				CLANG_WARN_BOOL_CONVERSION = YES;
				CLANG_WARN_COMMA = YES;
				CLANG_WARN_CONSTANT_CONVERSION = YES;
				CLANG_WARN_DEPRECATED_OBJC_IMPLEMENTATIONS = YES;
				CLANG_WARN_DIRECT_OBJC_ISA_USAGE = YES_ERROR;
				CLANG_WARN_DOCUMENTATION_COMMENTS = YES;
				CLANG_WARN_EMPTY_BODY = YES;
				CLANG_WARN_ENUM_CONVERSION = YES;
				CLANG_WARN_INFINITE_RECURSION = YES;
				CLANG_WARN_INT_CONVERSION = YES;
				CLANG_WARN_NON_LITERAL_NULL_CONVERSION = YES;
				CLANG_WARN_OBJC_IMPLICIT_RETAIN_SELF = YES;
				CLANG_WARN_OBJC_LITERAL_CONVERSION = YES;
				CLANG_WARN_OBJC_ROOT_CLASS = YES_ERROR;
				CLANG_WARN_QUOTED_INCLUDE_IN_FRAMEWORK_HEADER = YES;
				CLANG_WARN_RANGE_LOOP_ANALYSIS = YES;
				CLANG_WARN_STRICT_PROTOTYPES = YES;
				CLANG_WARN_SUSPICIOUS_MOVE = YES;
				CLANG_WARN_UNGUARDED_AVAILABILITY = YES_AGGRESSIVE;
				CLANG_WARN_UNREACHABLE_CODE = YES;
				CLANG_WARN__DUPLICATE_METHOD_MATCH = YES;
				COPY_PHASE_STRIP = NO;
				CURRENT_PROJECT_VERSION = 1;
				DEAD_CODE_STRIPPING = YES;
				DEBUG_INFORMATION_FORMAT = "dwarf-with-dsym";
				ENABLE_NS_ASSERTIONS = NO;
				ENABLE_PREVIEWS = YES;
				ENABLE_STRICT_OBJC_MSGSEND = YES;
				ENABLE_USER_SCRIPT_SANDBOXING = YES;
				GCC_C_LANGUAGE_STANDARD = gnu11;
				GCC_NO_COMMON_BLOCKS = YES;
				GCC_WARN_64_TO_32_BIT_CONVERSION = YES;
				GCC_WARN_ABOUT_RETURN_TYPE = YES_ERROR;
				GCC_WARN_UNDECLARED_SELECTOR = YES;
				GCC_WARN_UNINITIALIZED_AUTOS = YES_AGGRESSIVE;
				GCC_WARN_UNUSED_FUNCTION = YES;
				GCC_WARN_UNUSED_VARIABLE = YES;
				INFOPLIST_KEY_LSApplicationCategoryType = "public.app-category.productivity";
				INFOPLIST_KEY_NSFaceIDUsageDescription = "MedStation uses Face ID to securely authenticate you and protect your data.";
				INFOPLIST_KEY_NSHumanReadableCopyright = "Copyright © 2025 Magnetar. All rights reserved.";
				MACOSX_DEPLOYMENT_TARGET = 14.0;
				MARKETING_VERSION = 1.0.0;
				MTL_ENABLE_DEBUG_INFO = NO;
				MTL_FAST_MATH = YES;
				PRODUCT_BUNDLE_IDENTIFIER = com.medstation.app;
				PRODUCT_NAME = MedStation;
				SDKROOT = macosx;
				STRING_CATALOG_GENERATE_SYMBOLS = YES;
				SWIFT_COMPILATION_MODE = wholemodule;
				SWIFT_OPTIMIZATION_LEVEL = "-O";
				SWIFT_VERSION = 5.9;
			};
			name = Release;
		};
/* End XCBuildConfiguration section */

/* Begin XCConfigurationList section */
		2CC4CFCE9A09A3A6A4B17D9B /* Build configuration list for PBXProject "MedStation" */ = {
			isa = XCConfigurationList;
			buildConfigurations = (
				0EA324DA9F8C44AA3295789F /* Debug */,
				F8FEA0BF0EE0E84A29BC2208 /* Release */,
			);
			defaultConfigurationIsVisible = 0;
			defaultConfigurationName = Debug;
		};
		D564153A8CF1A35B974FE202 /* Build configuration list for PBXNativeTarget "MedStation" */ = {
			isa = XCConfigurationList;
			buildConfigurations = (
				38296DEB77EF93C33C8F791D /* Debug */,
				EC68E68D05420BB22D1A16A6 /* Release */,
			);
			defaultConfigurationIsVisible = 0;
			defaultConfigurationName = Debug;
		};
/* End XCConfigurationList section */

/* Begin XCRemoteSwiftPackageReference section */
		B8262EE78A643253B9DE658C /* XCRemoteSwiftPackageReference "mlx-swift-lm" */ = {
			isa = XCRemoteSwiftPackageReference;
			repositoryURL = "https://github.com/ml-explore/mlx-swift-lm";
			requirement = {
				kind = upToNextMajorVersion;
				minimumVersion = 2.25.0;
			};
		};
/* End XCRemoteSwiftPackageReference section */

/* Begin XCSwiftPackageProductDependency section */
		298E3BE8C122A23BEA7AC599 /* MLXLMCommon */ = {
			isa = XCSwiftPackageProductDependency;
			package = B8262EE78A643253B9DE658C /* XCRemoteSwiftPackageReference "mlx-swift-lm" */;
			productName = MLXLMCommon;
		};
		72D2761A7056D9B5D2DD38AF /* MLXVLM */ = {
			isa = XCSwiftPackageProductDependency;
			package = B8262EE78A643253B9DE658C /* XCRemoteSwiftPackageReference "mlx-swift-lm" */;
			productName = MLXVLM;
		};
		9F38465A3A49EE4946E70EC3 /* MLXLLM */ = {
			isa = XCSwiftPackageProductDependency;
			package = B8262EE78A643253B9DE658C /* XCRemoteSwiftPackageReference "mlx-swift-lm" */;
			productName = MLXLLM;
		};
/* End XCSwiftPackageProductDependency section */
	};
	rootObject = 8B7C960B301252970918450F /* Project object */;
}
