// !$*UTF8*$!
{
	archiveVersion = 1;
	classes = {
	};
	objectVersion = 63;
	objects = {

/* Begin PBXBuildFile section */
		047B49149C254D87B631EEF6 /* CodeEditor.swift in Sources */ = {isa = PBXBuildFile; fileRef = 832F8059CDA346DF9163F393 /* CodeEditor.swift */; };
		0996D3B0B63B4CB29AE2EE9E /* VaultModels.swift in Sources */ = {isa = PBXBuildFile; fileRef = 18F56FEE06EB4480B335A64B /* VaultModels.swift */; };
		0ACEF63C75F74A6698462792 /* WorkflowService.swift in Sources */ = {isa = PBXBuildFile; fileRef = B02AE94CCC83473FB64BC7BD /* WorkflowService.swift */; };
		0D947EE6EB82E5CA0A1C19AD /* AppearanceSettingsView.swift in Sources */ = {isa = PBXBuildFile; fileRef = 13DC4777B1AC2DAB3002F1ED /* AppearanceSettingsView.swift */; };
		0D9919DA2238C21D1AEE7ECD /* AppContext.swift in Sources */ = {isa = PBXBuildFile; fileRef = 0672C7A8089F078868C15E1C /* AppContext.swift */; };
		0E2C0590E01037DE122C6D46 /* ModelsStore.swift in Sources */ = {isa = PBXBuildFile; fileRef = AA2B236333A555B822D41D3D /* ModelsStore.swift */; };
		109DA918F3F9F4DDC2D40B92 /* OrchestratorInitializer.swift in Sources */ = {isa = PBXBuildFile; fileRef = DF7780D6D6AD182EE79F5868 /* OrchestratorInitializer.swift */; };
		14616E192E7229B6AC06D069 /* CategoryRow.swift in Sources */ = {isa = PBXBuildFile; fileRef = FCD905DC8F3F6CEDED2604EA /* CategoryRow.swift */; };
		16118AFDE2324DDF8867D512 /* SettingsModels.swift in Sources */ = {isa = PBXBuildFile; fileRef = 5EAEA6C1E62949E989A455ED /* SettingsModels.swift */; };
		1807773E9FF774789EBDB576 /* ChatMessage.swift in Sources */ = {isa = PBXBuildFile; fileRef = F2C77CB5AF6C4202FD8D7161 /* ChatMessage.swift */; };
		197FE4FF4E34415F80B4AB4E /* NetworkSelector.swift in Sources */ = {isa = PBXBuildFile; fileRef = 2E0D4298405D4D92A0BCCC26 /* NetworkSelector.swift */; };
		1B5A3384079CD043E03E55EC /* WorkflowDashboardView.swift in Sources */ = {isa = PBXBuildFile; fileRef = 68C7A01DBA5D26E64121533A /* WorkflowDashboardView.swift */; };
		1F6C75B6ED0D4B9CBC80D2F3 /* AnyCodable.swift in Sources */ = {isa = PBXBuildFile; fileRef = 61A51A35C05D4A7A8724EE3B /* AnyCodable.swift */; };
		211EAE88C46AFC153675FAAA /* SystemCapabilityService.swift in Sources */ = {isa = PBXBuildFile; fileRef = 337B394F18138ED69FB88772 /* SystemCapabilityService.swift */; };
		21E71528368BABF2F2852CFE /* TerminalService.swift in Sources */ = {isa = PBXBuildFile; fileRef = C0D63ED6288BC106CB39D1BB /* TerminalService.swift */; };
		24CCD2C68B24A6B1BFA19456 /* TeamChatComponents.swift in Sources */ = {isa = PBXBuildFile; fileRef = 0451645C6D081B309C394FFB /* TeamChatComponents.swift */; };
		27A4D1543BA8BA0FA7604B95 /* ModelSelectorMenu.swift in Sources */ = {isa = PBXBuildFile; fileRef = CC12D8A6355AFFD9A5022863 /* ModelSelectorMenu.swift */; };
		284B09009A694A4E0263B311 /* ContentView.swift in Sources */ = {isa = PBXBuildFile; fileRef = DE1C4B939DAC9084AC244415 /* ContentView.swift */; };
		2CEBD6ED297D4874B6DDB1F6 /* SettingsStore.swift in Sources */ = {isa = PBXBuildFile; fileRef = 9FB81FC9D13D45848AE84D90 /* SettingsStore.swift */; };
		2EC9190DA5ACBD88DAC3DA69 /* HotSlotManager.swift in Sources */ = {isa = PBXBuildFile; fileRef = A077DE8B06259E85011EA57B /* HotSlotManager.swift */; };
		300738EC663DC3A85FC9519C /* ModelDetailModal.swift in Sources */ = {isa = PBXBuildFile; fileRef = FF0DA374D27198CAD23D3173 /* ModelDetailModal.swift */; };
		30393230363164342D646637312D343666382D613263632D /* ThreePaneLayout.swift in Sources */ = {isa = PBXBuildFile; fileRef = 31363739633266642D383665342D346232652D393037382D /* ThreePaneLayout.swift */; };
		33A28A605AE75CD2FDB67907 /* SettingsView.swift in Sources */ = {isa = PBXBuildFile; fileRef = 0555CDE5ACABDDEA3DA1834D /* SettingsView.swift */; };
		340D121B2E5149E6BF86D0B6 /* OllamaService.swift in Sources */ = {isa = PBXBuildFile; fileRef = 6EBEB2F057FF41A4A120A4DB /* OllamaService.swift */; };
		37D48B6A552673DBFCBB21B6 /* WorkflowCardView.swift in Sources */ = {isa = PBXBuildFile; fileRef = 58A9CD34F4FDC94F15684B48 /* WorkflowCardView.swift */; };
		3AEF6F15A9E949E7A20E3E10 /* DatabaseStore.swift in Sources */ = {isa = PBXBuildFile; fileRef = A6D0A604BB2D42F8996CC8C9 /* DatabaseStore.swift */; };
		3B0607AB6F5A44BABD952DDA /* WelcomeView.swift in Sources */ = {isa = PBXBuildFile; fileRef = 3DB05E6C67FE4427941ECD63 /* WelcomeView.swift */; };
		3BA3C53949C60E1DB0C5B12E /* ModelTag.swift in Sources */ = {isa = PBXBuildFile; fileRef = 2773A6C7CAE78696090B41B7 /* ModelTag.swift */; };
		3E58740ADC7316F324337786 /* HubModels.swift in Sources */ = {isa = PBXBuildFile; fileRef = E221F2C3BD9E5578CD6F60FC /* HubModels.swift */; };
		3EFF8BA28CFC830D62689E55 /* EmergencyConfirmationModal.swift in Sources */ = {isa = PBXBuildFile; fileRef = AED8C8EF1AB9724F43575821 /* EmergencyConfirmationModal.swift */; };
		403835D13F7BBA5B87DF4BC0 /* CodeEditorService.swift in Sources */ = {isa = PBXBuildFile; fileRef = 10F8272E2D6EF476FDDCC185 /* CodeEditorService.swift */; };
		419431498985644AE22A495A /* MagnetarHubWorkspace.swift in Sources */ = {isa = PBXBuildFile; fileRef = 1A2760AE2A83BCE0FEB660A5 /* MagnetarHubWorkspace.swift */; };
		453770E04F112E2C2E2A4A36 /* HeaderModels.swift in Sources */ = {isa = PBXBuildFile; fileRef = 1A5261BA0381BAC909F8C068 /* HeaderModels.swift */; };
		45B6CA56C285B6AA97DA07A4 /* QueueComponents.swift in Sources */ = {isa = PBXBuildFile; fileRef = 4AA3D182930C6B24DCA20C52 /* QueueComponents.swift */; };
		462E1B85191C4E7D6E5D04E1 /* EmergencyModeService.swift in Sources */ = {isa = PBXBuildFile; fileRef = BF608E6633F1DCE6E6542EBD /* EmergencyModeService.swift */; };
		47FF6B2EB6210A193845A4D6 /* DatabaseModals.swift in Sources */ = {isa = PBXBuildFile; fileRef = 1733DB00B1FF137572D11592 /* DatabaseModals.swift */; };
		4E5B3A8474FAD72E073C9871 /* ContextBundle.swift in Sources */ = {isa = PBXBuildFile; fileRef = E14DD2FC8D25B4ABB8A2326D /* ContextBundle.swift */; };
		4FCFAC2E0DD745DFB5813F74 /* NavigationRail.swift in Sources */ = {isa = PBXBuildFile; fileRef = 08785DE309A344AF8765E6BC /* NavigationRail.swift */; };
		500A346FB7ED4D9B9ADD8F0C /* SetupWizardView.swift in Sources */ = {isa = PBXBuildFile; fileRef = 624C9537C9E743BAB72D79DB /* SetupWizardView.swift */; };
		5029E04178BD64E5D248FDA2 /* QueueItemCard.swift in Sources */ = {isa = PBXBuildFile; fileRef = 1DD9755F803656A491BC9DD1 /* QueueItemCard.swift */; };
		5207F2487C759987813BB324 /* ModelDiscoveryModels.swift in Sources */ = {isa = PBXBuildFile; fileRef = 53DB5DE47A18C5A9E02B13EF /* ModelDiscoveryModels.swift */; };
		58E692E5B77C1E536C3E5117 /* AgentAssistCard.swift in Sources */ = {isa = PBXBuildFile; fileRef = D15890D5596882B29171E952 /* AgentAssistCard.swift */; };
		664594858BB924BBA1BFF3DD /* ModelMemoryTracker.swift in Sources */ = {isa = PBXBuildFile; fileRef = 37B8FC1C1C55127972DBE544 /* ModelMemoryTracker.swift */; };
		67FDD665DB0B426EA23C1F9F /* DatabaseModels.swift in Sources */ = {isa = PBXBuildFile; fileRef = 971E406BFD964D0DA7C3DB54 /* DatabaseModels.swift */; };
		6A525BB01A100E892A5E1D3F /* WorkflowBuilderView.swift in Sources */ = {isa = PBXBuildFile; fileRef = 181392C49DEAE5A86F4C528B /* WorkflowBuilderView.swift */; };
		6C6B9342084AED4C54919FE4 /* AgentModels.swift in Sources */ = {isa = PBXBuildFile; fileRef = 9BAFA952AE4C72B1AEABD4C6 /* AgentModels.swift */; };
		6D61AC05F21D85942E23EDB0 /* FileAccessPermissionModal.swift in Sources */ = {isa = PBXBuildFile; fileRef = FFCA25F1A54EEEE41A231647 /* FileAccessPermissionModal.swift */; };
		6E29B084EF0AB46C6DFB6D23 /* ContextService.swift in Sources */ = {isa = PBXBuildFile; fileRef = C043D3F1AFA96A4DDC52FAA0 /* ContextService.swift */; };
		6F8590DFCF92476BB18FB1FF /* KeychainService.swift in Sources */ = {isa = PBXBuildFile; fileRef = 3A959626C53B4237AD1DD881 /* KeychainService.swift */; };
		72223FF3C75F1AFAC58365A7 /* KanbanModels.swift in Sources */ = {isa = PBXBuildFile; fileRef = DEF80F8B0EF0149E932077F9 /* KanbanModels.swift */; };
		74D8E0306527B74CAD6AB3F8 /* ControlCenterSheet.swift in Sources */ = {isa = PBXBuildFile; fileRef = 8B185920987FF40C42A24A06 /* ControlCenterSheet.swift */; };
		7B7E8A766BB7FC3F6725F19B /* DatabaseWorkspace.swift in Sources */ = {isa = PBXBuildFile; fileRef = A90C0C6D0ED2910BC2EE2A2D /* DatabaseWorkspace.swift */; };
		7D52C320EC4DC723D4A73932 /* SecuritySettingsView.swift in Sources */ = {isa = PBXBuildFile; fileRef = 84BA14924AAE8B77761B548B /* SecuritySettingsView.swift */; };
		7F361B205D3FD59F74F18AB8 /* WorkflowAnalyticsModels.swift in Sources */ = {isa = PBXBuildFile; fileRef = C70DAEBD9922168A2B6BCBF6 /* WorkflowAnalyticsModels.swift */; };
		8070383B0926FBAD64A94461 /* TeamModals.swift in Sources */ = {isa = PBXBuildFile; fileRef = 4205E4368F6655584595587C /* TeamModals.swift */; };
		8151AB8F8D128C4FE220C6A6 /* CodeWorkspace.swift in Sources */ = {isa = PBXBuildFile; fileRef = 2311BD5A73E62FEED76C9A13 /* CodeWorkspace.swift */; };
		81DDEA5E188C808C64D84751 /* KanbanService.swift in Sources */ = {isa = PBXBuildFile; fileRef = 76B654E79648895F9402737A /* KanbanService.swift */; };
		86B7A0EDAC440B41E6FA5710 /* VaultWorkspaceView.swift in Sources */ = {isa = PBXBuildFile; fileRef = 17B48CFFB13864D1927C04F8 /* VaultWorkspaceView.swift */; };
		87AC91711BE8494C52DC1524 /* Colors.swift in Sources */ = {isa = PBXBuildFile; fileRef = 35C17D9C1722F2E28A8F923C /* Colors.swift */; };
		8A64FEB61B5FD3D071FB41CA /* SettingsHelpers.swift in Sources */ = {isa = PBXBuildFile; fileRef = 1BABB5F6A676E347E4ACE40A /* SettingsHelpers.swift */; };
		8D5D7DF58BE6BAF3A63551BA /* ModelRoutingDecision.swift in Sources */ = {isa = PBXBuildFile; fileRef = 9CD166ACB45A69C9897FFFA3 /* ModelRoutingDecision.swift */; };
		9321F3F615C1FF90BDC69F93 /* DocsWorkspaceView.swift in Sources */ = {isa = PBXBuildFile; fileRef = 786CB632E145399E3EDC4820 /* DocsWorkspaceView.swift */; };
		941292876F3B5AAD09D4BE8F /* WorkflowDesignerView.swift in Sources */ = {isa = PBXBuildFile; fileRef = D5A0FB3AB9BEAFE307364AF6 /* WorkflowDesignerView.swift */; };
		9567EB5AF9A8C73D29DD0EA6 /* APIClient.swift in Sources */ = {isa = PBXBuildFile; fileRef = 7F77D79421B014D8C65EC2CF /* APIClient.swift */; };
		965A14789C7D4F6BB6F09F0B /* LoadingView.swift in Sources */ = {isa = PBXBuildFile; fileRef = 28E3301816CD44269E126C96 /* LoadingView.swift */; };
		A389EB1998243859B3C3DF28 /* ModelLibraryService.swift in Sources */ = {isa = PBXBuildFile; fileRef = A0C17E6398CC912A0D8702EE /* ModelLibraryService.swift */; };
		A4252432A1107ED7053F0BB5 /* PanicModeSheet.swift in Sources */ = {isa = PBXBuildFile; fileRef = 5AA9D046DA2BBDADF3FB5FF4 /* PanicModeSheet.swift */; };
		AC6DF635275F4E798D506030 /* WorkflowModels.swift in Sources */ = {isa = PBXBuildFile; fileRef = D5A9F666CAE746EDB38AE581 /* WorkflowModels.swift */; };
		ACE46F47F06B47B954AA36F5 /* ModelCard.swift in Sources */ = {isa = PBXBuildFile; fileRef = 3CD03E1F0B393F0E8465CF87 /* ModelCard.swift */; };
		AD18AD81EDBC4EF8AC097789 /* SettingsService.swift in Sources */ = {isa = PBXBuildFile; fileRef = 26E9E5E9E5784B339818979B /* SettingsService.swift */; };
		ADCF9FE38E8746F816414C61 /* APISettingsView.swift in Sources */ = {isa = PBXBuildFile; fileRef = C8166B48B028FD3CE0A19F60 /* APISettingsView.swift */; };
		ADE5B2D77F847B837C70A2E6 /* WorkflowQueueModels.swift in Sources */ = {isa = PBXBuildFile; fileRef = E9DC720A6D6990C4CFE6EB62 /* WorkflowQueueModels.swift */; };
		AEBBD28E489D89C49337B46B /* VaultAdminPanel.swift in Sources */ = {isa = PBXBuildFile; fileRef = 37F355A75223BD31BF23FE9E /* VaultAdminPanel.swift */; };
		AF1274E50C8EE2F7C762F73F /* DataLabView.swift in Sources */ = {isa = PBXBuildFile; fileRef = 89716A7193DFB13FD786929D /* DataLabView.swift */; };
		AF781F424F0FB8869FFC1F1B /* KanbanRows.swift in Sources */ = {isa = PBXBuildFile; fileRef = 1E2B507942CA31394CF87244 /* KanbanRows.swift */; };
		AFCFCED70C194916B99900CC /* ChatService.swift in Sources */ = {isa = PBXBuildFile; fileRef = 67700E88177E4318A9F9D842 /* ChatService.swift */; };
		B26079A82010865BEB4483C2 /* WorkflowAnalyticsView.swift in Sources */ = {isa = PBXBuildFile; fileRef = 9F52290D220C60A04F37F79C /* WorkflowAnalyticsView.swift */; };
		B448DB491B1FCE4EF58F9F71 /* DatabaseComponents.swift in Sources */ = {isa = PBXBuildFile; fileRef = D8ED05D16761B5A52D844CF7 /* DatabaseComponents.swift */; };
		B64BDA375B00040180CE49A6 /* TeamWorkspace.swift in Sources */ = {isa = PBXBuildFile; fileRef = 1EA14AC49CC3C7EE3D89EE05 /* TeamWorkspace.swift */; };
		B7F35166C175F506F791C634 /* WorkflowGrid.swift in Sources */ = {isa = PBXBuildFile; fileRef = 46C6F9C65BD57850E16B8E89 /* WorkflowGrid.swift */; };
		B93263A762E279A86B0E1F43 /* MetricCard.swift in Sources */ = {isa = PBXBuildFile; fileRef = 80E8F3E349787A7F13EE9989 /* MetricCard.swift */; };
		B97B1A4B2A1F47F293CA5768 /* ChatModels.swift in Sources */ = {isa = PBXBuildFile; fileRef = BFB37B6A745242FDB043D334 /* ChatModels.swift */; };
		BB731D1464F600521BAB2526 /* ModelManagementSettingsView.swift in Sources */ = {isa = PBXBuildFile; fileRef = 20907FD471EE97E659184AAC /* ModelManagementSettingsView.swift */; };
		BD7253C573C97E44DCD6BE0A /* GlassButton.swift in Sources */ = {isa = PBXBuildFile; fileRef = 5C5B7D185B4D1BE3FF14F5F6 /* GlassButton.swift */; };
		BE5BC333C517B0398252C865 /* ModelRecommendationService.swift in Sources */ = {isa = PBXBuildFile; fileRef = A7F6B585438FCCD38BEB7E4E /* ModelRecommendationService.swift */; };
		BFB7C496A928E4A8C4FB4463 /* KanbanWorkspace.swift in Sources */ = {isa = PBXBuildFile; fileRef = 2D684EFED023D2A6542AAB1F /* KanbanWorkspace.swift */; };
		BFD8871A31B827EB8BE07D8D /* StagePerformanceTable.swift in Sources */ = {isa = PBXBuildFile; fileRef = 6031A3F0EC42EA6C42386DBF /* StagePerformanceTable.swift */; };
		C0BBF6544683748DF15A980B /* TeamService.swift in Sources */ = {isa = PBXBuildFile; fileRef = E03654A7DB82435A07B213DD /* TeamService.swift */; };
		C275F79B51284D3B82881368 /* VaultService.swift in Sources */ = {isa = PBXBuildFile; fileRef = 399E593F40D14E5AAD83D8EA /* VaultService.swift */; };
		C39387A4041537956C59BAFC /* LiquidGlassPanel.swift in Sources */ = {isa = PBXBuildFile; fileRef = 842DAEC1F81C99999F03FF53 /* LiquidGlassPanel.swift */; };
		C3E44FEBE2074BE4B381E33E /* AuthService.swift in Sources */ = {isa = PBXBuildFile; fileRef = 18F8E78737774D21B8C95D37 /* AuthService.swift */; };
		C4D33031AF8A4EDDAFDA3841 /* Header.swift in Sources */ = {isa = PBXBuildFile; fileRef = F85CE2F0DE5343879EB18743 /* Header.swift */; };
		C53221D23E846FE6D425B460 /* EditDocumentModal.swift in Sources */ = {isa = PBXBuildFile; fileRef = E581C17B318E0B2B62A104F1 /* EditDocumentModal.swift */; };
		C5DE8EEB7CE2C2BF8F02B802 /* MagnetarCloudSettingsView.swift in Sources */ = {isa = PBXBuildFile; fileRef = ADF668599FE3C90653A436E2 /* MagnetarCloudSettingsView.swift */; };
		C6F6EB90EF484C51BF4451F3 /* AuthStore.swift in Sources */ = {isa = PBXBuildFile; fileRef = 00280C486C0A463EACC552E6 /* AuthStore.swift */; };
		C8CE1D6E95657B5967D53579 /* BiometricAuthService.swift in Sources */ = {isa = PBXBuildFile; fileRef = A904439226AE3F48234C22A0 /* BiometricAuthService.swift */; };
		CA2EC71E90324844890DF29C /* SidebarTabs.swift in Sources */ = {isa = PBXBuildFile; fileRef = A2B42850187A449F9B295DF2 /* SidebarTabs.swift */; };
		CC297974B1F32A1CB838E79F /* WorkflowDashboardModels.swift in Sources */ = {isa = PBXBuildFile; fileRef = 1433426296987C711963E4B6 /* WorkflowDashboardModels.swift */; };
		CD0E0853A1FAE27A3518557A /* ModelEnrichmentService.swift in Sources */ = {isa = PBXBuildFile; fileRef = 52327976284A111B087DC761 /* ModelEnrichmentService.swift */; };
		CD851BE5E0D7AB9D5519B9A7 /* NewDocumentModal.swift in Sources */ = {isa = PBXBuildFile; fileRef = 5ADD9516A7A1CEB080FDEDF3 /* NewDocumentModal.swift */; };
		CD962EF759DB961BF7FBCEEE /* HeaderComponents.swift in Sources */ = {isa = PBXBuildFile; fileRef = 994B66D5357CD6810E75411D /* HeaderComponents.swift */; };
		D201E89388F45116C43DBB42 /* LibraryModelRow.swift in Sources */ = {isa = PBXBuildFile; fileRef = 53776A551B485D6A1CAA1EAA /* LibraryModelRow.swift */; };
		D2C513BE2EE0E6E8009A772A /* ModelTagService.swift in Sources */ = {isa = PBXBuildFile; fileRef = D2C513BD2EE0E6E8009A772A /* ModelTagService.swift */; };
		D2C513C02EE0F018009A772A /* ModelTagEditorSheet.swift in Sources */ = {isa = PBXBuildFile; fileRef = D2C513BF2EE0F018009A772A /* ModelTagEditorSheet.swift */; };
		D2CCB34F2EDE7C5E00E20014 /* SecurityManager.swift in Sources */ = {isa = PBXBuildFile; fileRef = D2CCB34E2EDE7C5E00E20014 /* SecurityManager.swift */; };
		D2CCB3512EDE7C8200E20014 /* NetworkFirewallProtocol.swift in Sources */ = {isa = PBXBuildFile; fileRef = D2CCB3502EDE7C8200E20014 /* NetworkFirewallProtocol.swift */; };
		D2CCB3532EDE7C9E00E20014 /* NetworkApprovalModal.swift in Sources */ = {isa = PBXBuildFile; fileRef = D2CCB3522EDE7C9E00E20014 /* NetworkApprovalModal.swift */; };
		D2CCB3552EDE7CC000E20014 /* NetworkFirewallModifier.swift in Sources */ = {isa = PBXBuildFile; fileRef = D2CCB3542EDE7CC000E20014 /* NetworkFirewallModifier.swift */; };
		D2F4756D2EDFBA8400F95E34 /* ModelManagerWindow.swift in Sources */ = {isa = PBXBuildFile; fileRef = D2F4756C2EDFBA8400F95E34 /* ModelManagerWindow.swift */; };
		D2F4756F2EDFBAA100F95E34 /* SmartModelPicker.swift in Sources */ = {isa = PBXBuildFile; fileRef = D2F4756E2EDFBAA100F95E34 /* SmartModelPicker.swift */; };
		D3328E1213054F595CC7CC59 /* KanbanModals.swift in Sources */ = {isa = PBXBuildFile; fileRef = 611796B61D64D3EA27C7F979 /* KanbanModals.swift */; };
		DB28DB0D790B392C74C6EDD6 /* EmergencyModeModels.swift in Sources */ = {isa = PBXBuildFile; fileRef = E02A48E61DFB2D3B96971D9F /* EmergencyModeModels.swift */; };
		DCDAABB5974AD7C5B606F181 /* WorkflowTabButton.swift in Sources */ = {isa = PBXBuildFile; fileRef = BBE06911108B1F5DEE2D80A4 /* WorkflowTabButton.swift */; };
		DEBEE5BEF8FFE2128470853D /* AppleFMOrchestrator.swift in Sources */ = {isa = PBXBuildFile; fileRef = 1CEFDC9D3501139A38812C68 /* AppleFMOrchestrator.swift */; };
		E17B166B1C783211B6290194 /* PanicModeService.swift in Sources */ = {isa = PBXBuildFile; fileRef = E4A86189DF1FE9A17A22F231 /* PanicModeService.swift */; };
		E3EF3A1151488AE1218179A8 /* AutomationWorkspaceView.swift in Sources */ = {isa = PBXBuildFile; fileRef = AAA2269970A9B04DD1CB88BE /* AutomationWorkspaceView.swift */; };
		E43D02ED7EF615C88FA702E8 /* GeneralSettingsView.swift in Sources */ = {isa = PBXBuildFile; fileRef = E5A1AD8316D6DA8D4B2FEF45 /* GeneralSettingsView.swift */; };
		E4C417A6ECAA4E4DAFBF3882 /* WorkflowStore.swift in Sources */ = {isa = PBXBuildFile; fileRef = C8B00CD34FC941DB87FE17B3 /* WorkflowStore.swift */; };
		E597B05474B74E02887E7C99 /* FileUpload.swift in Sources */ = {isa = PBXBuildFile; fileRef = DC1DB0ED9A1D41F89804F805 /* FileUpload.swift */; };
		E65EDDCF022977AA1854B1AA /* MagnetarStudioApp.swift in Sources */ = {isa = PBXBuildFile; fileRef = 0369ADDFF9623D901CC8207E /* MagnetarStudioApp.swift */; };
		E68789013473A49D03D15C8B /* ChatWorkspace.swift in Sources */ = {isa = PBXBuildFile; fileRef = FA268C85AA8894BC92182D94 /* ChatWorkspace.swift */; };
		E6F67D648E370A7017CB08A0 /* ResourceMonitor.swift in Sources */ = {isa = PBXBuildFile; fileRef = A44572DB91B6E7FBABC82A1A /* ResourceMonitor.swift */; };
		E7655B4CD26D4096BB36C64E /* NetworkChatStore.swift in Sources */ = {isa = PBXBuildFile; fileRef = CC1A48A6AB2B47E091FD7A11 /* NetworkChatStore.swift */; };
		E80D6A747358ABC244FB51EC /* VaultComponents.swift in Sources */ = {isa = PBXBuildFile; fileRef = FA41B0C7CACB6D1CA954CD7D /* VaultComponents.swift */; };
		E840DDF0BB59FF2E5EFCF7DD /* VaultSetupWizardView.swift in Sources */ = {isa = PBXBuildFile; fileRef = CBAFCA059EFBB30832A7C3B2 /* VaultSetupWizardView.swift */; };
		E8E0336CBB99E532C5484361 /* NavigationStore.swift in Sources */ = {isa = PBXBuildFile; fileRef = E0B5547ECD973EFF39678E79 /* NavigationStore.swift */; };
		EA7137A1464248E4B3DA0B7E /* VaultStore.swift in Sources */ = {isa = PBXBuildFile; fileRef = D400216101AE4ABBA95512A5 /* VaultStore.swift */; };
		EBFCB595C54024DFB31B5D56 /* ChatStore.swift in Sources */ = {isa = PBXBuildFile; fileRef = E62FD8B9DE028C44A2F0816E /* ChatStore.swift */; };
		EFBA62F8E6B41580CE0730B2 /* User.swift in Sources */ = {isa = PBXBuildFile; fileRef = 5A9CA03F945469535A06F816 /* User.swift */; };
		F022EFDF45C31A5A57071299 /* KeychainManager.swift in Sources */ = {isa = PBXBuildFile; fileRef = B462A62F24C04C9E66B2D0CD /* KeychainManager.swift */; };
		F03107872F22738D05B54CAE /* WorkflowQueueView.swift in Sources */ = {isa = PBXBuildFile; fileRef = FC37E911002B5D5042A19F36 /* WorkflowQueueView.swift */; };
		F213D481455BA14BC15B7BE4 /* DotPattern.swift in Sources */ = {isa = PBXBuildFile; fileRef = D37009FC1ECC7770D86FFB7F /* DotPattern.swift */; };
		F52CC6633BFB9B995A499F78 /* TeamChatModals.swift in Sources */ = {isa = PBXBuildFile; fileRef = 6CE26C88BCDE81BD11937A38 /* TeamChatModals.swift */; };
		F68ABDC7B8A04CCA9B1DE635 /* DatabaseService.swift in Sources */ = {isa = PBXBuildFile; fileRef = 98E7B59E6EB249EAA0A73897 /* DatabaseService.swift */; };
		F8B8DDCFEE83420FC10991CD /* VaultPermissionManager.swift in Sources */ = {isa = PBXBuildFile; fileRef = B99032061A118F3658F78070 /* VaultPermissionManager.swift */; };
		FA145C7E3B82413ABC4FBDEF /* ResultsTable.swift in Sources */ = {isa = PBXBuildFile; fileRef = 62BA9229DF934A44B0D3CBC5 /* ResultsTable.swift */; };
/* End PBXBuildFile section */

/* Begin PBXFileReference section */
		00280C486C0A463EACC552E6 /* AuthStore.swift */ = {isa = PBXFileReference; lastKnownFileType = sourcecode.swift; path = AuthStore.swift; sourceTree = "<group>"; };
		0369ADDFF9623D901CC8207E /* MagnetarStudioApp.swift */ = {isa = PBXFileReference; lastKnownFileType = sourcecode.swift; path = MagnetarStudioApp.swift; sourceTree = "<group>"; };
		0451645C6D081B309C394FFB /* TeamChatComponents.swift */ = {isa = PBXFileReference; includeInIndex = 1; lastKnownFileType = sourcecode.swift; name = TeamChatComponents.swift; path = TeamChat/TeamChatComponents.swift; sourceTree = "<group>"; };
		0455A9F7466D8484E318C350 /* AppearanceSettingsView.swift */ = {isa = PBXFileReference; includeInIndex = 1; lastKnownFileType = sourcecode.swift; name = AppearanceSettingsView.swift; path = Settings/AppearanceSettingsView.swift; sourceTree = "<group>"; };
		0555CDE5ACABDDEA3DA1834D /* SettingsView.swift */ = {isa = PBXFileReference; lastKnownFileType = sourcecode.swift; path = SettingsView.swift; sourceTree = "<group>"; };
		0672C7A8089F078868C15E1C /* AppContext.swift */ = {isa = PBXFileReference; includeInIndex = 1; lastKnownFileType = sourcecode.swift; path = AppContext.swift; sourceTree = "<group>"; };
		08785DE309A344AF8765E6BC /* NavigationRail.swift */ = {isa = PBXFileReference; lastKnownFileType = sourcecode.swift; path = NavigationRail.swift; sourceTree = "<group>"; };
		103BCE5F6B11D8ACD6D6DDF6 /* ModelManagerWindow.swift */ = {isa = PBXFileReference; includeInIndex = 1; lastKnownFileType = sourcecode.swift; name = ModelManagerWindow.swift; path = ModelManagerWindow.swift; sourceTree = "<group>"; };
		10F8272E2D6EF476FDDCC185 /* CodeEditorService.swift */ = {isa = PBXFileReference; includeInIndex = 1; lastKnownFileType = sourcecode.swift; path = CodeEditorService.swift; sourceTree = "<group>"; };
		13DC4777B1AC2DAB3002F1ED /* AppearanceSettingsView.swift */ = {isa = PBXFileReference; includeInIndex = 1; lastKnownFileType = sourcecode.swift; name = AppearanceSettingsView.swift; path = Settings/AppearanceSettingsView.swift; sourceTree = "<group>"; };
		1433426296987C711963E4B6 /* WorkflowDashboardModels.swift */ = {isa = PBXFileReference; includeInIndex = 1; lastKnownFileType = sourcecode.swift; path = WorkflowDashboardModels.swift; sourceTree = "<group>"; };
		1733DB00B1FF137572D11592 /* DatabaseModals.swift */ = {isa = PBXFileReference; includeInIndex = 1; lastKnownFileType = sourcecode.swift; name = DatabaseModals.swift; path = ../../../macOS/Workspaces/Database/DatabaseModals.swift; sourceTree = "<group>"; };
		17B48CFFB13864D1927C04F8 /* VaultWorkspaceView.swift */ = {isa = PBXFileReference; includeInIndex = 1; lastKnownFileType = sourcecode.swift; name = VaultWorkspaceView.swift; path = Vault/VaultWorkspaceView.swift; sourceTree = "<group>"; };
		181392C49DEAE5A86F4C528B /* WorkflowBuilderView.swift */ = {isa = PBXFileReference; includeInIndex = 1; lastKnownFileType = sourcecode.swift; path = WorkflowBuilderView.swift; sourceTree = "<group>"; };
		18F56FEE06EB4480B335A64B /* VaultModels.swift */ = {isa = PBXFileReference; lastKnownFileType = sourcecode.swift; path = VaultModels.swift; sourceTree = "<group>"; };
		18F8E78737774D21B8C95D37 /* AuthService.swift */ = {isa = PBXFileReference; lastKnownFileType = sourcecode.swift; path = AuthService.swift; sourceTree = "<group>"; };
		1A2760AE2A83BCE0FEB660A5 /* MagnetarHubWorkspace.swift */ = {isa = PBXFileReference; lastKnownFileType = sourcecode.swift; path = MagnetarHubWorkspace.swift; sourceTree = "<group>"; };
		1A5261BA0381BAC909F8C068 /* HeaderModels.swift */ = {isa = PBXFileReference; includeInIndex = 1; lastKnownFileType = sourcecode.swift; name = HeaderModels.swift; path = Shared/Components/Header/HeaderModels.swift; sourceTree = "<group>"; };
		1BABB5F6A676E347E4ACE40A /* SettingsHelpers.swift */ = {isa = PBXFileReference; includeInIndex = 1; lastKnownFileType = sourcecode.swift; name = SettingsHelpers.swift; path = Settings/SettingsHelpers.swift; sourceTree = "<group>"; };
		1CEFDC9D3501139A38812C68 /* AppleFMOrchestrator.swift */ = {isa = PBXFileReference; includeInIndex = 1; lastKnownFileType = sourcecode.swift; path = AppleFMOrchestrator.swift; sourceTree = "<group>"; };
		1DD9755F803656A491BC9DD1 /* QueueItemCard.swift */ = {isa = PBXFileReference; includeInIndex = 1; lastKnownFileType = sourcecode.swift; path = QueueItemCard.swift; sourceTree = "<group>"; };
		1E2B507942CA31394CF87244 /* KanbanRows.swift */ = {isa = PBXFileReference; includeInIndex = 1; lastKnownFileType = sourcecode.swift; path = KanbanRows.swift; sourceTree = "<group>"; };
		1EA14AC49CC3C7EE3D89EE05 /* TeamWorkspace.swift */ = {isa = PBXFileReference; lastKnownFileType = sourcecode.swift; path = TeamWorkspace.swift; sourceTree = "<group>"; };
		20907FD471EE97E659184AAC /* ModelManagementSettingsView.swift */ = {isa = PBXFileReference; includeInIndex = 1; lastKnownFileType = sourcecode.swift; name = ModelManagementSettingsView.swift; path = Settings/ModelManagementSettingsView.swift; sourceTree = "<group>"; };
		2311BD5A73E62FEED76C9A13 /* CodeWorkspace.swift */ = {isa = PBXFileReference; includeInIndex = 1; lastKnownFileType = sourcecode.swift; path = CodeWorkspace.swift; sourceTree = "<group>"; };
		26E9E5E9E5784B339818979B /* SettingsService.swift */ = {isa = PBXFileReference; lastKnownFileType = sourcecode.swift; path = SettingsService.swift; sourceTree = "<group>"; };
		2773A6C7CAE78696090B41B7 /* ModelTag.swift */ = {isa = PBXFileReference; includeInIndex = 1; lastKnownFileType = sourcecode.swift; name = ModelTag.swift; path = ModelTag.swift; sourceTree = "<group>"; };
		28E3301816CD44269E126C96 /* LoadingView.swift */ = {isa = PBXFileReference; lastKnownFileType = sourcecode.swift; path = LoadingView.swift; sourceTree = "<group>"; };
		2C969A3D6C92097E6DF1F837 /* MagnetarStudio.app */ = {isa = PBXFileReference; explicitFileType = wrapper.application; includeInIndex = 0; path = MagnetarStudio.app; sourceTree = BUILT_PRODUCTS_DIR; };
		2D684EFED023D2A6542AAB1F /* KanbanWorkspace.swift */ = {isa = PBXFileReference; lastKnownFileType = sourcecode.swift; path = KanbanWorkspace.swift; sourceTree = "<group>"; };
		2E0D4298405D4D92A0BCCC26 /* NetworkSelector.swift */ = {isa = PBXFileReference; lastKnownFileType = sourcecode.swift; path = NetworkSelector.swift; sourceTree = "<group>"; };
		31363739633266642D383665342D346232652D393037382D /* ThreePaneLayout.swift */ = {isa = PBXFileReference; lastKnownFileType = sourcecode.swift; path = ThreePaneLayout.swift; sourceTree = "<group>"; };
		337B394F18138ED69FB88772 /* SystemCapabilityService.swift */ = {isa = PBXFileReference; includeInIndex = 1; lastKnownFileType = sourcecode.swift; path = SystemCapabilityService.swift; sourceTree = "<group>"; };
		34C29524468D14A613725CA8 /* ControlCenterSheet.swift */ = {isa = PBXFileReference; includeInIndex = 1; lastKnownFileType = sourcecode.swift; name = ControlCenterSheet.swift; path = Shared/Components/Header/ControlCenterSheet.swift; sourceTree = "<group>"; };
		35C17D9C1722F2E28A8F923C /* Colors.swift */ = {isa = PBXFileReference; lastKnownFileType = sourcecode.swift; path = Colors.swift; sourceTree = "<group>"; };
		37B8FC1C1C55127972DBE544 /* ModelMemoryTracker.swift */ = {isa = PBXFileReference; includeInIndex = 1; lastKnownFileType = sourcecode.swift; path = ModelMemoryTracker.swift; sourceTree = "<group>"; };
		37F355A75223BD31BF23FE9E /* VaultAdminPanel.swift */ = {isa = PBXFileReference; includeInIndex = 1; lastKnownFileType = sourcecode.swift; name = VaultAdminPanel.swift; path = Panels/VaultAdminPanel.swift; sourceTree = "<group>"; };
		399E593F40D14E5AAD83D8EA /* VaultService.swift */ = {isa = PBXFileReference; lastKnownFileType = sourcecode.swift; path = VaultService.swift; sourceTree = "<group>"; };
		3A959626C53B4237AD1DD881 /* KeychainService.swift */ = {isa = PBXFileReference; lastKnownFileType = sourcecode.swift; path = KeychainService.swift; sourceTree = "<group>"; };
		3CD03E1F0B393F0E8465CF87 /* ModelCard.swift */ = {isa = PBXFileReference; includeInIndex = 1; lastKnownFileType = sourcecode.swift; name = ModelCard.swift; path = MagnetarHub/ModelCard.swift; sourceTree = "<group>"; };
		3DB05E6C67FE4427941ECD63 /* WelcomeView.swift */ = {isa = PBXFileReference; lastKnownFileType = sourcecode.swift; path = WelcomeView.swift; sourceTree = "<group>"; };
		4205E4368F6655584595587C /* TeamModals.swift */ = {isa = PBXFileReference; includeInIndex = 1; lastKnownFileType = sourcecode.swift; name = TeamModals.swift; path = Team/TeamModals.swift; sourceTree = "<group>"; };
		4560BB5E2F09DC5748C01FF5 /* HeaderModels.swift */ = {isa = PBXFileReference; includeInIndex = 1; lastKnownFileType = sourcecode.swift; name = HeaderModels.swift; path = Shared/Components/Header/HeaderModels.swift; sourceTree = "<group>"; };
		46C6F9C65BD57850E16B8E89 /* WorkflowGrid.swift */ = {isa = PBXFileReference; includeInIndex = 1; lastKnownFileType = sourcecode.swift; path = WorkflowGrid.swift; sourceTree = "<group>"; };
		4AA3D182930C6B24DCA20C52 /* QueueComponents.swift */ = {isa = PBXFileReference; includeInIndex = 1; lastKnownFileType = sourcecode.swift; path = QueueComponents.swift; sourceTree = "<group>"; };
		52327976284A111B087DC761 /* ModelEnrichmentService.swift */ = {isa = PBXFileReference; includeInIndex = 1; lastKnownFileType = sourcecode.swift; path = ModelEnrichmentService.swift; sourceTree = "<group>"; };
		53776A551B485D6A1CAA1EAA /* LibraryModelRow.swift */ = {isa = PBXFileReference; includeInIndex = 1; lastKnownFileType = sourcecode.swift; name = LibraryModelRow.swift; path = macOS/Workspaces/ModelDiscovery/LibraryModelRow.swift; sourceTree = "<group>"; };
		53DB5DE47A18C5A9E02B13EF /* ModelDiscoveryModels.swift */ = {isa = PBXFileReference; includeInIndex = 1; lastKnownFileType = sourcecode.swift; name = ModelDiscoveryModels.swift; path = macOS/Workspaces/ModelDiscovery/ModelDiscoveryModels.swift; sourceTree = "<group>"; };
		58A9CD34F4FDC94F15684B48 /* WorkflowCardView.swift */ = {isa = PBXFileReference; includeInIndex = 1; lastKnownFileType = sourcecode.swift; path = WorkflowCardView.swift; sourceTree = "<group>"; };
		5A9CA03F945469535A06F816 /* User.swift */ = {isa = PBXFileReference; lastKnownFileType = sourcecode.swift; path = User.swift; sourceTree = "<group>"; };
		5AA9D046DA2BBDADF3FB5FF4 /* PanicModeSheet.swift */ = {isa = PBXFileReference; includeInIndex = 1; lastKnownFileType = sourcecode.swift; name = PanicModeSheet.swift; path = Shared/Components/Header/PanicModeSheet.swift; sourceTree = "<group>"; };
		5ADD9516A7A1CEB080FDEDF3 /* NewDocumentModal.swift */ = {isa = PBXFileReference; includeInIndex = 1; lastKnownFileType = sourcecode.swift; name = NewDocumentModal.swift; path = ../../Shared/Views/Team/NewDocumentModal.swift; sourceTree = "<group>"; };
		5C5B7D185B4D1BE3FF14F5F6 /* GlassButton.swift */ = {isa = PBXFileReference; lastKnownFileType = sourcecode.swift; path = GlassButton.swift; sourceTree = "<group>"; };
		5EAEA6C1E62949E989A455ED /* SettingsModels.swift */ = {isa = PBXFileReference; lastKnownFileType = sourcecode.swift; path = SettingsModels.swift; sourceTree = "<group>"; };
		6031A3F0EC42EA6C42386DBF /* StagePerformanceTable.swift */ = {isa = PBXFileReference; includeInIndex = 1; lastKnownFileType = sourcecode.swift; path = StagePerformanceTable.swift; sourceTree = "<group>"; };
		611796B61D64D3EA27C7F979 /* KanbanModals.swift */ = {isa = PBXFileReference; includeInIndex = 1; lastKnownFileType = sourcecode.swift; path = KanbanModals.swift; sourceTree = "<group>"; };
		61A51A35C05D4A7A8724EE3B /* AnyCodable.swift */ = {isa = PBXFileReference; lastKnownFileType = sourcecode.swift; path = AnyCodable.swift; sourceTree = "<group>"; };
		624C9537C9E743BAB72D79DB /* SetupWizardView.swift */ = {isa = PBXFileReference; lastKnownFileType = sourcecode.swift; path = SetupWizardView.swift; sourceTree = "<group>"; };
		62BA9229DF934A44B0D3CBC5 /* ResultsTable.swift */ = {isa = PBXFileReference; lastKnownFileType = sourcecode.swift; path = ResultsTable.swift; sourceTree = "<group>"; };
		67700E88177E4318A9F9D842 /* ChatService.swift */ = {isa = PBXFileReference; lastKnownFileType = sourcecode.swift; path = ChatService.swift; sourceTree = "<group>"; };
		68C7A01DBA5D26E64121533A /* WorkflowDashboardView.swift */ = {isa = PBXFileReference; includeInIndex = 1; lastKnownFileType = sourcecode.swift; path = WorkflowDashboardView.swift; sourceTree = "<group>"; };
		6CE26C88BCDE81BD11937A38 /* TeamChatModals.swift */ = {isa = PBXFileReference; includeInIndex = 1; lastKnownFileType = sourcecode.swift; name = TeamChatModals.swift; path = TeamChat/TeamChatModals.swift; sourceTree = "<group>"; };
		6EBEB2F057FF41A4A120A4DB /* OllamaService.swift */ = {isa = PBXFileReference; lastKnownFileType = sourcecode.swift; path = OllamaService.swift; sourceTree = "<group>"; };
		758F62B637F9DF75E26BAB65 /* Info.plist */ = {isa = PBXFileReference; lastKnownFileType = text.plist; path = Info.plist; sourceTree = "<group>"; };
		76B654E79648895F9402737A /* KanbanService.swift */ = {isa = PBXFileReference; includeInIndex = 1; lastKnownFileType = sourcecode.swift; path = KanbanService.swift; sourceTree = "<group>"; };
		7767622EED14E1BE4AF9547F /* GeneralSettingsView.swift */ = {isa = PBXFileReference; includeInIndex = 1; lastKnownFileType = sourcecode.swift; name = GeneralSettingsView.swift; path = Settings/GeneralSettingsView.swift; sourceTree = "<group>"; };
		786CB632E145399E3EDC4820 /* DocsWorkspaceView.swift */ = {isa = PBXFileReference; includeInIndex = 1; lastKnownFileType = sourcecode.swift; name = DocsWorkspaceView.swift; path = Docs/DocsWorkspaceView.swift; sourceTree = "<group>"; };
		7F77D79421B014D8C65EC2CF /* APIClient.swift */ = {isa = PBXFileReference; lastKnownFileType = sourcecode.swift; path = APIClient.swift; sourceTree = "<group>"; };
		80E8F3E349787A7F13EE9989 /* MetricCard.swift */ = {isa = PBXFileReference; includeInIndex = 1; lastKnownFileType = sourcecode.swift; path = MetricCard.swift; sourceTree = "<group>"; };
		817E3E30F33735CDE1118E55 /* APISettingsView.swift */ = {isa = PBXFileReference; includeInIndex = 1; lastKnownFileType = sourcecode.swift; name = APISettingsView.swift; path = Settings/APISettingsView.swift; sourceTree = "<group>"; };
		832F8059CDA346DF9163F393 /* CodeEditor.swift */ = {isa = PBXFileReference; lastKnownFileType = sourcecode.swift; path = CodeEditor.swift; sourceTree = "<group>"; };
		842DAEC1F81C99999F03FF53 /* LiquidGlassPanel.swift */ = {isa = PBXFileReference; lastKnownFileType = sourcecode.swift; path = LiquidGlassPanel.swift; sourceTree = "<group>"; };
		84BA14924AAE8B77761B548B /* SecuritySettingsView.swift */ = {isa = PBXFileReference; includeInIndex = 1; lastKnownFileType = sourcecode.swift; name = SecuritySettingsView.swift; path = Settings/SecuritySettingsView.swift; sourceTree = "<group>"; };
		87815974F16A9DC291E9CEF3 /* FlowLayout.swift */ = {isa = PBXFileReference; includeInIndex = 1; lastKnownFileType = sourcecode.swift; path = FlowLayout.swift; sourceTree = "<group>"; };
		8838BDE42960AA40D4057FA2 /* SmartModelPicker.swift */ = {isa = PBXFileReference; includeInIndex = 1; lastKnownFileType = sourcecode.swift; name = SmartModelPicker.swift; path = SmartModelPicker.swift; sourceTree = "<group>"; };
		89716A7193DFB13FD786929D /* DataLabView.swift */ = {isa = PBXFileReference; includeInIndex = 1; lastKnownFileType = sourcecode.swift; name = DataLabView.swift; path = ../../../macOS/Workspaces/Database/DataLabView.swift; sourceTree = "<group>"; };
		8B185920987FF40C42A24A06 /* ControlCenterSheet.swift */ = {isa = PBXFileReference; includeInIndex = 1; lastKnownFileType = sourcecode.swift; name = ControlCenterSheet.swift; path = Shared/Components/Header/ControlCenterSheet.swift; sourceTree = "<group>"; };
		971E406BFD964D0DA7C3DB54 /* DatabaseModels.swift */ = {isa = PBXFileReference; lastKnownFileType = sourcecode.swift; path = DatabaseModels.swift; sourceTree = "<group>"; };
		98E7B59E6EB249EAA0A73897 /* DatabaseService.swift */ = {isa = PBXFileReference; lastKnownFileType = sourcecode.swift; path = DatabaseService.swift; sourceTree = "<group>"; };
		994B66D5357CD6810E75411D /* HeaderComponents.swift */ = {isa = PBXFileReference; includeInIndex = 1; lastKnownFileType = sourcecode.swift; name = HeaderComponents.swift; path = Shared/Components/Header/HeaderComponents.swift; sourceTree = "<group>"; };
		9BAFA952AE4C72B1AEABD4C6 /* AgentModels.swift */ = {isa = PBXFileReference; includeInIndex = 1; lastKnownFileType = sourcecode.swift; path = AgentModels.swift; sourceTree = "<group>"; };
		9CD166ACB45A69C9897FFFA3 /* ModelRoutingDecision.swift */ = {isa = PBXFileReference; includeInIndex = 1; lastKnownFileType = sourcecode.swift; path = ModelRoutingDecision.swift; sourceTree = "<group>"; };
		9F52290D220C60A04F37F79C /* WorkflowAnalyticsView.swift */ = {isa = PBXFileReference; includeInIndex = 1; lastKnownFileType = sourcecode.swift; path = WorkflowAnalyticsView.swift; sourceTree = "<group>"; };
		9FB81FC9D13D45848AE84D90 /* SettingsStore.swift */ = {isa = PBXFileReference; lastKnownFileType = sourcecode.swift; path = SettingsStore.swift; sourceTree = "<group>"; };
		A077DE8B06259E85011EA57B /* HotSlotManager.swift */ = {isa = PBXFileReference; includeInIndex = 1; lastKnownFileType = sourcecode.swift; path = HotSlotManager.swift; sourceTree = "<group>"; };
		A0C17E6398CC912A0D8702EE /* ModelLibraryService.swift */ = {isa = PBXFileReference; includeInIndex = 1; lastKnownFileType = sourcecode.swift; path = ModelLibraryService.swift; sourceTree = "<group>"; };
		A2B42850187A449F9B295DF2 /* SidebarTabs.swift */ = {isa = PBXFileReference; lastKnownFileType = sourcecode.swift; path = SidebarTabs.swift; sourceTree = "<group>"; };
		A44572DB91B6E7FBABC82A1A /* ResourceMonitor.swift */ = {isa = PBXFileReference; includeInIndex = 1; lastKnownFileType = sourcecode.swift; path = ResourceMonitor.swift; sourceTree = "<group>"; };
		A485EA6B25510FE933F43738 /* MagnetarHubWorkspace.swift */ = {isa = PBXFileReference; includeInIndex = 1; lastKnownFileType = sourcecode.swift; path = MagnetarHubWorkspace.swift; sourceTree = "<group>"; };
		A6D0A604BB2D42F8996CC8C9 /* DatabaseStore.swift */ = {isa = PBXFileReference; lastKnownFileType = sourcecode.swift; path = DatabaseStore.swift; sourceTree = "<group>"; };
		A7F6B585438FCCD38BEB7E4E /* ModelRecommendationService.swift */ = {isa = PBXFileReference; includeInIndex = 1; lastKnownFileType = sourcecode.swift; path = ModelRecommendationService.swift; sourceTree = "<group>"; };
		A904439226AE3F48234C22A0 /* BiometricAuthService.swift */ = {isa = PBXFileReference; includeInIndex = 1; lastKnownFileType = sourcecode.swift; path = BiometricAuthService.swift; sourceTree = "<group>"; };
		A90C0C6D0ED2910BC2EE2A2D /* DatabaseWorkspace.swift */ = {isa = PBXFileReference; lastKnownFileType = sourcecode.swift; path = DatabaseWorkspace.swift; sourceTree = "<group>"; };
		AA2B236333A555B822D41D3D /* ModelsStore.swift */ = {isa = PBXFileReference; lastKnownFileType = sourcecode.swift; path = ModelsStore.swift; sourceTree = "<group>"; };
		AAA2269970A9B04DD1CB88BE /* AutomationWorkspaceView.swift */ = {isa = PBXFileReference; includeInIndex = 1; lastKnownFileType = sourcecode.swift; path = AutomationWorkspaceView.swift; sourceTree = "<group>"; };
		ADF668599FE3C90653A436E2 /* MagnetarCloudSettingsView.swift */ = {isa = PBXFileReference; includeInIndex = 1; lastKnownFileType = sourcecode.swift; name = MagnetarCloudSettingsView.swift; path = Settings/MagnetarCloudSettingsView.swift; sourceTree = "<group>"; };
		AED8C8EF1AB9724F43575821 /* EmergencyConfirmationModal.swift */ = {isa = PBXFileReference; includeInIndex = 1; lastKnownFileType = sourcecode.swift; path = EmergencyConfirmationModal.swift; sourceTree = "<group>"; };
		B02AE94CCC83473FB64BC7BD /* WorkflowService.swift */ = {isa = PBXFileReference; lastKnownFileType = sourcecode.swift; path = WorkflowService.swift; sourceTree = "<group>"; };
		B462A62F24C04C9E66B2D0CD /* KeychainManager.swift */ = {isa = PBXFileReference; lastKnownFileType = sourcecode.swift; path = KeychainManager.swift; sourceTree = "<group>"; };
		B99032061A118F3658F78070 /* VaultPermissionManager.swift */ = {isa = PBXFileReference; includeInIndex = 1; lastKnownFileType = sourcecode.swift; path = VaultPermissionManager.swift; sourceTree = "<group>"; };
		BBE06911108B1F5DEE2D80A4 /* WorkflowTabButton.swift */ = {isa = PBXFileReference; includeInIndex = 1; lastKnownFileType = sourcecode.swift; path = WorkflowTabButton.swift; sourceTree = "<group>"; };
		BDFEB21A28755A81A545B778 /* PanicModeSheet.swift */ = {isa = PBXFileReference; includeInIndex = 1; lastKnownFileType = sourcecode.swift; name = PanicModeSheet.swift; path = Shared/Components/Header/PanicModeSheet.swift; sourceTree = "<group>"; };
		BF608E6633F1DCE6E6542EBD /* EmergencyModeService.swift */ = {isa = PBXFileReference; includeInIndex = 1; lastKnownFileType = sourcecode.swift; path = EmergencyModeService.swift; sourceTree = "<group>"; };
		BFB37B6A745242FDB043D334 /* ChatModels.swift */ = {isa = PBXFileReference; lastKnownFileType = sourcecode.swift; path = ChatModels.swift; sourceTree = "<group>"; };
		C043D3F1AFA96A4DDC52FAA0 /* ContextService.swift */ = {isa = PBXFileReference; includeInIndex = 1; lastKnownFileType = sourcecode.swift; path = ContextService.swift; sourceTree = "<group>"; };
		C0BA47EBB0A461BA6F8B9023 /* ModelManagementSettingsView.swift */ = {isa = PBXFileReference; includeInIndex = 1; lastKnownFileType = sourcecode.swift; name = ModelManagementSettingsView.swift; path = Settings/ModelManagementSettingsView.swift; sourceTree = "<group>"; };
		C0D63ED6288BC106CB39D1BB /* TerminalService.swift */ = {isa = PBXFileReference; includeInIndex = 1; lastKnownFileType = sourcecode.swift; path = TerminalService.swift; sourceTree = "<group>"; };
		C70DAEBD9922168A2B6BCBF6 /* WorkflowAnalyticsModels.swift */ = {isa = PBXFileReference; includeInIndex = 1; lastKnownFileType = sourcecode.swift; path = WorkflowAnalyticsModels.swift; sourceTree = "<group>"; };
		C8166B48B028FD3CE0A19F60 /* APISettingsView.swift */ = {isa = PBXFileReference; includeInIndex = 1; lastKnownFileType = sourcecode.swift; name = APISettingsView.swift; path = Settings/APISettingsView.swift; sourceTree = "<group>"; };
		C8B00CD34FC941DB87FE17B3 /* WorkflowStore.swift */ = {isa = PBXFileReference; lastKnownFileType = sourcecode.swift; path = WorkflowStore.swift; sourceTree = "<group>"; };
		CBAFCA059EFBB30832A7C3B2 /* VaultSetupWizardView.swift */ = {isa = PBXFileReference; includeInIndex = 1; lastKnownFileType = sourcecode.swift; path = VaultSetupWizardView.swift; sourceTree = "<group>"; };
		CC12D8A6355AFFD9A5022863 /* ModelSelectorMenu.swift */ = {isa = PBXFileReference; includeInIndex = 1; lastKnownFileType = sourcecode.swift; name = ModelSelectorMenu.swift; path = Components/ModelSelectorMenu.swift; sourceTree = "<group>"; };
		CC1A48A6AB2B47E091FD7A11 /* NetworkChatStore.swift */ = {isa = PBXFileReference; lastKnownFileType = sourcecode.swift; path = NetworkChatStore.swift; sourceTree = "<group>"; };
		CF7CD000341B9E0DC1A18A26 /* MagnetarCloudSettingsView.swift */ = {isa = PBXFileReference; includeInIndex = 1; lastKnownFileType = sourcecode.swift; name = MagnetarCloudSettingsView.swift; path = Settings/MagnetarCloudSettingsView.swift; sourceTree = "<group>"; };
		D15890D5596882B29171E952 /* AgentAssistCard.swift */ = {isa = PBXFileReference; includeInIndex = 1; lastKnownFileType = sourcecode.swift; path = AgentAssistCard.swift; sourceTree = "<group>"; };
		D2C513BD2EE0E6E8009A772A /* ModelTagService.swift */ = {isa = PBXFileReference; lastKnownFileType = sourcecode.swift; path = ModelTagService.swift; sourceTree = "<group>"; };
		D2C513BF2EE0F018009A772A /* ModelTagEditorSheet.swift */ = {isa = PBXFileReference; lastKnownFileType = sourcecode.swift; path = ModelTagEditorSheet.swift; sourceTree = "<group>"; };
		D2CCB34E2EDE7C5E00E20014 /* SecurityManager.swift */ = {isa = PBXFileReference; lastKnownFileType = sourcecode.swift; path = SecurityManager.swift; sourceTree = "<group>"; };
		D2CCB3502EDE7C8200E20014 /* NetworkFirewallProtocol.swift */ = {isa = PBXFileReference; lastKnownFileType = sourcecode.swift; path = NetworkFirewallProtocol.swift; sourceTree = "<group>"; };
		D2CCB3522EDE7C9E00E20014 /* NetworkApprovalModal.swift */ = {isa = PBXFileReference; lastKnownFileType = sourcecode.swift; path = NetworkApprovalModal.swift; sourceTree = "<group>"; };
		D2CCB3542EDE7CC000E20014 /* NetworkFirewallModifier.swift */ = {isa = PBXFileReference; lastKnownFileType = sourcecode.swift; path = NetworkFirewallModifier.swift; sourceTree = "<group>"; };
		D2F4756C2EDFBA8400F95E34 /* ModelManagerWindow.swift */ = {isa = PBXFileReference; lastKnownFileType = sourcecode.swift; path = ModelManagerWindow.swift; sourceTree = "<group>"; };
		D2F4756E2EDFBAA100F95E34 /* SmartModelPicker.swift */ = {isa = PBXFileReference; lastKnownFileType = sourcecode.swift; path = SmartModelPicker.swift; sourceTree = "<group>"; };
		D37009FC1ECC7770D86FFB7F /* DotPattern.swift */ = {isa = PBXFileReference; includeInIndex = 1; lastKnownFileType = sourcecode.swift; path = DotPattern.swift; sourceTree = "<group>"; };
		D400216101AE4ABBA95512A5 /* VaultStore.swift */ = {isa = PBXFileReference; lastKnownFileType = sourcecode.swift; path = VaultStore.swift; sourceTree = "<group>"; };
		D507FE9E1299EF2541C3C6A4 /* SecuritySettingsView.swift */ = {isa = PBXFileReference; includeInIndex = 1; lastKnownFileType = sourcecode.swift; name = SecuritySettingsView.swift; path = Settings/SecuritySettingsView.swift; sourceTree = "<group>"; };
		D5A0FB3AB9BEAFE307364AF6 /* WorkflowDesignerView.swift */ = {isa = PBXFileReference; includeInIndex = 1; lastKnownFileType = sourcecode.swift; path = WorkflowDesignerView.swift; sourceTree = "<group>"; };
		D5A9F666CAE746EDB38AE581 /* WorkflowModels.swift */ = {isa = PBXFileReference; lastKnownFileType = sourcecode.swift; path = WorkflowModels.swift; sourceTree = "<group>"; };
		D8ED05D16761B5A52D844CF7 /* DatabaseComponents.swift */ = {isa = PBXFileReference; includeInIndex = 1; lastKnownFileType = sourcecode.swift; name = DatabaseComponents.swift; path = ../../../macOS/Workspaces/Database/DatabaseComponents.swift; sourceTree = "<group>"; };
		DA92DBC25F46989F58584CC5 /* BiometricAuthService.swift */ = {isa = PBXFileReference; includeInIndex = 1; lastKnownFileType = sourcecode.swift; path = BiometricAuthService.swift; sourceTree = "<group>"; };
		DC1DB0ED9A1D41F89804F805 /* FileUpload.swift */ = {isa = PBXFileReference; lastKnownFileType = sourcecode.swift; path = FileUpload.swift; sourceTree = "<group>"; };
		DE1C4B939DAC9084AC244415 /* ContentView.swift */ = {isa = PBXFileReference; lastKnownFileType = sourcecode.swift; path = ContentView.swift; sourceTree = "<group>"; };
		DEF80F8B0EF0149E932077F9 /* KanbanModels.swift */ = {isa = PBXFileReference; includeInIndex = 1; lastKnownFileType = sourcecode.swift; path = KanbanModels.swift; sourceTree = "<group>"; };
		DF7780D6D6AD182EE79F5868 /* OrchestratorInitializer.swift */ = {isa = PBXFileReference; includeInIndex = 1; lastKnownFileType = sourcecode.swift; path = OrchestratorInitializer.swift; sourceTree = "<group>"; };
		E02A48E61DFB2D3B96971D9F /* EmergencyModeModels.swift */ = {isa = PBXFileReference; includeInIndex = 1; lastKnownFileType = sourcecode.swift; path = EmergencyModeModels.swift; sourceTree = "<group>"; };
		E03654A7DB82435A07B213DD /* TeamService.swift */ = {isa = PBXFileReference; includeInIndex = 1; lastKnownFileType = sourcecode.swift; path = TeamService.swift; sourceTree = "<group>"; };
		E0B5547ECD973EFF39678E79 /* NavigationStore.swift */ = {isa = PBXFileReference; lastKnownFileType = sourcecode.swift; path = NavigationStore.swift; sourceTree = "<group>"; };
		E14DD2FC8D25B4ABB8A2326D /* ContextBundle.swift */ = {isa = PBXFileReference; includeInIndex = 1; lastKnownFileType = sourcecode.swift; path = ContextBundle.swift; sourceTree = "<group>"; };
		E221F2C3BD9E5578CD6F60FC /* HubModels.swift */ = {isa = PBXFileReference; includeInIndex = 1; lastKnownFileType = sourcecode.swift; name = HubModels.swift; path = MagnetarHub/HubModels.swift; sourceTree = "<group>"; };
		E4A86189DF1FE9A17A22F231 /* PanicModeService.swift */ = {isa = PBXFileReference; includeInIndex = 1; lastKnownFileType = sourcecode.swift; path = PanicModeService.swift; sourceTree = "<group>"; };
		E581C17B318E0B2B62A104F1 /* EditDocumentModal.swift */ = {isa = PBXFileReference; includeInIndex = 1; lastKnownFileType = sourcecode.swift; name = EditDocumentModal.swift; path = Team/EditDocumentModal.swift; sourceTree = "<group>"; };
		E5A1AD8316D6DA8D4B2FEF45 /* GeneralSettingsView.swift */ = {isa = PBXFileReference; includeInIndex = 1; lastKnownFileType = sourcecode.swift; name = GeneralSettingsView.swift; path = Settings/GeneralSettingsView.swift; sourceTree = "<group>"; };
		E62FD8B9DE028C44A2F0816E /* ChatStore.swift */ = {isa = PBXFileReference; lastKnownFileType = sourcecode.swift; path = ChatStore.swift; sourceTree = "<group>"; };
		E9DC720A6D6990C4CFE6EB62 /* WorkflowQueueModels.swift */ = {isa = PBXFileReference; includeInIndex = 1; lastKnownFileType = sourcecode.swift; path = WorkflowQueueModels.swift; sourceTree = "<group>"; };
		F2C77CB5AF6C4202FD8D7161 /* ChatMessage.swift */ = {isa = PBXFileReference; lastKnownFileType = sourcecode.swift; path = ChatMessage.swift; sourceTree = "<group>"; };
		F5702E47E4E0759D275E6064 /* HeaderComponents.swift */ = {isa = PBXFileReference; includeInIndex = 1; lastKnownFileType = sourcecode.swift; name = HeaderComponents.swift; path = Shared/Components/Header/HeaderComponents.swift; sourceTree = "<group>"; };
		F5EC6DB8FD99287F756160BC /* EditDocumentModal.swift */ = {isa = PBXFileReference; includeInIndex = 1; lastKnownFileType = sourcecode.swift; path = EditDocumentModal.swift; sourceTree = "<group>"; };
		F85CE2F0DE5343879EB18743 /* Header.swift */ = {isa = PBXFileReference; lastKnownFileType = sourcecode.swift; path = Header.swift; sourceTree = "<group>"; };
		FA268C85AA8894BC92182D94 /* ChatWorkspace.swift */ = {isa = PBXFileReference; lastKnownFileType = sourcecode.swift; path = ChatWorkspace.swift; sourceTree = "<group>"; };
		FA41B0C7CACB6D1CA954CD7D /* VaultComponents.swift */ = {isa = PBXFileReference; includeInIndex = 1; lastKnownFileType = sourcecode.swift; name = VaultComponents.swift; path = Vault/VaultComponents.swift; sourceTree = "<group>"; };
		FC37E911002B5D5042A19F36 /* WorkflowQueueView.swift */ = {isa = PBXFileReference; includeInIndex = 1; lastKnownFileType = sourcecode.swift; path = WorkflowQueueView.swift; sourceTree = "<group>"; };
		FCD905DC8F3F6CEDED2604EA /* CategoryRow.swift */ = {isa = PBXFileReference; includeInIndex = 1; lastKnownFileType = sourcecode.swift; name = CategoryRow.swift; path = MagnetarHub/CategoryRow.swift; sourceTree = "<group>"; };
		FF0DA374D27198CAD23D3173 /* ModelDetailModal.swift */ = {isa = PBXFileReference; includeInIndex = 1; lastKnownFileType = sourcecode.swift; name = ModelDetailModal.swift; path = MagnetarHub/ModelDetailModal.swift; sourceTree = "<group>"; };
		FFCA25F1A54EEEE41A231647 /* FileAccessPermissionModal.swift */ = {isa = PBXFileReference; includeInIndex = 1; lastKnownFileType = sourcecode.swift; name = FileAccessPermissionModal.swift; path = Dialogs/FileAccessPermissionModal.swift; sourceTree = "<group>"; };
/* End PBXFileReference section */

/* Begin PBXGroup section */
		03358358161E7080443CA1EE /* Dashboard */ = {
			isa = PBXGroup;
			children = (
				B6F888B0DD1CD24543932D12 /* Components */,
				1433426296987C711963E4B6 /* WorkflowDashboardModels.swift */,
				68C7A01DBA5D26E64121533A /* WorkflowDashboardView.swift */,
			);
			name = Dashboard;
			path = Dashboard;
			sourceTree = "<group>";
		};
		05E0510F1772E020FA2158F3 /* macOS */ = {
			isa = PBXGroup;
			children = (
				DE1C4B939DAC9084AC244415 /* ContentView.swift */,
				758F62B637F9DF75E26BAB65 /* Info.plist */,
				0369ADDFF9623D901CC8207E /* MagnetarStudioApp.swift */,
				0555CDE5ACABDDEA3DA1834D /* SettingsView.swift */,
				6878B112D67AE729936DE9D4 /* Workspaces */,
				77065B34BC212D9E92BF1B09 /* Dialogs */,
				CB79BA6E9AD614BE0ADCF634 /* Panels */,
				968920C9C3F0AB31A2977FA9 /* Components */,
				0836E31605DEEE56E05B2AFA /* Settings */,
			);
			path = macOS;
			sourceTree = "<group>";
		};
		0836E31605DEEE56E05B2AFA /* Settings */ = {
			isa = PBXGroup;
			children = (
				ADF668599FE3C90653A436E2 /* MagnetarCloudSettingsView.swift */,
				20907FD471EE97E659184AAC /* ModelManagementSettingsView.swift */,
				84BA14924AAE8B77761B548B /* SecuritySettingsView.swift */,
				C8166B48B028FD3CE0A19F60 /* APISettingsView.swift */,
				E5A1AD8316D6DA8D4B2FEF45 /* GeneralSettingsView.swift */,
				13DC4777B1AC2DAB3002F1ED /* AppearanceSettingsView.swift */,
				1BABB5F6A676E347E4ACE40A /* SettingsHelpers.swift */,
				CF7CD000341B9E0DC1A18A26 /* MagnetarCloudSettingsView.swift */,
				C0BA47EBB0A461BA6F8B9023 /* ModelManagementSettingsView.swift */,
				D507FE9E1299EF2541C3C6A4 /* SecuritySettingsView.swift */,
				817E3E30F33735CDE1118E55 /* APISettingsView.swift */,
				7767622EED14E1BE4AF9547F /* GeneralSettingsView.swift */,
				0455A9F7466D8484E318C350 /* AppearanceSettingsView.swift */,
			);
			name = Settings;
			sourceTree = "<group>";
		};
		0CBF91A9C082C90D7E79AF46 = {
			isa = PBXGroup;
			children = (
				05E0510F1772E020FA2158F3 /* macOS */,
				E18C80C7AB68D88D33E928A3 /* Shared */,
				734503D79C8E69B6DEAEC3C5 /* Products */,
				CC62291EC798001AA2110112 /* Shared */,
				1A5261BA0381BAC909F8C068 /* HeaderModels.swift */,
				994B66D5357CD6810E75411D /* HeaderComponents.swift */,
				8B185920987FF40C42A24A06 /* ControlCenterSheet.swift */,
				5AA9D046DA2BBDADF3FB5FF4 /* PanicModeSheet.swift */,
				53DB5DE47A18C5A9E02B13EF /* ModelDiscoveryModels.swift */,
				53776A551B485D6A1CAA1EAA /* LibraryModelRow.swift */,
			);
			sourceTree = "<group>";
		};
		10155CFF89B9585D0A993DD0 /* Components */ = {
			isa = PBXGroup;
			children = (
				80E8F3E349787A7F13EE9989 /* MetricCard.swift */,
				6031A3F0EC42EA6C42386DBF /* StagePerformanceTable.swift */,
			);
			name = Components;
			path = Components;
			sourceTree = "<group>";
		};
		1B381CF91266AC9E9F7CD5D0 /* Header */ = {
			isa = PBXGroup;
			children = (
				4560BB5E2F09DC5748C01FF5 /* HeaderModels.swift */,
				F5702E47E4E0759D275E6064 /* HeaderComponents.swift */,
				34C29524468D14A613725CA8 /* ControlCenterSheet.swift */,
				BDFEB21A28755A81A545B778 /* PanicModeSheet.swift */,
			);
			name = Header;
			path = Shared/Components/Header;
			sourceTree = "<group>";
		};
		23C530D571A54A0F4DB28FB5 /* Security */ = {
			isa = PBXGroup;
			children = (
				B462A62F24C04C9E66B2D0CD /* KeychainManager.swift */,
				3A959626C53B4237AD1DD881 /* KeychainService.swift */,
				A904439226AE3F48234C22A0 /* BiometricAuthService.swift */,
				DA92DBC25F46989F58584CC5 /* BiometricAuthService.swift */,
			);
			path = Security;
			sourceTree = "<group>";
		};
		29DF4A0DB6E3BF50D8AF569E /* TeamChat */ = {
			isa = PBXGroup;
			children = (
				0451645C6D081B309C394FFB /* TeamChatComponents.swift */,
				6CE26C88BCDE81BD11937A38 /* TeamChatModals.swift */,
			);
			name = TeamChat;
			sourceTree = "<group>";
		};
		3B96F261A933D190EB2ADDB2 /* Queue */ = {
			isa = PBXGroup;
			children = (
				D60B7979D9D3C41F508CC5DE /* Components */,
				E9DC720A6D6990C4CFE6EB62 /* WorkflowQueueModels.swift */,
				FC37E911002B5D5042A19F36 /* WorkflowQueueView.swift */,
			);
			name = Queue;
			path = Queue;
			sourceTree = "<group>";
		};
		4E36A8E7580169C9E6979E17 /* Modifiers */ = {
			isa = PBXGroup;
			children = (
				D2CCB3542EDE7CC000E20014 /* NetworkFirewallModifier.swift */,
			);
			name = Modifiers;
			sourceTree = "<group>";
		};
		6878B112D67AE729936DE9D4 /* Workspaces */ = {
			isa = PBXGroup;
			children = (
				FA268C85AA8894BC92182D94 /* ChatWorkspace.swift */,
				A90C0C6D0ED2910BC2EE2A2D /* DatabaseWorkspace.swift */,
				2D684EFED023D2A6542AAB1F /* KanbanWorkspace.swift */,
				1A2760AE2A83BCE0FEB660A5 /* MagnetarHubWorkspace.swift */,
				1EA14AC49CC3C7EE3D89EE05 /* TeamWorkspace.swift */,
				2311BD5A73E62FEED76C9A13 /* CodeWorkspace.swift */,
				A485EA6B25510FE933F43738 /* MagnetarHubWorkspace.swift */,
				29DF4A0DB6E3BF50D8AF569E /* TeamChat */,
				75C6E8BB23325894A32D4935 /* Docs */,
				DCE4AA910ED02FF68EDB552F /* Vault */,
				F537FC8B7306C1C4B8EFCCD8 /* Team */,
				6E4F155009383D7ADC98DAD9 /* MagnetarHub */,
				BBFC6CECC6ECBFCFD29F7258 /* Database */,
				AF5B978818446624E1921191 /* Kanban */,
				9FD4899FD04C556C7AFE42BF /* ModelDiscovery */,
			);
			path = Workspaces;
			sourceTree = "<group>";
		};
		6E4F155009383D7ADC98DAD9 /* MagnetarHub */ = {
			isa = PBXGroup;
			children = (
				FF0DA374D27198CAD23D3173 /* ModelDetailModal.swift */,
				E221F2C3BD9E5578CD6F60FC /* HubModels.swift */,
				3CD03E1F0B393F0E8465CF87 /* ModelCard.swift */,
				FCD905DC8F3F6CEDED2604EA /* CategoryRow.swift */,
			);
			name = MagnetarHub;
			sourceTree = "<group>";
		};
		734503D79C8E69B6DEAEC3C5 /* Products */ = {
			isa = PBXGroup;
			children = (
				2C969A3D6C92097E6DF1F837 /* MagnetarStudio.app */,
			);
			name = Products;
			sourceTree = "<group>";
		};
		75C6E8BB23325894A32D4935 /* Docs */ = {
			isa = PBXGroup;
			children = (
				786CB632E145399E3EDC4820 /* DocsWorkspaceView.swift */,
			);
			name = Docs;
			sourceTree = "<group>";
		};
		77065B34BC212D9E92BF1B09 /* Dialogs */ = {
			isa = PBXGroup;
			children = (
				FFCA25F1A54EEEE41A231647 /* FileAccessPermissionModal.swift */,
			);
			name = Dialogs;
			sourceTree = "<group>";
		};
		7A39EC1CB1F80DB10087581D /* Designer */ = {
			isa = PBXGroup;
			children = (
				D5A0FB3AB9BEAFE307364AF6 /* WorkflowDesignerView.swift */,
			);
			name = Designer;
			path = Designer;
			sourceTree = "<group>";
		};
		7C6477D0551AB86BA29704A9 /* Components */ = {
			isa = PBXGroup;
			children = (
				1E2B507942CA31394CF87244 /* KanbanRows.swift */,
				1B381CF91266AC9E9F7CD5D0 /* Header */,
			);
			name = Components;
			path = Components;
			sourceTree = "<group>";
		};
		8ADDF1C432AED938847B3F4E /* Header */ = {
			isa = PBXGroup;
			children = (
				1A5261BA0381BAC909F8C068 /* HeaderModels.swift */,
				994B66D5357CD6810E75411D /* HeaderComponents.swift */,
				8B185920987FF40C42A24A06 /* ControlCenterSheet.swift */,
				5AA9D046DA2BBDADF3FB5FF4 /* PanicModeSheet.swift */,
			);
			name = Header;
			sourceTree = "<group>";
		};
		8D32CDD79FE2DC78599F3F25 /* Services */ = {
			isa = PBXGroup;
			children = (
			);
			path = Services;
			sourceTree = "<group>";
		};
		91EAD9BF8EC7E79814E2DAE7 /* Networking */ = {
			isa = PBXGroup;
			children = (
				7F77D79421B014D8C65EC2CF /* APIClient.swift */,
				D2CCB3502EDE7C8200E20014 /* NetworkFirewallProtocol.swift */,
			);
			path = Networking;
			sourceTree = "<group>";
		};
		968920C9C3F0AB31A2977FA9 /* Components */ = {
			isa = PBXGroup;
			children = (
				CC12D8A6355AFFD9A5022863 /* ModelSelectorMenu.swift */,
			);
			name = Components;
			sourceTree = "<group>";
		};
		9FD4899FD04C556C7AFE42BF /* ModelDiscovery */ = {
			isa = PBXGroup;
			children = (
				53DB5DE47A18C5A9E02B13EF /* ModelDiscoveryModels.swift */,
				53776A551B485D6A1CAA1EAA /* LibraryModelRow.swift */,
			);
			name = ModelDiscovery;
			sourceTree = "<group>";
		};
		A1B2C3D4E5F6A7B8C9D0E1F2 /* Views */ = {
			isa = PBXGroup;
			children = (
				D2F4756C2EDFBA8400F95E34 /* ModelManagerWindow.swift */,
				B2C3D4E5F6A7B8C9D0E1F2A3 /* Auth */,
				C3D28E375A13BD24F645A93B /* Team */,
				BF5D395455660AD2E330847B /* Team */,
				E581C17B318E0B2B62A104F1 /* EditDocumentModal.swift */,
				AED8C8EF1AB9724F43575821 /* EmergencyConfirmationModal.swift */,
				D2CCB3522EDE7C9E00E20014 /* NetworkApprovalModal.swift */,
				103BCE5F6B11D8ACD6D6DDF6 /* ModelManagerWindow.swift */,
				D2C513BF2EE0F018009A772A /* ModelTagEditorSheet.swift */,
			);
			path = Views;
			sourceTree = "<group>";
		};
		A29C597DFE5C166E4E2F53E9 /* Models */ = {
			isa = PBXGroup;
			children = (
				61A51A35C05D4A7A8724EE3B /* AnyCodable.swift */,
				F2C77CB5AF6C4202FD8D7161 /* ChatMessage.swift */,
				BFB37B6A745242FDB043D334 /* ChatModels.swift */,
				971E406BFD964D0DA7C3DB54 /* DatabaseModels.swift */,
				5EAEA6C1E62949E989A455ED /* SettingsModels.swift */,
				5A9CA03F945469535A06F816 /* User.swift */,
				18F56FEE06EB4480B335A64B /* VaultModels.swift */,
				D5A9F666CAE746EDB38AE581 /* WorkflowModels.swift */,
				0672C7A8089F078868C15E1C /* AppContext.swift */,
				E14DD2FC8D25B4ABB8A2326D /* ContextBundle.swift */,
				9CD166ACB45A69C9897FFFA3 /* ModelRoutingDecision.swift */,
				E02A48E61DFB2D3B96971D9F /* EmergencyModeModels.swift */,
				2773A6C7CAE78696090B41B7 /* ModelTag.swift */,
				9BAFA952AE4C72B1AEABD4C6 /* AgentModels.swift */,
			);
			path = Models;
			sourceTree = "<group>";
		};
		A4F8CF51543F1CFFDF4725BB /* AutomationWorkspace */ = {
			isa = PBXGroup;
			children = (
				FA434E384EAB813D1520F900 /* Core */,
				03358358161E7080443CA1EE /* Dashboard */,
				C08AC4E2388ABC5DCB5A5550 /* Builder */,
				7A39EC1CB1F80DB10087581D /* Designer */,
				B88F1DF620990AC5B9436505 /* Analytics */,
				3B96F261A933D190EB2ADDB2 /* Queue */,
			);
			name = AutomationWorkspace;
			path = AutomationWorkspace;
			sourceTree = "<group>";
		};
		AF5B978818446624E1921191 /* Kanban */ = {
			isa = PBXGroup;
			children = (
				7C6477D0551AB86BA29704A9 /* Components */,
				DEF80F8B0EF0149E932077F9 /* KanbanModels.swift */,
				611796B61D64D3EA27C7F979 /* KanbanModals.swift */,
			);
			name = Kanban;
			path = Kanban;
			sourceTree = "<group>";
		};
		B2C3D4E5F6A7B8C9D0E1F2A3 /* Auth */ = {
			isa = PBXGroup;
			children = (
				28E3301816CD44269E126C96 /* LoadingView.swift */,
				624C9537C9E743BAB72D79DB /* SetupWizardView.swift */,
				3DB05E6C67FE4427941ECD63 /* WelcomeView.swift */,
				CBAFCA059EFBB30832A7C3B2 /* VaultSetupWizardView.swift */,
			);
			path = Auth;
			sourceTree = "<group>";
		};
		B6F888B0DD1CD24543932D12 /* Components */ = {
			isa = PBXGroup;
			children = (
				46C6F9C65BD57850E16B8E89 /* WorkflowGrid.swift */,
				58A9CD34F4FDC94F15684B48 /* WorkflowCardView.swift */,
				D15890D5596882B29171E952 /* AgentAssistCard.swift */,
			);
			name = Components;
			path = Components;
			sourceTree = "<group>";
		};
		B88F1DF620990AC5B9436505 /* Analytics */ = {
			isa = PBXGroup;
			children = (
				10155CFF89B9585D0A993DD0 /* Components */,
				C70DAEBD9922168A2B6BCBF6 /* WorkflowAnalyticsModels.swift */,
				9F52290D220C60A04F37F79C /* WorkflowAnalyticsView.swift */,
			);
			name = Analytics;
			path = Analytics;
			sourceTree = "<group>";
		};
		B8C234D85AAB74A8DE6CC886 /* Stores */ = {
			isa = PBXGroup;
			children = (
				00280C486C0A463EACC552E6 /* AuthStore.swift */,
				E62FD8B9DE028C44A2F0816E /* ChatStore.swift */,
				A6D0A604BB2D42F8996CC8C9 /* DatabaseStore.swift */,
				AA2B236333A555B822D41D3D /* ModelsStore.swift */,
				E0B5547ECD973EFF39678E79 /* NavigationStore.swift */,
				CC1A48A6AB2B47E091FD7A11 /* NetworkChatStore.swift */,
				9FB81FC9D13D45848AE84D90 /* SettingsStore.swift */,
				D400216101AE4ABBA95512A5 /* VaultStore.swift */,
				C8B00CD34FC941DB87FE17B3 /* WorkflowStore.swift */,
			);
			path = Stores;
			sourceTree = "<group>";
		};
		BBAB507DA8568AF26D8FE18A /* Components */ = {
			isa = PBXGroup;
			children = (
				D37009FC1ECC7770D86FFB7F /* DotPattern.swift */,
			);
			name = Components;
			path = Components;
			sourceTree = "<group>";
		};
		BBFC6CECC6ECBFCFD29F7258 /* Database */ = {
			isa = PBXGroup;
			children = (
				1733DB00B1FF137572D11592 /* DatabaseModals.swift */,
				89716A7193DFB13FD786929D /* DataLabView.swift */,
				D8ED05D16761B5A52D844CF7 /* DatabaseComponents.swift */,
			);
			name = Database;
			path = Database;
			sourceTree = "<group>";
		};
		BF5D395455660AD2E330847B /* Team */ = {
			isa = PBXGroup;
			children = (
				F5EC6DB8FD99287F756160BC /* EditDocumentModal.swift */,
			);
			name = Team;
			sourceTree = "<group>";
		};
		C08AC4E2388ABC5DCB5A5550 /* Builder */ = {
			isa = PBXGroup;
			children = (
				BBAB507DA8568AF26D8FE18A /* Components */,
				181392C49DEAE5A86F4C528B /* WorkflowBuilderView.swift */,
			);
			name = Builder;
			path = Builder;
			sourceTree = "<group>";
		};
		C3D28E375A13BD24F645A93B /* Team */ = {
			isa = PBXGroup;
			children = (
				5ADD9516A7A1CEB080FDEDF3 /* NewDocumentModal.swift */,
			);
			name = Team;
			sourceTree = "<group>";
		};
		C819DDE2D3F5F98EE85FC3CB /* DesignSystem */ = {
			isa = PBXGroup;
			children = (
				35C17D9C1722F2E28A8F923C /* Colors.swift */,
				5C5B7D185B4D1BE3FF14F5F6 /* GlassButton.swift */,
				31363739633266642D383665342D346232652D393037382D /* ThreePaneLayout.swift */,
				842DAEC1F81C99999F03FF53 /* LiquidGlassPanel.swift */,
				87815974F16A9DC291E9CEF3 /* FlowLayout.swift */,
			);
			path = DesignSystem;
			sourceTree = "<group>";
		};
		CB79BA6E9AD614BE0ADCF634 /* Panels */ = {
			isa = PBXGroup;
			children = (
				37F355A75223BD31BF23FE9E /* VaultAdminPanel.swift */,
			);
			name = Panels;
			sourceTree = "<group>";
		};
		CC62291EC798001AA2110112 /* Shared */ = {
			isa = PBXGroup;
			children = (
				8D32CDD79FE2DC78599F3F25 /* Services */,
			);
			name = Shared;
			path = ../../Shared;
			sourceTree = "<group>";
		};
		D60B7979D9D3C41F508CC5DE /* Components */ = {
			isa = PBXGroup;
			children = (
				1DD9755F803656A491BC9DD1 /* QueueItemCard.swift */,
				4AA3D182930C6B24DCA20C52 /* QueueComponents.swift */,
			);
			name = Components;
			path = Components;
			sourceTree = "<group>";
		};
		D87CF2DE26CB41EAA8D2EA1E /* Components */ = {
			isa = PBXGroup;
			children = (
				D2F4756E2EDFBAA100F95E34 /* SmartModelPicker.swift */,
				08785DE309A344AF8765E6BC /* NavigationRail.swift */,
				F85CE2F0DE5343879EB18743 /* Header.swift */,
				DC1DB0ED9A1D41F89804F805 /* FileUpload.swift */,
				A2B42850187A449F9B295DF2 /* SidebarTabs.swift */,
				832F8059CDA346DF9163F393 /* CodeEditor.swift */,
				62BA9229DF934A44B0D3CBC5 /* ResultsTable.swift */,
				2E0D4298405D4D92A0BCCC26 /* NetworkSelector.swift */,
				8838BDE42960AA40D4057FA2 /* SmartModelPicker.swift */,
				A4F8CF51543F1CFFDF4725BB /* AutomationWorkspace */,
				8ADDF1C432AED938847B3F4E /* Header */,
			);
			path = Components;
			sourceTree = "<group>";
		};
		DCE4AA910ED02FF68EDB552F /* Vault */ = {
			isa = PBXGroup;
			children = (
				17B48CFFB13864D1927C04F8 /* VaultWorkspaceView.swift */,
				FA41B0C7CACB6D1CA954CD7D /* VaultComponents.swift */,
			);
			name = Vault;
			sourceTree = "<group>";
		};
		E18C80C7AB68D88D33E928A3 /* Shared */ = {
			isa = PBXGroup;
			children = (
				C819DDE2D3F5F98EE85FC3CB /* DesignSystem */,
				A29C597DFE5C166E4E2F53E9 /* Models */,
				91EAD9BF8EC7E79814E2DAE7 /* Networking */,
				23C530D571A54A0F4DB28FB5 /* Security */,
				F1A2B3C4D5E6F7A8B9C0D1E2 /* Services */,
				B8C234D85AAB74A8DE6CC886 /* Stores */,
				A1B2C3D4E5F6A7B8C9D0E1F2 /* Views */,
				D87CF2DE26CB41EAA8D2EA1E /* Components */,
				4E36A8E7580169C9E6979E17 /* Modifiers */,
			);
			path = Shared;
			sourceTree = "<group>";
		};
		F1A2B3C4D5E6F7A8B9C0D1E2 /* Services */ = {
			isa = PBXGroup;
			children = (
				18F8E78737774D21B8C95D37 /* AuthService.swift */,
				67700E88177E4318A9F9D842 /* ChatService.swift */,
				98E7B59E6EB249EAA0A73897 /* DatabaseService.swift */,
				26E9E5E9E5784B339818979B /* SettingsService.swift */,
				399E593F40D14E5AAD83D8EA /* VaultService.swift */,
				B02AE94CCC83473FB64BC7BD /* WorkflowService.swift */,
				C0D63ED6288BC106CB39D1BB /* TerminalService.swift */,
				6EBEB2F057FF41A4A120A4DB /* OllamaService.swift */,
				10F8272E2D6EF476FDDCC185 /* CodeEditorService.swift */,
				B99032061A118F3658F78070 /* VaultPermissionManager.swift */,
				1CEFDC9D3501139A38812C68 /* AppleFMOrchestrator.swift */,
				A44572DB91B6E7FBABC82A1A /* ResourceMonitor.swift */,
				DF7780D6D6AD182EE79F5868 /* OrchestratorInitializer.swift */,
				A077DE8B06259E85011EA57B /* HotSlotManager.swift */,
				C043D3F1AFA96A4DDC52FAA0 /* ContextService.swift */,
				37B8FC1C1C55127972DBE544 /* ModelMemoryTracker.swift */,
				E03654A7DB82435A07B213DD /* TeamService.swift */,
				BF608E6633F1DCE6E6542EBD /* EmergencyModeService.swift */,
				E4A86189DF1FE9A17A22F231 /* PanicModeService.swift */,
				D2CCB34E2EDE7C5E00E20014 /* SecurityManager.swift */,
				D2C513BD2EE0E6E8009A772A /* ModelTagService.swift */,
				A0C17E6398CC912A0D8702EE /* ModelLibraryService.swift */,
				337B394F18138ED69FB88772 /* SystemCapabilityService.swift */,
				A7F6B585438FCCD38BEB7E4E /* ModelRecommendationService.swift */,
				52327976284A111B087DC761 /* ModelEnrichmentService.swift */,
				76B654E79648895F9402737A /* KanbanService.swift */,
			);
			path = Services;
			sourceTree = "<group>";
		};
		F537FC8B7306C1C4B8EFCCD8 /* Team */ = {
			isa = PBXGroup;
			children = (
				4205E4368F6655584595587C /* TeamModals.swift */,
			);
			name = Team;
			sourceTree = "<group>";
		};
		FA434E384EAB813D1520F900 /* Core */ = {
			isa = PBXGroup;
			children = (
				BBE06911108B1F5DEE2D80A4 /* WorkflowTabButton.swift */,
				AAA2269970A9B04DD1CB88BE /* AutomationWorkspaceView.swift */,
			);
			name = Core;
			path = Core;
			sourceTree = "<group>";
		};
/* End PBXGroup section */

/* Begin PBXNativeTarget section */
		CF12937F0A3EEB2B08F068A2 /* MagnetarStudio */ = {
			isa = PBXNativeTarget;
			buildConfigurationList = D564153A8CF1A35B974FE202 /* Build configuration list for PBXNativeTarget "MagnetarStudio" */;
			buildPhases = (
				9EE81F7E3929ADC26D6BBE3D /* Sources */,
			);
			buildRules = (
			);
			dependencies = (
			);
			name = MagnetarStudio;
			productName = MagnetarStudio;
			productReference = 2C969A3D6C92097E6DF1F837 /* MagnetarStudio.app */;
			productType = "com.apple.product-type.application";
		};
/* End PBXNativeTarget section */

/* Begin PBXProject section */
		8B7C960B301252970918450F /* Project object */ = {
			isa = PBXProject;
			attributes = {
				BuildIndependentTargetsInParallel = YES;
				LastUpgradeCheck = 2610;
				TargetAttributes = {
					CF12937F0A3EEB2B08F068A2 = {
						ProvisioningStyle = Automatic;
					};
				};
			};
			buildConfigurationList = 2CC4CFCE9A09A3A6A4B17D9B /* Build configuration list for PBXProject "MagnetarStudio" */;
			compatibilityVersion = "Xcode 14.0";
			developmentRegion = en;
			hasScannedForEncodings = 0;
			knownRegions = (
				Base,
				en,
			);
			mainGroup = 0CBF91A9C082C90D7E79AF46;
			minimizedProjectReferenceProxies = 1;
			productRefGroup = 734503D79C8E69B6DEAEC3C5 /* Products */;
			projectDirPath = "";
			projectRoot = "";
			targets = (
				CF12937F0A3EEB2B08F068A2 /* MagnetarStudio */,
			);
		};
/* End PBXProject section */

/* Begin PBXSourcesBuildPhase section */
		9EE81F7E3929ADC26D6BBE3D /* Sources */ = {
			isa = PBXSourcesBuildPhase;
			buildActionMask = 2147483647;
			files = (
				9567EB5AF9A8C73D29DD0EA6 /* APIClient.swift in Sources */,
				1807773E9FF774789EBDB576 /* ChatMessage.swift in Sources */,
				EBFCB595C54024DFB31B5D56 /* ChatStore.swift in Sources */,
				E68789013473A49D03D15C8B /* ChatWorkspace.swift in Sources */,
				87AC91711BE8494C52DC1524 /* Colors.swift in Sources */,
				284B09009A694A4E0263B311 /* ContentView.swift in Sources */,
				D2CCB3552EDE7CC000E20014 /* NetworkFirewallModifier.swift in Sources */,
				7B7E8A766BB7FC3F6725F19B /* DatabaseWorkspace.swift in Sources */,
				BD7253C573C97E44DCD6BE0A /* GlassButton.swift in Sources */,
				30393230363164342D646637312D343666382D613263632D /* ThreePaneLayout.swift in Sources */,
				F022EFDF45C31A5A57071299 /* KeychainManager.swift in Sources */,
				C39387A4041537956C59BAFC /* LiquidGlassPanel.swift in Sources */,
				419431498985644AE22A495A /* MagnetarHubWorkspace.swift in Sources */,
				E65EDDCF022977AA1854B1AA /* MagnetarStudioApp.swift in Sources */,
				0E2C0590E01037DE122C6D46 /* ModelsStore.swift in Sources */,
				E8E0336CBB99E532C5484361 /* NavigationStore.swift in Sources */,
				33A28A605AE75CD2FDB67907 /* SettingsView.swift in Sources */,
				B64BDA375B00040180CE49A6 /* TeamWorkspace.swift in Sources */,
				EFBA62F8E6B41580CE0730B2 /* User.swift in Sources */,
				D2CCB3512EDE7C8200E20014 /* NetworkFirewallProtocol.swift in Sources */,
				4FCFAC2E0DD745DFB5813F74 /* NavigationRail.swift in Sources */,
				C4D33031AF8A4EDDAFDA3841 /* Header.swift in Sources */,
				E597B05474B74E02887E7C99 /* FileUpload.swift in Sources */,
				CA2EC71E90324844890DF29C /* SidebarTabs.swift in Sources */,
				047B49149C254D87B631EEF6 /* CodeEditor.swift in Sources */,
				FA145C7E3B82413ABC4FBDEF /* ResultsTable.swift in Sources */,
				197FE4FF4E34415F80B4AB4E /* NetworkSelector.swift in Sources */,
				C6F6EB90EF484C51BF4451F3 /* AuthStore.swift in Sources */,
				3AEF6F15A9E949E7A20E3E10 /* DatabaseStore.swift in Sources */,
				D2CCB3532EDE7C9E00E20014 /* NetworkApprovalModal.swift in Sources */,
				E7655B4CD26D4096BB36C64E /* NetworkChatStore.swift in Sources */,
				D2C513C02EE0F018009A772A /* ModelTagEditorSheet.swift in Sources */,
				2CEBD6ED297D4874B6DDB1F6 /* SettingsStore.swift in Sources */,
				EA7137A1464248E4B3DA0B7E /* VaultStore.swift in Sources */,
				E4C417A6ECAA4E4DAFBF3882 /* WorkflowStore.swift in Sources */,
				AFCFCED70C194916B99900CC /* ChatService.swift in Sources */,
				C3E44FEBE2074BE4B381E33E /* AuthService.swift in Sources */,
				F68ABDC7B8A04CCA9B1DE635 /* DatabaseService.swift in Sources */,
				AD18AD81EDBC4EF8AC097789 /* SettingsService.swift in Sources */,
				C275F79B51284D3B82881368 /* VaultService.swift in Sources */,
				0ACEF63C75F74A6698462792 /* WorkflowService.swift in Sources */,
				1F6C75B6ED0D4B9CBC80D2F3 /* AnyCodable.swift in Sources */,
				B97B1A4B2A1F47F293CA5768 /* ChatModels.swift in Sources */,
				67FDD665DB0B426EA23C1F9F /* DatabaseModels.swift in Sources */,
				16118AFDE2324DDF8867D512 /* SettingsModels.swift in Sources */,
				0996D3B0B63B4CB29AE2EE9E /* VaultModels.swift in Sources */,
				AC6DF635275F4E798D506030 /* WorkflowModels.swift in Sources */,
				6F8590DFCF92476BB18FB1FF /* KeychainService.swift in Sources */,
				3B0607AB6F5A44BABD952DDA /* WelcomeView.swift in Sources */,
				965A14789C7D4F6BB6F09F0B /* LoadingView.swift in Sources */,
				500A346FB7ED4D9B9ADD8F0C /* SetupWizardView.swift in Sources */,
				C8CE1D6E95657B5967D53579 /* BiometricAuthService.swift in Sources */,
				E840DDF0BB59FF2E5EFCF7DD /* VaultSetupWizardView.swift in Sources */,
				CD851BE5E0D7AB9D5519B9A7 /* NewDocumentModal.swift in Sources */,
				21E71528368BABF2F2852CFE /* TerminalService.swift in Sources */,
				340D121B2E5149E6BF86D0B6 /* OllamaService.swift in Sources */,
				D2F4756D2EDFBA8400F95E34 /* ModelManagerWindow.swift in Sources */,
				8151AB8F8D128C4FE220C6A6 /* CodeWorkspace.swift in Sources */,
				403835D13F7BBA5B87DF4BC0 /* CodeEditorService.swift in Sources */,
				0D9919DA2238C21D1AEE7ECD /* AppContext.swift in Sources */,
				4E5B3A8474FAD72E073C9871 /* ContextBundle.swift in Sources */,
				D2F4756F2EDFBAA100F95E34 /* SmartModelPicker.swift in Sources */,
				D2CCB34F2EDE7C5E00E20014 /* SecurityManager.swift in Sources */,
				8D5D7DF58BE6BAF3A63551BA /* ModelRoutingDecision.swift in Sources */,
				F8B8DDCFEE83420FC10991CD /* VaultPermissionManager.swift in Sources */,
				6D61AC05F21D85942E23EDB0 /* FileAccessPermissionModal.swift in Sources */,
				AEBBD28E489D89C49337B46B /* VaultAdminPanel.swift in Sources */,
				DEBEE5BEF8FFE2128470853D /* AppleFMOrchestrator.swift in Sources */,
				E6F67D648E370A7017CB08A0 /* ResourceMonitor.swift in Sources */,
				109DA918F3F9F4DDC2D40B92 /* OrchestratorInitializer.swift in Sources */,
				2EC9190DA5ACBD88DAC3DA69 /* HotSlotManager.swift in Sources */,
				27A4D1543BA8BA0FA7604B95 /* ModelSelectorMenu.swift in Sources */,
				6E29B084EF0AB46C6DFB6D23 /* ContextService.swift in Sources */,
				664594858BB924BBA1BFF3DD /* ModelMemoryTracker.swift in Sources */,
				C0BBF6544683748DF15A980B /* TeamService.swift in Sources */,
				C53221D23E846FE6D425B460 /* EditDocumentModal.swift in Sources */,
				DB28DB0D790B392C74C6EDD6 /* EmergencyModeModels.swift in Sources */,
				462E1B85191C4E7D6E5D04E1 /* EmergencyModeService.swift in Sources */,
				E17B166B1C783211B6290194 /* PanicModeService.swift in Sources */,
				3EFF8BA28CFC830D62689E55 /* EmergencyConfirmationModal.swift in Sources */,
				3BA3C53949C60E1DB0C5B12E /* ModelTag.swift in Sources */,
				D2C513BE2EE0E6E8009A772A /* ModelTagService.swift in Sources */,
				A389EB1998243859B3C3DF28 /* ModelLibraryService.swift in Sources */,
				211EAE88C46AFC153675FAAA /* SystemCapabilityService.swift in Sources */,
				BE5BC333C517B0398252C865 /* ModelRecommendationService.swift in Sources */,
				6C6B9342084AED4C54919FE4 /* AgentModels.swift in Sources */,
				CD0E0853A1FAE27A3518557A /* ModelEnrichmentService.swift in Sources */,
				24CCD2C68B24A6B1BFA19456 /* TeamChatComponents.swift in Sources */,
				F52CC6633BFB9B995A499F78 /* TeamChatModals.swift in Sources */,
				9321F3F615C1FF90BDC69F93 /* DocsWorkspaceView.swift in Sources */,
				86B7A0EDAC440B41E6FA5710 /* VaultWorkspaceView.swift in Sources */,
				E80D6A747358ABC244FB51EC /* VaultComponents.swift in Sources */,
				8070383B0926FBAD64A94461 /* TeamModals.swift in Sources */,
				DCDAABB5974AD7C5B606F181 /* WorkflowTabButton.swift in Sources */,
				E3EF3A1151488AE1218179A8 /* AutomationWorkspaceView.swift in Sources */,
				CC297974B1F32A1CB838E79F /* WorkflowDashboardModels.swift in Sources */,
				1B5A3384079CD043E03E55EC /* WorkflowDashboardView.swift in Sources */,
				B7F35166C175F506F791C634 /* WorkflowGrid.swift in Sources */,
				37D48B6A552673DBFCBB21B6 /* WorkflowCardView.swift in Sources */,
				58E692E5B77C1E536C3E5117 /* AgentAssistCard.swift in Sources */,
				6A525BB01A100E892A5E1D3F /* WorkflowBuilderView.swift in Sources */,
				F213D481455BA14BC15B7BE4 /* DotPattern.swift in Sources */,
				941292876F3B5AAD09D4BE8F /* WorkflowDesignerView.swift in Sources */,
				7F361B205D3FD59F74F18AB8 /* WorkflowAnalyticsModels.swift in Sources */,
				B26079A82010865BEB4483C2 /* WorkflowAnalyticsView.swift in Sources */,
				B93263A762E279A86B0E1F43 /* MetricCard.swift in Sources */,
				BFD8871A31B827EB8BE07D8D /* StagePerformanceTable.swift in Sources */,
				ADE5B2D77F847B837C70A2E6 /* WorkflowQueueModels.swift in Sources */,
				F03107872F22738D05B54CAE /* WorkflowQueueView.swift in Sources */,
				5029E04178BD64E5D248FDA2 /* QueueItemCard.swift in Sources */,
				45B6CA56C285B6AA97DA07A4 /* QueueComponents.swift in Sources */,
				300738EC663DC3A85FC9519C /* ModelDetailModal.swift in Sources */,
				3E58740ADC7316F324337786 /* HubModels.swift in Sources */,
				ACE46F47F06B47B954AA36F5 /* ModelCard.swift in Sources */,
				14616E192E7229B6AC06D069 /* CategoryRow.swift in Sources */,
				47FF6B2EB6210A193845A4D6 /* DatabaseModals.swift in Sources */,
				AF1274E50C8EE2F7C762F73F /* DataLabView.swift in Sources */,
				B448DB491B1FCE4EF58F9F71 /* DatabaseComponents.swift in Sources */,
				C5DE8EEB7CE2C2BF8F02B802 /* MagnetarCloudSettingsView.swift in Sources */,
				BB731D1464F600521BAB2526 /* ModelManagementSettingsView.swift in Sources */,
				7D52C320EC4DC723D4A73932 /* SecuritySettingsView.swift in Sources */,
				ADCF9FE38E8746F816414C61 /* APISettingsView.swift in Sources */,
				E43D02ED7EF615C88FA702E8 /* GeneralSettingsView.swift in Sources */,
				0D947EE6EB82E5CA0A1C19AD /* AppearanceSettingsView.swift in Sources */,
				8A64FEB61B5FD3D071FB41CA /* SettingsHelpers.swift in Sources */,
				72223FF3C75F1AFAC58365A7 /* KanbanModels.swift in Sources */,
				D3328E1213054F595CC7CC59 /* KanbanModals.swift in Sources */,
				AF781F424F0FB8869FFC1F1B /* KanbanRows.swift in Sources */,
				81DDEA5E188C808C64D84751 /* KanbanService.swift in Sources */,
				BFB7C496A928E4A8C4FB4463 /* KanbanWorkspace.swift in Sources */,
				453770E04F112E2C2E2A4A36 /* HeaderModels.swift in Sources */,
				CD962EF759DB961BF7FBCEEE /* HeaderComponents.swift in Sources */,
				74D8E0306527B74CAD6AB3F8 /* ControlCenterSheet.swift in Sources */,
				A4252432A1107ED7053F0BB5 /* PanicModeSheet.swift in Sources */,
				5207F2487C759987813BB324 /* ModelDiscoveryModels.swift in Sources */,
				D201E89388F45116C43DBB42 /* LibraryModelRow.swift in Sources */,
			);
			runOnlyForDeploymentPostprocessing = 0;
		};
/* End PBXSourcesBuildPhase section */

/* Begin XCBuildConfiguration section */
		0EA324DA9F8C44AA3295789F /* Debug */ = {
			isa = XCBuildConfiguration;
			buildSettings = {
				ALWAYS_SEARCH_USER_PATHS = NO;
				ASSETCATALOG_COMPILER_APPICON_NAME = AppIcon;
				ASSETCATALOG_COMPILER_GENERATE_SWIFT_ASSET_SYMBOL_EXTENSIONS = YES;
				ASSETCATALOG_COMPILER_GLOBAL_ACCENT_COLOR_NAME = AccentColor;
				CLANG_ANALYZER_NONNULL = YES;
				CLANG_ANALYZER_NUMBER_OBJECT_CONVERSION = YES_AGGRESSIVE;
				CLANG_CXX_LANGUAGE_STANDARD = "gnu++14";
				CLANG_CXX_LIBRARY = "libc++";
				CLANG_ENABLE_MODULES = YES;
				CLANG_ENABLE_OBJC_ARC = YES;
				CLANG_ENABLE_OBJC_WEAK = YES;
				CLANG_WARN_BLOCK_CAPTURE_AUTORELEASING = YES;
				CLANG_WARN_BOOL_CONVERSION = YES;
				CLANG_WARN_COMMA = YES;
				CLANG_WARN_CONSTANT_CONVERSION = YES;
				CLANG_WARN_DEPRECATED_OBJC_IMPLEMENTATIONS = YES;
				CLANG_WARN_DIRECT_OBJC_ISA_USAGE = YES_ERROR;
				CLANG_WARN_DOCUMENTATION_COMMENTS = YES;
				CLANG_WARN_EMPTY_BODY = YES;
				CLANG_WARN_ENUM_CONVERSION = YES;
				CLANG_WARN_INFINITE_RECURSION = YES;
				CLANG_WARN_INT_CONVERSION = YES;
				CLANG_WARN_NON_LITERAL_NULL_CONVERSION = YES;
				CLANG_WARN_OBJC_IMPLICIT_RETAIN_SELF = YES;
				CLANG_WARN_OBJC_LITERAL_CONVERSION = YES;
				CLANG_WARN_OBJC_ROOT_CLASS = YES_ERROR;
				CLANG_WARN_QUOTED_INCLUDE_IN_FRAMEWORK_HEADER = YES;
				CLANG_WARN_RANGE_LOOP_ANALYSIS = YES;
				CLANG_WARN_STRICT_PROTOTYPES = YES;
				CLANG_WARN_SUSPICIOUS_MOVE = YES;
				CLANG_WARN_UNGUARDED_AVAILABILITY = YES_AGGRESSIVE;
				CLANG_WARN_UNREACHABLE_CODE = YES;
				CLANG_WARN__DUPLICATE_METHOD_MATCH = YES;
				COPY_PHASE_STRIP = NO;
				CURRENT_PROJECT_VERSION = 1;
				DEAD_CODE_STRIPPING = YES;
				DEBUG_INFORMATION_FORMAT = dwarf;
				ENABLE_PREVIEWS = YES;
				ENABLE_STRICT_OBJC_MSGSEND = YES;
				ENABLE_TESTABILITY = YES;
				ENABLE_USER_SCRIPT_SANDBOXING = YES;
				GCC_C_LANGUAGE_STANDARD = gnu11;
				GCC_DYNAMIC_NO_PIC = NO;
				GCC_NO_COMMON_BLOCKS = YES;
				GCC_OPTIMIZATION_LEVEL = 0;
				GCC_PREPROCESSOR_DEFINITIONS = (
					"$(inherited)",
					"DEBUG=1",
				);
				GCC_WARN_64_TO_32_BIT_CONVERSION = YES;
				GCC_WARN_ABOUT_RETURN_TYPE = YES_ERROR;
				GCC_WARN_UNDECLARED_SELECTOR = YES;
				GCC_WARN_UNINITIALIZED_AUTOS = YES_AGGRESSIVE;
				GCC_WARN_UNUSED_FUNCTION = YES;
				GCC_WARN_UNUSED_VARIABLE = YES;
				INFOPLIST_KEY_LSApplicationCategoryType = "public.app-category.productivity";
				INFOPLIST_KEY_NSFaceIDUsageDescription = "MagnetarStudio uses Face ID to securely authenticate you and protect your data.";
				INFOPLIST_KEY_NSHumanReadableCopyright = "Copyright © 2025 Magnetar. All rights reserved.";
				MACOSX_DEPLOYMENT_TARGET = 14.0;
				MARKETING_VERSION = 1.0.0;
				MTL_ENABLE_DEBUG_INFO = INCLUDE_SOURCE;
				MTL_FAST_MATH = YES;
				ONLY_ACTIVE_ARCH = YES;
				PRODUCT_BUNDLE_IDENTIFIER = com.magnetar.studio;
				PRODUCT_NAME = MagnetarStudio;
				SDKROOT = macosx;
				STRING_CATALOG_GENERATE_SYMBOLS = YES;
				SWIFT_ACTIVE_COMPILATION_CONDITIONS = DEBUG;
				SWIFT_OPTIMIZATION_LEVEL = "-Onone";
				SWIFT_VERSION = 5.9;
			};
			name = Debug;
		};
		38296DEB77EF93C33C8F791D /* Debug */ = {
			isa = XCBuildConfiguration;
			buildSettings = {
				ASSETCATALOG_COMPILER_APPICON_NAME = AppIcon;
				ASSETCATALOG_COMPILER_GENERATE_ASSET_SYMBOLS = NO;
				CODE_SIGN_ENTITLEMENTS = MagnetarStudio.entitlements;
				CODE_SIGN_IDENTITY = "-";
				CODE_SIGN_STYLE = Automatic;
				COMBINE_HIDPI_IMAGES = YES;
				DEAD_CODE_STRIPPING = YES;
				ENABLE_HARDENED_RUNTIME = NO;
				INFOPLIST_FILE = macOS/Info.plist;
				INFOPLIST_KEY_NSMainStoryboardFile = "";
				INFOPLIST_KEY_NSPrincipalClass = NSApplication;
				LD_RUNPATH_SEARCH_PATHS = (
					"$(inherited)",
					"@executable_path/../Frameworks",
				);
				SDKROOT = macosx;
			};
			name = Debug;
		};
		EC68E68D05420BB22D1A16A6 /* Release */ = {
			isa = XCBuildConfiguration;
			buildSettings = {
				ASSETCATALOG_COMPILER_APPICON_NAME = AppIcon;
				ASSETCATALOG_COMPILER_GENERATE_ASSET_SYMBOLS = NO;
				CODE_SIGN_ENTITLEMENTS = MagnetarStudio.entitlements;
				CODE_SIGN_IDENTITY = "-";
				CODE_SIGN_STYLE = Automatic;
				COMBINE_HIDPI_IMAGES = YES;
				DEAD_CODE_STRIPPING = YES;
				ENABLE_HARDENED_RUNTIME = NO;
				INFOPLIST_FILE = macOS/Info.plist;
				INFOPLIST_KEY_NSMainStoryboardFile = "";
				INFOPLIST_KEY_NSPrincipalClass = NSApplication;
				LD_RUNPATH_SEARCH_PATHS = (
					"$(inherited)",
					"@executable_path/../Frameworks",
				);
				SDKROOT = macosx;
			};
			name = Release;
		};
		F8FEA0BF0EE0E84A29BC2208 /* Release */ = {
			isa = XCBuildConfiguration;
			buildSettings = {
				ALWAYS_SEARCH_USER_PATHS = NO;
				ASSETCATALOG_COMPILER_APPICON_NAME = AppIcon;
				ASSETCATALOG_COMPILER_GENERATE_SWIFT_ASSET_SYMBOL_EXTENSIONS = YES;
				ASSETCATALOG_COMPILER_GLOBAL_ACCENT_COLOR_NAME = AccentColor;
				CLANG_ANALYZER_NONNULL = YES;
				CLANG_ANALYZER_NUMBER_OBJECT_CONVERSION = YES_AGGRESSIVE;
				CLANG_CXX_LANGUAGE_STANDARD = "gnu++14";
				CLANG_CXX_LIBRARY = "libc++";
				CLANG_ENABLE_MODULES = YES;
				CLANG_ENABLE_OBJC_ARC = YES;
				CLANG_ENABLE_OBJC_WEAK = YES;
				CLANG_WARN_BLOCK_CAPTURE_AUTORELEASING = YES;
				CLANG_WARN_BOOL_CONVERSION = YES;
				CLANG_WARN_COMMA = YES;
				CLANG_WARN_CONSTANT_CONVERSION = YES;
				CLANG_WARN_DEPRECATED_OBJC_IMPLEMENTATIONS = YES;
				CLANG_WARN_DIRECT_OBJC_ISA_USAGE = YES_ERROR;
				CLANG_WARN_DOCUMENTATION_COMMENTS = YES;
				CLANG_WARN_EMPTY_BODY = YES;
				CLANG_WARN_ENUM_CONVERSION = YES;
				CLANG_WARN_INFINITE_RECURSION = YES;
				CLANG_WARN_INT_CONVERSION = YES;
				CLANG_WARN_NON_LITERAL_NULL_CONVERSION = YES;
				CLANG_WARN_OBJC_IMPLICIT_RETAIN_SELF = YES;
				CLANG_WARN_OBJC_LITERAL_CONVERSION = YES;
				CLANG_WARN_OBJC_ROOT_CLASS = YES_ERROR;
				CLANG_WARN_QUOTED_INCLUDE_IN_FRAMEWORK_HEADER = YES;
				CLANG_WARN_RANGE_LOOP_ANALYSIS = YES;
				CLANG_WARN_STRICT_PROTOTYPES = YES;
				CLANG_WARN_SUSPICIOUS_MOVE = YES;
				CLANG_WARN_UNGUARDED_AVAILABILITY = YES_AGGRESSIVE;
				CLANG_WARN_UNREACHABLE_CODE = YES;
				CLANG_WARN__DUPLICATE_METHOD_MATCH = YES;
				COPY_PHASE_STRIP = NO;
				CURRENT_PROJECT_VERSION = 1;
				DEAD_CODE_STRIPPING = YES;
				DEBUG_INFORMATION_FORMAT = "dwarf-with-dsym";
				ENABLE_NS_ASSERTIONS = NO;
				ENABLE_PREVIEWS = YES;
				ENABLE_STRICT_OBJC_MSGSEND = YES;
				ENABLE_USER_SCRIPT_SANDBOXING = YES;
				GCC_C_LANGUAGE_STANDARD = gnu11;
				GCC_NO_COMMON_BLOCKS = YES;
				GCC_WARN_64_TO_32_BIT_CONVERSION = YES;
				GCC_WARN_ABOUT_RETURN_TYPE = YES_ERROR;
				GCC_WARN_UNDECLARED_SELECTOR = YES;
				GCC_WARN_UNINITIALIZED_AUTOS = YES_AGGRESSIVE;
				GCC_WARN_UNUSED_FUNCTION = YES;
				GCC_WARN_UNUSED_VARIABLE = YES;
				INFOPLIST_KEY_LSApplicationCategoryType = "public.app-category.productivity";
				INFOPLIST_KEY_NSFaceIDUsageDescription = "MagnetarStudio uses Face ID to securely authenticate you and protect your data.";
				INFOPLIST_KEY_NSHumanReadableCopyright = "Copyright © 2025 Magnetar. All rights reserved.";
				MACOSX_DEPLOYMENT_TARGET = 14.0;
				MARKETING_VERSION = 1.0.0;
				MTL_ENABLE_DEBUG_INFO = NO;
				MTL_FAST_MATH = YES;
				PRODUCT_BUNDLE_IDENTIFIER = com.magnetar.studio;
				PRODUCT_NAME = MagnetarStudio;
				SDKROOT = macosx;
				STRING_CATALOG_GENERATE_SYMBOLS = YES;
				SWIFT_COMPILATION_MODE = wholemodule;
				SWIFT_OPTIMIZATION_LEVEL = "-O";
				SWIFT_VERSION = 5.9;
			};
			name = Release;
		};
/* End XCBuildConfiguration section */

/* Begin XCConfigurationList section */
		2CC4CFCE9A09A3A6A4B17D9B /* Build configuration list for PBXProject "MagnetarStudio" */ = {
			isa = XCConfigurationList;
			buildConfigurations = (
				0EA324DA9F8C44AA3295789F /* Debug */,
				F8FEA0BF0EE0E84A29BC2208 /* Release */,
			);
			defaultConfigurationIsVisible = 0;
			defaultConfigurationName = Debug;
		};
		D564153A8CF1A35B974FE202 /* Build configuration list for PBXNativeTarget "MagnetarStudio" */ = {
			isa = XCConfigurationList;
			buildConfigurations = (
				38296DEB77EF93C33C8F791D /* Debug */,
				EC68E68D05420BB22D1A16A6 /* Release */,
			);
			defaultConfigurationIsVisible = 0;
			defaultConfigurationName = Debug;
		};
/* End XCConfigurationList section */
	};
	rootObject = 8B7C960B301252970918450F /* Project object */;
}
